
Microsoft Visual Studio Solution File, Format Version 12.00
# Visual Studio Version 16
VisualStudioVersion = 16.0.31129.286
MinimumVisualStudioVersion = 10.0.40219.1
Project("{2150E333-8FDC-42A3-9474-1A3956D46DE8}") = "01.StacksAndQueues", "01.StacksAndQueues", "{375474D4-9E9C-43F3-8723-9294DD705DEE}"
EndProject
Project("{9A19103F-16F7-4668-BE54-9A1E7A4F7556}") = "Queues", "Queues\Queues.csproj", "{34D3E9F2-49FA-4A2B-81A2-DED5CEA19070}"
EndProject
Project("{9A19103F-16F7-4668-BE54-9A1E7A4F7556}") = "Stacks", "Stacks\Stacks.csproj", "{8BB42D7C-A52A-4B45-86E5-A8058CFE2615}"
EndProject
Project("{2150E333-8FDC-42A3-9474-1A3956D46DE8}") = "02.MultidimentionalArrays", "02.MultidimentionalArrays", "{131E20B0-2993-4041-B58B-5D92BAD55824}"
EndProject
Project("{9A19103F-16F7-4668-BE54-9A1E7A4F7556}") = "JaggedArrays", "JaggedArrays\JaggedArrays.csproj", "{CC0B733C-3D7C-4609-83A2-CDC77E8F6925}"
EndProject
Project("{9A19103F-16F7-4668-BE54-9A1E7A4F7556}") = "Matrix", "Matrix\Matrix.csproj", "{01C79E25-DCA1-4B60-83E9-DBC86F0C9CEF}"
EndProject
Project("{9A19103F-16F7-4668-BE54-9A1E7A4F7556}") = "PrintingValues", "PrintingValues\PrintingValues.csproj", "{17C90F59-3348-425E-913E-C1AC5BB7BD2E}"
EndProject
Project("{9A19103F-16F7-4668-BE54-9A1E7A4F7556}") = "SettingValues", "SettingValues\SettingValues.csproj", "{B3FEA899-561D-4549-8A39-32B6D636D0EE}"
EndProject
Project("{2150E333-8FDC-42A3-9474-1A3956D46DE8}") = "03.SetsAndDictionariesAdvanced", "03.SetsAndDictionariesAdvanced", "{DB1D3852-448F-4F80-9B25-300E19AD04E0}"
EndProject
Project("{9A19103F-16F7-4668-BE54-9A1E7A4F7556}") = "AdvancedOperationsInSet", "AdvancedOperationsInSet\AdvancedOperationsInSet.csproj", "{07ACF7E5-9598-4F9B-BCE6-CACE77C3F8EF}"
EndProject
Project("{9A19103F-16F7-4668-BE54-9A1E7A4F7556}") = "BasicOperationsInSet", "BasicOperationsInSet\BasicOperationsInSet.csproj", "{B5606516-D71C-41B5-B324-ADFB51BDDB71}"
EndProject
Project("{9A19103F-16F7-4668-BE54-9A1E7A4F7556}") = "HashSets", "HashSets\HashSets.csproj", "{8B83A979-FB67-451C-82FA-5CCF80E5E50D}"
EndProject
Project("{9A19103F-16F7-4668-BE54-9A1E7A4F7556}") = "SortedSets", "SortedSets\SortedSets.csproj", "{52F07736-BB70-4DB9-ADBD-BBB099CB69C1}"
EndProject
Project("{9A19103F-16F7-4668-BE54-9A1E7A4F7556}") = "01.ReverseString", "01.ReverseString\01.ReverseString.csproj", "{2EE2F33F-694E-4ED8-A064-F5A3F7D922BF}"
EndProject
Project("{9A19103F-16F7-4668-BE54-9A1E7A4F7556}") = "02.StackSum", "02.StackSum\02.StackSum.csproj", "{2043D952-B8B5-49D0-9F45-91EAD64F4CBF}"
EndProject
Project("{9A19103F-16F7-4668-BE54-9A1E7A4F7556}") = "03.SimpleCalculator", "03.SimpleCalculator\03.SimpleCalculator.csproj", "{F8FE5E3B-BF7F-4B57-B543-315BADECACBD}"
EndProject
Project("{9A19103F-16F7-4668-BE54-9A1E7A4F7556}") = "04.MatchingBrackets", "04.MatchingBrackets\04.MatchingBrackets.csproj", "{6C189C2E-A184-48D5-883A-810C38333675}"
EndProject
Project("{9A19103F-16F7-4668-BE54-9A1E7A4F7556}") = "05.PrintEvenNumbers", "05.PrintEvenNumbers\05.PrintEvenNumbers.csproj", "{378D2CD9-FC35-4620-A834-E202D379C8B7}"
EndProject
Project("{9A19103F-16F7-4668-BE54-9A1E7A4F7556}") = "06.Supermarket", "06.Supermarket\06.Supermarket.csproj", "{DBEAAC71-B0A5-4C78-8605-A697B6B340BB}"
EndProject
Project("{9A19103F-16F7-4668-BE54-9A1E7A4F7556}") = "07.HotPotato", "07.HotPotato\07.HotPotato.csproj", "{955599E7-8BE0-43C1-A6EA-EFFEE5E9A0D3}"
EndProject
Project("{9A19103F-16F7-4668-BE54-9A1E7A4F7556}") = "08.TrafficJam", "08.TrafficJam\08.TrafficJam.csproj", "{D66B2230-8E8F-4849-A43E-BF07C3872A1B}"
EndProject
Project("{9A19103F-16F7-4668-BE54-9A1E7A4F7556}") = "01.SumMatrixElements", "01.SumMatrixElements\01.SumMatrixElements.csproj", "{7DD0B611-4FD6-43C9-A192-FB7B57740F04}"
EndProject
Project("{9A19103F-16F7-4668-BE54-9A1E7A4F7556}") = "02.SumMatrixColumns", "02.SumMatrixColumns\02.SumMatrixColumns.csproj", "{170A6332-5B14-4339-9DEE-575837D537F1}"
EndProject
Project("{9A19103F-16F7-4668-BE54-9A1E7A4F7556}") = "03.PrimaryDiagonal", "03.PrimaryDiagonal\03.PrimaryDiagonal.csproj", "{A30001EA-A552-47B8-9C55-A84EF58A0B35}"
EndProject
Project("{9A19103F-16F7-4668-BE54-9A1E7A4F7556}") = "04.SymbolInMatrix", "04.SymbolInMatrix\04.SymbolInMatrix.csproj", "{A5391E0A-E596-4FA1-8F19-27B4DDD2325F}"
EndProject
Project("{9A19103F-16F7-4668-BE54-9A1E7A4F7556}") = "05.SquareWithMaximumSum", "05.SquareWithMaximumSum\05.SquareWithMaximumSum.csproj", "{E1102B9E-55BB-4AD9-BD22-B0F418E6CC9D}"
EndProject
Project("{9A19103F-16F7-4668-BE54-9A1E7A4F7556}") = "06.JaggedArrayModification", "06.JaggedArrayModification\06.JaggedArrayModification.csproj", "{4CD2D55F-C56E-4A32-B584-FB591C6A8A1C}"
EndProject
Project("{9A19103F-16F7-4668-BE54-9A1E7A4F7556}") = "07.PascalTriangle", "07.PascalTriangle\07.PascalTriangle.csproj", "{750C20E4-622E-4165-BECE-9FB1417FB854}"
EndProject
Project("{9A19103F-16F7-4668-BE54-9A1E7A4F7556}") = "01.CountSameValuesInArray", "01.CountSameValuesInArray\01.CountSameValuesInArray.csproj", "{E546C1B2-3AAB-45F0-8A9D-6B05108C3D3F}"
EndProject
Project("{9A19103F-16F7-4668-BE54-9A1E7A4F7556}") = "02.AverageStudentGrades", "02.AverageStudentGrades\02.AverageStudentGrades.csproj", "{CB6BE2FE-20EF-4428-AA88-FA55031A1635}"
EndProject
Project("{9A19103F-16F7-4668-BE54-9A1E7A4F7556}") = "03.ProductShop", "03.ProductShop\03.ProductShop.csproj", "{6C5EA1BE-E73B-4146-B949-AA8124D80DD1}"
EndProject
Project("{9A19103F-16F7-4668-BE54-9A1E7A4F7556}") = "04.CitiesByContinentAndCountry", "04.CitiesByContinentAndCountry\04.CitiesByContinentAndCountry.csproj", "{66BE892A-1C14-4DA9-A2A1-12AECCB32398}"
EndProject
Project("{9A19103F-16F7-4668-BE54-9A1E7A4F7556}") = "05.RecordUniqueNames", "05.RecordUniqueNames\05.RecordUniqueNames.csproj", "{1F98E10D-2810-4E40-A21D-D7ACF08A67EB}"
EndProject
Project("{9A19103F-16F7-4668-BE54-9A1E7A4F7556}") = "06.ParkingLot", "06.ParkingLot\06.ParkingLot.csproj", "{7046ACE6-4F6D-4F7C-AC6D-18347FDE3CC3}"
EndProject
Project("{9A19103F-16F7-4668-BE54-9A1E7A4F7556}") = "07.SoftUniParty", "07.SoftUniParty\07.SoftUniParty.csproj", "{CF8D8C49-02FC-4125-8350-A9CCDDAD8753}"
EndProject
Project("{2150E333-8FDC-42A3-9474-1A3956D46DE8}") = "04.StreamsFilesAndDirectories", "04.StreamsFilesAndDirectories", "{77F98156-87D5-41D9-9FB7-0480287B9E96}"
EndProject
Project("{9A19103F-16F7-4668-BE54-9A1E7A4F7556}") = "ReadingData", "ReadingData\ReadingData.csproj", "{E94D89A1-9275-449D-A4CB-3852F1ED615D}"
EndProject
Project("{9A19103F-16F7-4668-BE54-9A1E7A4F7556}") = "01.OddLines", "01.OddLines\01.OddLines.csproj", "{9E862110-5249-4074-8EA1-406395028A8F}"
EndProject
Project("{9A19103F-16F7-4668-BE54-9A1E7A4F7556}") = "02.LineNumbers", "02.LineNumbers\02.LineNumbers.csproj", "{BDF9DEA1-78C8-4245-80AE-41B47B2EC076}"
EndProject
Project("{9A19103F-16F7-4668-BE54-9A1E7A4F7556}") = "FileClass", "FileClass\FileClass.csproj", "{A3AF85A0-10CF-4D94-972C-6CA12CBE98E2}"
EndProject
Project("{9A19103F-16F7-4668-BE54-9A1E7A4F7556}") = "DirectoryClass", "DirectoryClass\DirectoryClass.csproj", "{AF236C9F-C592-4DF7-BF91-4ABD5156343E}"
EndProject
Project("{9A19103F-16F7-4668-BE54-9A1E7A4F7556}") = "03.WordCount", "03.WordCount\03.WordCount.csproj", "{0C045C8B-659F-48A1-A0BF-638DFAE19285}"
EndProject
Project("{9A19103F-16F7-4668-BE54-9A1E7A4F7556}") = "04.MergeFiles", "04.MergeFiles\04.MergeFiles.csproj", "{DDE6BF1B-6CE2-474C-AF9A-F7EEEE147B43}"
EndProject
Project("{9A19103F-16F7-4668-BE54-9A1E7A4F7556}") = "05.SliceAFile", "05.SliceAFile\05.SliceAFile.csproj", "{8394D060-1FF6-4293-8953-7A9644D3E5C9}"
EndProject
Project("{9A19103F-16F7-4668-BE54-9A1E7A4F7556}") = "06.FolderSize", "06.FolderSize\06.FolderSize.csproj", "{F5008064-4350-43E1-A38F-66C9CD55152B}"
EndProject
Project("{2150E333-8FDC-42A3-9474-1A3956D46DE8}") = "05.FunctionalProgramming", "05.FunctionalProgramming", "{BFCCC12F-B812-4B40-A63A-966C51986629}"
EndProject
Project("{9A19103F-16F7-4668-BE54-9A1E7A4F7556}") = "Delegates", "Delegates\Delegates.csproj", "{ABF1D20F-3A62-4652-9968-BA78EF8C8B5F}"
EndProject
Project("{9A19103F-16F7-4668-BE54-9A1E7A4F7556}") = "Func", "Func\Func.csproj", "{18F36049-D4B2-4B18-8C01-05F75226BC70}"
EndProject
Project("{9A19103F-16F7-4668-BE54-9A1E7A4F7556}") = "Action", "Action\Action.csproj", "{74F75AB2-AF28-449B-B2E5-DF5A1E75BB9A}"
EndProject
Project("{9A19103F-16F7-4668-BE54-9A1E7A4F7556}") = "01.SortEvenNumbers", "01.SortEvenNumbers\01.SortEvenNumbers.csproj", "{A2FE9EB8-543F-448C-93F2-A6906A8E83D2}"
EndProject
Project("{9A19103F-16F7-4668-BE54-9A1E7A4F7556}") = "02.SumNumbers", "02.SumNumbers\02.SumNumbers.csproj", "{4399310D-00F1-43E4-832F-DC492919FDBF}"
EndProject
Project("{9A19103F-16F7-4668-BE54-9A1E7A4F7556}") = "03.CountUppercaseWords", "03.CountUppercaseWords\03.CountUppercaseWords.csproj", "{2097CCCB-77FB-4825-A88D-BB609CC39995}"
EndProject
Project("{9A19103F-16F7-4668-BE54-9A1E7A4F7556}") = "04.AddVAT", "04.AddVAT\04.AddVAT.csproj", "{25932933-B208-4817-94EE-2E85D0CBF15B}"
EndProject
Project("{9A19103F-16F7-4668-BE54-9A1E7A4F7556}") = "05.FilterByAge", "05.FilterByAge\05.FilterByAge.csproj", "{61D36AA2-BB9D-4C2B-8830-D4C0529958D0}"
EndProject
Project("{2150E333-8FDC-42A3-9474-1A3956D46DE8}") = "06.DefiningClasses", "06.DefiningClasses", "{42F52F89-39B5-435F-B54E-8A6965B38F8E}"
EndProject
Project("{2150E333-8FDC-42A3-9474-1A3956D46DE8}") = "07.Generics", "07.Generics", "{FB99DC2B-4B4B-4FBA-A8E4-380CBF57521B}"
EndProject
Project("{9A19103F-16F7-4668-BE54-9A1E7A4F7556}") = "GenericsOverview", "GenericsOverview\GenericsOverview.csproj", "{6F0408BF-8996-49DD-B804-53F0145C1902}"
EndProject
Project("{2150E333-8FDC-42A3-9474-1A3956D46DE8}") = "Demos", "Demos", "{99FE20B0-8929-4ABF-80E9-AF6255B84031}"
EndProject
Project("{2150E333-8FDC-42A3-9474-1A3956D46DE8}") = "Problems", "Problems", "{FBA0BA9C-5EBC-4362-A8DE-F24DB33D290E}"
EndProject
Project("{2150E333-8FDC-42A3-9474-1A3956D46DE8}") = "Demos", "Demos", "{914B6B26-1EEB-42D5-A153-D15EEF228A01}"
EndProject
Project("{2150E333-8FDC-42A3-9474-1A3956D46DE8}") = "Problems", "Problems", "{81252CAF-99FE-42AA-95CB-FF84E02EE56F}"
EndProject
Project("{2150E333-8FDC-42A3-9474-1A3956D46DE8}") = "Demos", "Demos", "{B1D6E7FB-2346-43D7-BDDF-3FAED5EB39BF}"
EndProject
Project("{2150E333-8FDC-42A3-9474-1A3956D46DE8}") = "Problems", "Problems", "{3923ED47-1A43-46A8-BF24-2D1C66910E89}"
EndProject
Project("{2150E333-8FDC-42A3-9474-1A3956D46DE8}") = "Demos", "Demos", "{204F9BAD-1E23-42AA-A0AC-BC09AFCD5DBE}"
EndProject
Project("{2150E333-8FDC-42A3-9474-1A3956D46DE8}") = "Problems", "Problems", "{62BB61A1-66A3-403C-B90E-12A2F084BF29}"
EndProject
Project("{2150E333-8FDC-42A3-9474-1A3956D46DE8}") = "Demos", "Demos", "{A5813642-A0BA-4EA8-82DF-56CFD0D3FD85}"
EndProject
Project("{2150E333-8FDC-42A3-9474-1A3956D46DE8}") = "Problems", "Problems", "{F61818B2-FEF8-4178-84BB-88464F30F1B6}"
EndProject
Project("{2150E333-8FDC-42A3-9474-1A3956D46DE8}") = "Demos", "Demos", "{6BB5701B-9036-4529-BED9-BBA781390CFC}"
EndProject
Project("{9A19103F-16F7-4668-BE54-9A1E7A4F7556}") = "ContainsMethod", "ContainsMethod\ContainsMethod.csproj", "{A625D03F-1397-4C58-A540-84C45DC4B43A}"
EndProject
Project("{9A19103F-16F7-4668-BE54-9A1E7A4F7556}") = "ForEachMethod", "ForEachMethod\ForEachMethod.csproj", "{B79EBE19-FEFE-4B7D-8B82-65210B0BC32A}"
EndProject
Project("{9A19103F-16F7-4668-BE54-9A1E7A4F7556}") = "OrderByMethod", "OrderByMethod\OrderByMethod.csproj", "{5153C135-D831-475C-8BC2-96A9B1F888CA}"
EndProject
Project("{9A19103F-16F7-4668-BE54-9A1E7A4F7556}") = "WhereMethod", "WhereMethod\WhereMethod.csproj", "{65EC3B03-7419-4541-9505-EE4FB5A0F87D}"
EndProject
Project("{2150E333-8FDC-42A3-9474-1A3956D46DE8}") = "Demos", "Demos", "{98188ADD-945A-470A-AB25-C20B5AF5838B}"
EndProject
Project("{2150E333-8FDC-42A3-9474-1A3956D46DE8}") = "Problems", "Problems", "{A89FDE62-14F0-49E0-917C-D4A343B58D61}"
EndProject
Project("{9A19103F-16F7-4668-BE54-9A1E7A4F7556}") = "AddingClasses", "AddingClasses\AddingClasses.csproj", "{E4F62D4C-077A-4460-8EE7-A0A4D99FDF6A}"
EndProject
Project("{9A19103F-16F7-4668-BE54-9A1E7A4F7556}") = "CreatingClassesUsingConstructors", "CreatingClassesUsingConstructors\CreatingClassesUsingConstructors.csproj", "{DFEBA651-79BB-4F91-85FF-4DE43C48A569}"
EndProject
Project("{9A19103F-16F7-4668-BE54-9A1E7A4F7556}") = "UsingMethods", "UsingMethods\UsingMethods.csproj", "{654E0E81-6BC6-42D2-B656-268FF5CFE4D0}"
EndProject
Project("{9A19103F-16F7-4668-BE54-9A1E7A4F7556}") = "01.Car", "01.Car\01.Car.csproj", "{F253B233-C5AE-4449-B3E5-978E4ACB694F}"
EndProject
Project("{9A19103F-16F7-4668-BE54-9A1E7A4F7556}") = "02.CarExtension", "02.CarExtension\02.CarExtension.csproj", "{A141BDCB-A0A4-474B-BA20-A656D712B483}"
EndProject
Project("{9A19103F-16F7-4668-BE54-9A1E7A4F7556}") = "03.CarConstructors", "03.CarConstructors\03.CarConstructors.csproj", "{B381C520-A824-4F59-B474-52464FEB6554}"
EndProject
Project("{9A19103F-16F7-4668-BE54-9A1E7A4F7556}") = "04.CarEngineAndTires", "04.CarEngineAndTires\04.CarEngineAndTires.csproj", "{16741CCD-5D67-4D96-BE55-763F9DC118BD}"
EndProject
Project("{9A19103F-16F7-4668-BE54-9A1E7A4F7556}") = "05.SpecialCars", "05.SpecialCars\05.SpecialCars.csproj", "{731B9D9E-6E5C-4339-9E40-0379D7694BE4}"
EndProject
Project("{2150E333-8FDC-42A3-9474-1A3956D46DE8}") = "Problems", "Problems", "{060E2487-535B-4F2E-B750-D2C285BC73A7}"
EndProject
Project("{9A19103F-16F7-4668-BE54-9A1E7A4F7556}") = "01.BoxOfT", "01.BoxOfT\01.BoxOfT.csproj", "{C36C74CD-0804-4EF0-A880-C342D6970935}"
EndProject
Project("{9A19103F-16F7-4668-BE54-9A1E7A4F7556}") = "02.GenericArrayCreator", "02.GenericArrayCreator\02.GenericArrayCreator.csproj", "{3693B269-A8BB-4F73-A06F-14BA0CC803BE}"
EndProject
Project("{9A19103F-16F7-4668-BE54-9A1E7A4F7556}") = "03.GenericScale", "03.GenericScale\03.GenericScale.csproj", "{665F590A-9917-4F92-AF99-177AD9D302C4}"
EndProject
Project("{2150E333-8FDC-42A3-9474-1A3956D46DE8}") = "08.IteratorsAndComparators", "08.IteratorsAndComparators", "{2D1223E2-4E6E-427D-A6C7-D71D853BEDEC}"
EndProject
Project("{2150E333-8FDC-42A3-9474-1A3956D46DE8}") = "Demos", "Demos", "{B0878885-9D8C-440F-9A27-BA2D736E3655}"
EndProject
Project("{2150E333-8FDC-42A3-9474-1A3956D46DE8}") = "Problems", "Problems", "{2BD6FF7A-5174-4E65-AA29-9CE804B1C735}"
EndProject
Project("{9A19103F-16F7-4668-BE54-9A1E7A4F7556}") = "CustomIterators", "CustomIterators\CustomIterators.csproj", "{36C5E87A-D9A9-4667-B867-01702B27834B}"
EndProject
Project("{9A19103F-16F7-4668-BE54-9A1E7A4F7556}") = "UsingBuildInEnumerators", "UsingBuildInEnumerators\UsingBuildInEnumerators.csproj", "{540DC8BF-40C9-4E16-9007-C253DAA80D7C}"
EndProject
Project("{9A19103F-16F7-4668-BE54-9A1E7A4F7556}") = "ReversedForeach", "ReversedForeach\ReversedForeach.csproj", "{EFAD3869-8858-490D-B2FC-ABAD43A5DB9B}"
EndProject
Project("{9A19103F-16F7-4668-BE54-9A1E7A4F7556}") = "01.Library", "01.Library\01.Library.csproj", "{CB02A2E2-8205-45A4-A17A-CFED74C860BC}"
	ProjectSection(ProjectDependencies) = postProject
		{8BB42D7C-A52A-4B45-86E5-A8058CFE2615} = {8BB42D7C-A52A-4B45-86E5-A8058CFE2615}
	EndProjectSection
EndProject
Project("{FAE04EC0-301F-11D3-BF4B-00C04F79EFBC}") = "02.LibraryIterator", "02.LibraryIterator\02.LibraryIterator.csproj", "{9AE49D70-51C9-41DB-91DE-D47E72FB65CE}"
EndProject
Project("{FAE04EC0-301F-11D3-BF4B-00C04F79EFBC}") = "YieldReturn", "YieldReturn\YieldReturn.csproj", "{ACC934B0-920E-48FE-8908-9D8178EB1841}"
EndProject
Project("{FAE04EC0-301F-11D3-BF4B-00C04F79EFBC}") = "Comparators", "Comparators\Comparators.csproj", "{B7657741-283E-44B3-B225-E39CB1C7ABED}"
EndProject
Project("{FAE04EC0-301F-11D3-BF4B-00C04F79EFBC}") = "03.ComparableBook", "03.ComparableBook\03.ComparableBook.csproj", "{AB7015F9-4E1F-4C21-B679-0A39A8062FE4}"
EndProject
Project("{FAE04EC0-301F-11D3-BF4B-00C04F79EFBC}") = "04.BookComparator", "04.BookComparator\04.BookComparator.csproj", "{43356424-ED11-424A-8B33-9313B3C1783D}"
EndProject
Global
	GlobalSection(SolutionConfigurationPlatforms) = preSolution
		Debug|Any CPU = Debug|Any CPU
		Release|Any CPU = Release|Any CPU
	EndGlobalSection
	GlobalSection(ProjectConfigurationPlatforms) = postSolution
		{34D3E9F2-49FA-4A2B-81A2-DED5CEA19070}.Debug|Any CPU.ActiveCfg = Debug|Any CPU
		{34D3E9F2-49FA-4A2B-81A2-DED5CEA19070}.Debug|Any CPU.Build.0 = Debug|Any CPU
		{34D3E9F2-49FA-4A2B-81A2-DED5CEA19070}.Release|Any CPU.ActiveCfg = Release|Any CPU
		{34D3E9F2-49FA-4A2B-81A2-DED5CEA19070}.Release|Any CPU.Build.0 = Release|Any CPU
		{8BB42D7C-A52A-4B45-86E5-A8058CFE2615}.Debug|Any CPU.ActiveCfg = Debug|Any CPU
		{8BB42D7C-A52A-4B45-86E5-A8058CFE2615}.Debug|Any CPU.Build.0 = Debug|Any CPU
		{8BB42D7C-A52A-4B45-86E5-A8058CFE2615}.Release|Any CPU.ActiveCfg = Release|Any CPU
		{8BB42D7C-A52A-4B45-86E5-A8058CFE2615}.Release|Any CPU.Build.0 = Release|Any CPU
		{CC0B733C-3D7C-4609-83A2-CDC77E8F6925}.Debug|Any CPU.ActiveCfg = Debug|Any CPU
		{CC0B733C-3D7C-4609-83A2-CDC77E8F6925}.Debug|Any CPU.Build.0 = Debug|Any CPU
		{CC0B733C-3D7C-4609-83A2-CDC77E8F6925}.Release|Any CPU.ActiveCfg = Release|Any CPU
		{CC0B733C-3D7C-4609-83A2-CDC77E8F6925}.Release|Any CPU.Build.0 = Release|Any CPU
		{01C79E25-DCA1-4B60-83E9-DBC86F0C9CEF}.Debug|Any CPU.ActiveCfg = Debug|Any CPU
		{01C79E25-DCA1-4B60-83E9-DBC86F0C9CEF}.Debug|Any CPU.Build.0 = Debug|Any CPU
		{01C79E25-DCA1-4B60-83E9-DBC86F0C9CEF}.Release|Any CPU.ActiveCfg = Release|Any CPU
		{01C79E25-DCA1-4B60-83E9-DBC86F0C9CEF}.Release|Any CPU.Build.0 = Release|Any CPU
		{17C90F59-3348-425E-913E-C1AC5BB7BD2E}.Debug|Any CPU.ActiveCfg = Debug|Any CPU
		{17C90F59-3348-425E-913E-C1AC5BB7BD2E}.Debug|Any CPU.Build.0 = Debug|Any CPU
		{17C90F59-3348-425E-913E-C1AC5BB7BD2E}.Release|Any CPU.ActiveCfg = Release|Any CPU
		{17C90F59-3348-425E-913E-C1AC5BB7BD2E}.Release|Any CPU.Build.0 = Release|Any CPU
		{B3FEA899-561D-4549-8A39-32B6D636D0EE}.Debug|Any CPU.ActiveCfg = Debug|Any CPU
		{B3FEA899-561D-4549-8A39-32B6D636D0EE}.Debug|Any CPU.Build.0 = Debug|Any CPU
		{B3FEA899-561D-4549-8A39-32B6D636D0EE}.Release|Any CPU.ActiveCfg = Release|Any CPU
		{B3FEA899-561D-4549-8A39-32B6D636D0EE}.Release|Any CPU.Build.0 = Release|Any CPU
		{07ACF7E5-9598-4F9B-BCE6-CACE77C3F8EF}.Debug|Any CPU.ActiveCfg = Debug|Any CPU
		{07ACF7E5-9598-4F9B-BCE6-CACE77C3F8EF}.Debug|Any CPU.Build.0 = Debug|Any CPU
		{07ACF7E5-9598-4F9B-BCE6-CACE77C3F8EF}.Release|Any CPU.ActiveCfg = Release|Any CPU
		{07ACF7E5-9598-4F9B-BCE6-CACE77C3F8EF}.Release|Any CPU.Build.0 = Release|Any CPU
		{B5606516-D71C-41B5-B324-ADFB51BDDB71}.Debug|Any CPU.ActiveCfg = Debug|Any CPU
		{B5606516-D71C-41B5-B324-ADFB51BDDB71}.Debug|Any CPU.Build.0 = Debug|Any CPU
		{B5606516-D71C-41B5-B324-ADFB51BDDB71}.Release|Any CPU.ActiveCfg = Release|Any CPU
		{B5606516-D71C-41B5-B324-ADFB51BDDB71}.Release|Any CPU.Build.0 = Release|Any CPU
		{8B83A979-FB67-451C-82FA-5CCF80E5E50D}.Debug|Any CPU.ActiveCfg = Debug|Any CPU
		{8B83A979-FB67-451C-82FA-5CCF80E5E50D}.Debug|Any CPU.Build.0 = Debug|Any CPU
		{8B83A979-FB67-451C-82FA-5CCF80E5E50D}.Release|Any CPU.ActiveCfg = Release|Any CPU
		{8B83A979-FB67-451C-82FA-5CCF80E5E50D}.Release|Any CPU.Build.0 = Release|Any CPU
		{52F07736-BB70-4DB9-ADBD-BBB099CB69C1}.Debug|Any CPU.ActiveCfg = Debug|Any CPU
		{52F07736-BB70-4DB9-ADBD-BBB099CB69C1}.Debug|Any CPU.Build.0 = Debug|Any CPU
		{52F07736-BB70-4DB9-ADBD-BBB099CB69C1}.Release|Any CPU.ActiveCfg = Release|Any CPU
		{52F07736-BB70-4DB9-ADBD-BBB099CB69C1}.Release|Any CPU.Build.0 = Release|Any CPU
		{2EE2F33F-694E-4ED8-A064-F5A3F7D922BF}.Debug|Any CPU.ActiveCfg = Debug|Any CPU
		{2EE2F33F-694E-4ED8-A064-F5A3F7D922BF}.Debug|Any CPU.Build.0 = Debug|Any CPU
		{2EE2F33F-694E-4ED8-A064-F5A3F7D922BF}.Release|Any CPU.ActiveCfg = Release|Any CPU
		{2EE2F33F-694E-4ED8-A064-F5A3F7D922BF}.Release|Any CPU.Build.0 = Release|Any CPU
		{2043D952-B8B5-49D0-9F45-91EAD64F4CBF}.Debug|Any CPU.ActiveCfg = Debug|Any CPU
		{2043D952-B8B5-49D0-9F45-91EAD64F4CBF}.Debug|Any CPU.Build.0 = Debug|Any CPU
		{2043D952-B8B5-49D0-9F45-91EAD64F4CBF}.Release|Any CPU.ActiveCfg = Release|Any CPU
		{2043D952-B8B5-49D0-9F45-91EAD64F4CBF}.Release|Any CPU.Build.0 = Release|Any CPU
		{F8FE5E3B-BF7F-4B57-B543-315BADECACBD}.Debug|Any CPU.ActiveCfg = Debug|Any CPU
		{F8FE5E3B-BF7F-4B57-B543-315BADECACBD}.Debug|Any CPU.Build.0 = Debug|Any CPU
		{F8FE5E3B-BF7F-4B57-B543-315BADECACBD}.Release|Any CPU.ActiveCfg = Release|Any CPU
		{F8FE5E3B-BF7F-4B57-B543-315BADECACBD}.Release|Any CPU.Build.0 = Release|Any CPU
		{6C189C2E-A184-48D5-883A-810C38333675}.Debug|Any CPU.ActiveCfg = Debug|Any CPU
		{6C189C2E-A184-48D5-883A-810C38333675}.Debug|Any CPU.Build.0 = Debug|Any CPU
		{6C189C2E-A184-48D5-883A-810C38333675}.Release|Any CPU.ActiveCfg = Release|Any CPU
		{6C189C2E-A184-48D5-883A-810C38333675}.Release|Any CPU.Build.0 = Release|Any CPU
		{378D2CD9-FC35-4620-A834-E202D379C8B7}.Debug|Any CPU.ActiveCfg = Debug|Any CPU
		{378D2CD9-FC35-4620-A834-E202D379C8B7}.Debug|Any CPU.Build.0 = Debug|Any CPU
		{378D2CD9-FC35-4620-A834-E202D379C8B7}.Release|Any CPU.ActiveCfg = Release|Any CPU
		{378D2CD9-FC35-4620-A834-E202D379C8B7}.Release|Any CPU.Build.0 = Release|Any CPU
		{DBEAAC71-B0A5-4C78-8605-A697B6B340BB}.Debug|Any CPU.ActiveCfg = Debug|Any CPU
		{DBEAAC71-B0A5-4C78-8605-A697B6B340BB}.Debug|Any CPU.Build.0 = Debug|Any CPU
		{DBEAAC71-B0A5-4C78-8605-A697B6B340BB}.Release|Any CPU.ActiveCfg = Release|Any CPU
		{DBEAAC71-B0A5-4C78-8605-A697B6B340BB}.Release|Any CPU.Build.0 = Release|Any CPU
		{955599E7-8BE0-43C1-A6EA-EFFEE5E9A0D3}.Debug|Any CPU.ActiveCfg = Debug|Any CPU
		{955599E7-8BE0-43C1-A6EA-EFFEE5E9A0D3}.Debug|Any CPU.Build.0 = Debug|Any CPU
		{955599E7-8BE0-43C1-A6EA-EFFEE5E9A0D3}.Release|Any CPU.ActiveCfg = Release|Any CPU
		{955599E7-8BE0-43C1-A6EA-EFFEE5E9A0D3}.Release|Any CPU.Build.0 = Release|Any CPU
		{D66B2230-8E8F-4849-A43E-BF07C3872A1B}.Debug|Any CPU.ActiveCfg = Debug|Any CPU
		{D66B2230-8E8F-4849-A43E-BF07C3872A1B}.Debug|Any CPU.Build.0 = Debug|Any CPU
		{D66B2230-8E8F-4849-A43E-BF07C3872A1B}.Release|Any CPU.ActiveCfg = Release|Any CPU
		{D66B2230-8E8F-4849-A43E-BF07C3872A1B}.Release|Any CPU.Build.0 = Release|Any CPU
		{7DD0B611-4FD6-43C9-A192-FB7B57740F04}.Debug|Any CPU.ActiveCfg = Debug|Any CPU
		{7DD0B611-4FD6-43C9-A192-FB7B57740F04}.Debug|Any CPU.Build.0 = Debug|Any CPU
		{7DD0B611-4FD6-43C9-A192-FB7B57740F04}.Release|Any CPU.ActiveCfg = Release|Any CPU
		{7DD0B611-4FD6-43C9-A192-FB7B57740F04}.Release|Any CPU.Build.0 = Release|Any CPU
		{170A6332-5B14-4339-9DEE-575837D537F1}.Debug|Any CPU.ActiveCfg = Debug|Any CPU
		{170A6332-5B14-4339-9DEE-575837D537F1}.Debug|Any CPU.Build.0 = Debug|Any CPU
		{170A6332-5B14-4339-9DEE-575837D537F1}.Release|Any CPU.ActiveCfg = Release|Any CPU
		{170A6332-5B14-4339-9DEE-575837D537F1}.Release|Any CPU.Build.0 = Release|Any CPU
		{A30001EA-A552-47B8-9C55-A84EF58A0B35}.Debug|Any CPU.ActiveCfg = Debug|Any CPU
		{A30001EA-A552-47B8-9C55-A84EF58A0B35}.Debug|Any CPU.Build.0 = Debug|Any CPU
		{A30001EA-A552-47B8-9C55-A84EF58A0B35}.Release|Any CPU.ActiveCfg = Release|Any CPU
		{A30001EA-A552-47B8-9C55-A84EF58A0B35}.Release|Any CPU.Build.0 = Release|Any CPU
		{A5391E0A-E596-4FA1-8F19-27B4DDD2325F}.Debug|Any CPU.ActiveCfg = Debug|Any CPU
		{A5391E0A-E596-4FA1-8F19-27B4DDD2325F}.Debug|Any CPU.Build.0 = Debug|Any CPU
		{A5391E0A-E596-4FA1-8F19-27B4DDD2325F}.Release|Any CPU.ActiveCfg = Release|Any CPU
		{A5391E0A-E596-4FA1-8F19-27B4DDD2325F}.Release|Any CPU.Build.0 = Release|Any CPU
		{E1102B9E-55BB-4AD9-BD22-B0F418E6CC9D}.Debug|Any CPU.ActiveCfg = Debug|Any CPU
		{E1102B9E-55BB-4AD9-BD22-B0F418E6CC9D}.Debug|Any CPU.Build.0 = Debug|Any CPU
		{E1102B9E-55BB-4AD9-BD22-B0F418E6CC9D}.Release|Any CPU.ActiveCfg = Release|Any CPU
		{E1102B9E-55BB-4AD9-BD22-B0F418E6CC9D}.Release|Any CPU.Build.0 = Release|Any CPU
		{4CD2D55F-C56E-4A32-B584-FB591C6A8A1C}.Debug|Any CPU.ActiveCfg = Debug|Any CPU
		{4CD2D55F-C56E-4A32-B584-FB591C6A8A1C}.Debug|Any CPU.Build.0 = Debug|Any CPU
		{4CD2D55F-C56E-4A32-B584-FB591C6A8A1C}.Release|Any CPU.ActiveCfg = Release|Any CPU
		{4CD2D55F-C56E-4A32-B584-FB591C6A8A1C}.Release|Any CPU.Build.0 = Release|Any CPU
		{750C20E4-622E-4165-BECE-9FB1417FB854}.Debug|Any CPU.ActiveCfg = Debug|Any CPU
		{750C20E4-622E-4165-BECE-9FB1417FB854}.Debug|Any CPU.Build.0 = Debug|Any CPU
		{750C20E4-622E-4165-BECE-9FB1417FB854}.Release|Any CPU.ActiveCfg = Release|Any CPU
		{750C20E4-622E-4165-BECE-9FB1417FB854}.Release|Any CPU.Build.0 = Release|Any CPU
		{E546C1B2-3AAB-45F0-8A9D-6B05108C3D3F}.Debug|Any CPU.ActiveCfg = Debug|Any CPU
		{E546C1B2-3AAB-45F0-8A9D-6B05108C3D3F}.Debug|Any CPU.Build.0 = Debug|Any CPU
		{E546C1B2-3AAB-45F0-8A9D-6B05108C3D3F}.Release|Any CPU.ActiveCfg = Release|Any CPU
		{E546C1B2-3AAB-45F0-8A9D-6B05108C3D3F}.Release|Any CPU.Build.0 = Release|Any CPU
		{CB6BE2FE-20EF-4428-AA88-FA55031A1635}.Debug|Any CPU.ActiveCfg = Debug|Any CPU
		{CB6BE2FE-20EF-4428-AA88-FA55031A1635}.Debug|Any CPU.Build.0 = Debug|Any CPU
		{CB6BE2FE-20EF-4428-AA88-FA55031A1635}.Release|Any CPU.ActiveCfg = Release|Any CPU
		{CB6BE2FE-20EF-4428-AA88-FA55031A1635}.Release|Any CPU.Build.0 = Release|Any CPU
		{6C5EA1BE-E73B-4146-B949-AA8124D80DD1}.Debug|Any CPU.ActiveCfg = Debug|Any CPU
		{6C5EA1BE-E73B-4146-B949-AA8124D80DD1}.Debug|Any CPU.Build.0 = Debug|Any CPU
		{6C5EA1BE-E73B-4146-B949-AA8124D80DD1}.Release|Any CPU.ActiveCfg = Release|Any CPU
		{6C5EA1BE-E73B-4146-B949-AA8124D80DD1}.Release|Any CPU.Build.0 = Release|Any CPU
		{66BE892A-1C14-4DA9-A2A1-12AECCB32398}.Debug|Any CPU.ActiveCfg = Debug|Any CPU
		{66BE892A-1C14-4DA9-A2A1-12AECCB32398}.Debug|Any CPU.Build.0 = Debug|Any CPU
		{66BE892A-1C14-4DA9-A2A1-12AECCB32398}.Release|Any CPU.ActiveCfg = Release|Any CPU
		{66BE892A-1C14-4DA9-A2A1-12AECCB32398}.Release|Any CPU.Build.0 = Release|Any CPU
		{1F98E10D-2810-4E40-A21D-D7ACF08A67EB}.Debug|Any CPU.ActiveCfg = Debug|Any CPU
		{1F98E10D-2810-4E40-A21D-D7ACF08A67EB}.Debug|Any CPU.Build.0 = Debug|Any CPU
		{1F98E10D-2810-4E40-A21D-D7ACF08A67EB}.Release|Any CPU.ActiveCfg = Release|Any CPU
		{1F98E10D-2810-4E40-A21D-D7ACF08A67EB}.Release|Any CPU.Build.0 = Release|Any CPU
		{7046ACE6-4F6D-4F7C-AC6D-18347FDE3CC3}.Debug|Any CPU.ActiveCfg = Debug|Any CPU
		{7046ACE6-4F6D-4F7C-AC6D-18347FDE3CC3}.Debug|Any CPU.Build.0 = Debug|Any CPU
		{7046ACE6-4F6D-4F7C-AC6D-18347FDE3CC3}.Release|Any CPU.ActiveCfg = Release|Any CPU
		{7046ACE6-4F6D-4F7C-AC6D-18347FDE3CC3}.Release|Any CPU.Build.0 = Release|Any CPU
		{CF8D8C49-02FC-4125-8350-A9CCDDAD8753}.Debug|Any CPU.ActiveCfg = Debug|Any CPU
		{CF8D8C49-02FC-4125-8350-A9CCDDAD8753}.Debug|Any CPU.Build.0 = Debug|Any CPU
		{CF8D8C49-02FC-4125-8350-A9CCDDAD8753}.Release|Any CPU.ActiveCfg = Release|Any CPU
		{CF8D8C49-02FC-4125-8350-A9CCDDAD8753}.Release|Any CPU.Build.0 = Release|Any CPU
		{E94D89A1-9275-449D-A4CB-3852F1ED615D}.Debug|Any CPU.ActiveCfg = Debug|Any CPU
		{E94D89A1-9275-449D-A4CB-3852F1ED615D}.Debug|Any CPU.Build.0 = Debug|Any CPU
		{E94D89A1-9275-449D-A4CB-3852F1ED615D}.Release|Any CPU.ActiveCfg = Release|Any CPU
		{E94D89A1-9275-449D-A4CB-3852F1ED615D}.Release|Any CPU.Build.0 = Release|Any CPU
		{9E862110-5249-4074-8EA1-406395028A8F}.Debug|Any CPU.ActiveCfg = Debug|Any CPU
		{9E862110-5249-4074-8EA1-406395028A8F}.Debug|Any CPU.Build.0 = Debug|Any CPU
		{9E862110-5249-4074-8EA1-406395028A8F}.Release|Any CPU.ActiveCfg = Release|Any CPU
		{9E862110-5249-4074-8EA1-406395028A8F}.Release|Any CPU.Build.0 = Release|Any CPU
		{BDF9DEA1-78C8-4245-80AE-41B47B2EC076}.Debug|Any CPU.ActiveCfg = Debug|Any CPU
		{BDF9DEA1-78C8-4245-80AE-41B47B2EC076}.Debug|Any CPU.Build.0 = Debug|Any CPU
		{BDF9DEA1-78C8-4245-80AE-41B47B2EC076}.Release|Any CPU.ActiveCfg = Release|Any CPU
		{BDF9DEA1-78C8-4245-80AE-41B47B2EC076}.Release|Any CPU.Build.0 = Release|Any CPU
		{A3AF85A0-10CF-4D94-972C-6CA12CBE98E2}.Debug|Any CPU.ActiveCfg = Debug|Any CPU
		{A3AF85A0-10CF-4D94-972C-6CA12CBE98E2}.Debug|Any CPU.Build.0 = Debug|Any CPU
		{A3AF85A0-10CF-4D94-972C-6CA12CBE98E2}.Release|Any CPU.ActiveCfg = Release|Any CPU
		{A3AF85A0-10CF-4D94-972C-6CA12CBE98E2}.Release|Any CPU.Build.0 = Release|Any CPU
		{AF236C9F-C592-4DF7-BF91-4ABD5156343E}.Debug|Any CPU.ActiveCfg = Debug|Any CPU
		{AF236C9F-C592-4DF7-BF91-4ABD5156343E}.Debug|Any CPU.Build.0 = Debug|Any CPU
		{AF236C9F-C592-4DF7-BF91-4ABD5156343E}.Release|Any CPU.ActiveCfg = Release|Any CPU
		{AF236C9F-C592-4DF7-BF91-4ABD5156343E}.Release|Any CPU.Build.0 = Release|Any CPU
		{0C045C8B-659F-48A1-A0BF-638DFAE19285}.Debug|Any CPU.ActiveCfg = Debug|Any CPU
		{0C045C8B-659F-48A1-A0BF-638DFAE19285}.Debug|Any CPU.Build.0 = Debug|Any CPU
		{0C045C8B-659F-48A1-A0BF-638DFAE19285}.Release|Any CPU.ActiveCfg = Release|Any CPU
		{0C045C8B-659F-48A1-A0BF-638DFAE19285}.Release|Any CPU.Build.0 = Release|Any CPU
		{DDE6BF1B-6CE2-474C-AF9A-F7EEEE147B43}.Debug|Any CPU.ActiveCfg = Debug|Any CPU
		{DDE6BF1B-6CE2-474C-AF9A-F7EEEE147B43}.Debug|Any CPU.Build.0 = Debug|Any CPU
		{DDE6BF1B-6CE2-474C-AF9A-F7EEEE147B43}.Release|Any CPU.ActiveCfg = Release|Any CPU
		{DDE6BF1B-6CE2-474C-AF9A-F7EEEE147B43}.Release|Any CPU.Build.0 = Release|Any CPU
		{8394D060-1FF6-4293-8953-7A9644D3E5C9}.Debug|Any CPU.ActiveCfg = Debug|Any CPU
		{8394D060-1FF6-4293-8953-7A9644D3E5C9}.Debug|Any CPU.Build.0 = Debug|Any CPU
		{8394D060-1FF6-4293-8953-7A9644D3E5C9}.Release|Any CPU.ActiveCfg = Release|Any CPU
		{8394D060-1FF6-4293-8953-7A9644D3E5C9}.Release|Any CPU.Build.0 = Release|Any CPU
		{F5008064-4350-43E1-A38F-66C9CD55152B}.Debug|Any CPU.ActiveCfg = Debug|Any CPU
		{F5008064-4350-43E1-A38F-66C9CD55152B}.Debug|Any CPU.Build.0 = Debug|Any CPU
		{F5008064-4350-43E1-A38F-66C9CD55152B}.Release|Any CPU.ActiveCfg = Release|Any CPU
		{F5008064-4350-43E1-A38F-66C9CD55152B}.Release|Any CPU.Build.0 = Release|Any CPU
		{ABF1D20F-3A62-4652-9968-BA78EF8C8B5F}.Debug|Any CPU.ActiveCfg = Debug|Any CPU
		{ABF1D20F-3A62-4652-9968-BA78EF8C8B5F}.Debug|Any CPU.Build.0 = Debug|Any CPU
		{ABF1D20F-3A62-4652-9968-BA78EF8C8B5F}.Release|Any CPU.ActiveCfg = Release|Any CPU
		{ABF1D20F-3A62-4652-9968-BA78EF8C8B5F}.Release|Any CPU.Build.0 = Release|Any CPU
		{18F36049-D4B2-4B18-8C01-05F75226BC70}.Debug|Any CPU.ActiveCfg = Debug|Any CPU
		{18F36049-D4B2-4B18-8C01-05F75226BC70}.Debug|Any CPU.Build.0 = Debug|Any CPU
		{18F36049-D4B2-4B18-8C01-05F75226BC70}.Release|Any CPU.ActiveCfg = Release|Any CPU
		{18F36049-D4B2-4B18-8C01-05F75226BC70}.Release|Any CPU.Build.0 = Release|Any CPU
		{74F75AB2-AF28-449B-B2E5-DF5A1E75BB9A}.Debug|Any CPU.ActiveCfg = Debug|Any CPU
		{74F75AB2-AF28-449B-B2E5-DF5A1E75BB9A}.Debug|Any CPU.Build.0 = Debug|Any CPU
		{74F75AB2-AF28-449B-B2E5-DF5A1E75BB9A}.Release|Any CPU.ActiveCfg = Release|Any CPU
		{74F75AB2-AF28-449B-B2E5-DF5A1E75BB9A}.Release|Any CPU.Build.0 = Release|Any CPU
		{A2FE9EB8-543F-448C-93F2-A6906A8E83D2}.Debug|Any CPU.ActiveCfg = Debug|Any CPU
		{A2FE9EB8-543F-448C-93F2-A6906A8E83D2}.Debug|Any CPU.Build.0 = Debug|Any CPU
		{A2FE9EB8-543F-448C-93F2-A6906A8E83D2}.Release|Any CPU.ActiveCfg = Release|Any CPU
		{A2FE9EB8-543F-448C-93F2-A6906A8E83D2}.Release|Any CPU.Build.0 = Release|Any CPU
		{4399310D-00F1-43E4-832F-DC492919FDBF}.Debug|Any CPU.ActiveCfg = Debug|Any CPU
		{4399310D-00F1-43E4-832F-DC492919FDBF}.Debug|Any CPU.Build.0 = Debug|Any CPU
		{4399310D-00F1-43E4-832F-DC492919FDBF}.Release|Any CPU.ActiveCfg = Release|Any CPU
		{4399310D-00F1-43E4-832F-DC492919FDBF}.Release|Any CPU.Build.0 = Release|Any CPU
		{2097CCCB-77FB-4825-A88D-BB609CC39995}.Debug|Any CPU.ActiveCfg = Debug|Any CPU
		{2097CCCB-77FB-4825-A88D-BB609CC39995}.Debug|Any CPU.Build.0 = Debug|Any CPU
		{2097CCCB-77FB-4825-A88D-BB609CC39995}.Release|Any CPU.ActiveCfg = Release|Any CPU
		{2097CCCB-77FB-4825-A88D-BB609CC39995}.Release|Any CPU.Build.0 = Release|Any CPU
		{25932933-B208-4817-94EE-2E85D0CBF15B}.Debug|Any CPU.ActiveCfg = Debug|Any CPU
		{25932933-B208-4817-94EE-2E85D0CBF15B}.Debug|Any CPU.Build.0 = Debug|Any CPU
		{25932933-B208-4817-94EE-2E85D0CBF15B}.Release|Any CPU.ActiveCfg = Release|Any CPU
		{25932933-B208-4817-94EE-2E85D0CBF15B}.Release|Any CPU.Build.0 = Release|Any CPU
		{61D36AA2-BB9D-4C2B-8830-D4C0529958D0}.Debug|Any CPU.ActiveCfg = Debug|Any CPU
		{61D36AA2-BB9D-4C2B-8830-D4C0529958D0}.Debug|Any CPU.Build.0 = Debug|Any CPU
		{61D36AA2-BB9D-4C2B-8830-D4C0529958D0}.Release|Any CPU.ActiveCfg = Release|Any CPU
		{61D36AA2-BB9D-4C2B-8830-D4C0529958D0}.Release|Any CPU.Build.0 = Release|Any CPU
		{6F0408BF-8996-49DD-B804-53F0145C1902}.Debug|Any CPU.ActiveCfg = Debug|Any CPU
		{6F0408BF-8996-49DD-B804-53F0145C1902}.Debug|Any CPU.Build.0 = Debug|Any CPU
		{6F0408BF-8996-49DD-B804-53F0145C1902}.Release|Any CPU.ActiveCfg = Release|Any CPU
		{6F0408BF-8996-49DD-B804-53F0145C1902}.Release|Any CPU.Build.0 = Release|Any CPU
		{A625D03F-1397-4C58-A540-84C45DC4B43A}.Debug|Any CPU.ActiveCfg = Debug|Any CPU
		{A625D03F-1397-4C58-A540-84C45DC4B43A}.Debug|Any CPU.Build.0 = Debug|Any CPU
		{A625D03F-1397-4C58-A540-84C45DC4B43A}.Release|Any CPU.ActiveCfg = Release|Any CPU
		{A625D03F-1397-4C58-A540-84C45DC4B43A}.Release|Any CPU.Build.0 = Release|Any CPU
		{B79EBE19-FEFE-4B7D-8B82-65210B0BC32A}.Debug|Any CPU.ActiveCfg = Debug|Any CPU
		{B79EBE19-FEFE-4B7D-8B82-65210B0BC32A}.Debug|Any CPU.Build.0 = Debug|Any CPU
		{B79EBE19-FEFE-4B7D-8B82-65210B0BC32A}.Release|Any CPU.ActiveCfg = Release|Any CPU
		{B79EBE19-FEFE-4B7D-8B82-65210B0BC32A}.Release|Any CPU.Build.0 = Release|Any CPU
		{5153C135-D831-475C-8BC2-96A9B1F888CA}.Debug|Any CPU.ActiveCfg = Debug|Any CPU
		{5153C135-D831-475C-8BC2-96A9B1F888CA}.Debug|Any CPU.Build.0 = Debug|Any CPU
		{5153C135-D831-475C-8BC2-96A9B1F888CA}.Release|Any CPU.ActiveCfg = Release|Any CPU
		{5153C135-D831-475C-8BC2-96A9B1F888CA}.Release|Any CPU.Build.0 = Release|Any CPU
		{65EC3B03-7419-4541-9505-EE4FB5A0F87D}.Debug|Any CPU.ActiveCfg = Debug|Any CPU
		{65EC3B03-7419-4541-9505-EE4FB5A0F87D}.Debug|Any CPU.Build.0 = Debug|Any CPU
		{65EC3B03-7419-4541-9505-EE4FB5A0F87D}.Release|Any CPU.ActiveCfg = Release|Any CPU
		{65EC3B03-7419-4541-9505-EE4FB5A0F87D}.Release|Any CPU.Build.0 = Release|Any CPU
		{E4F62D4C-077A-4460-8EE7-A0A4D99FDF6A}.Debug|Any CPU.ActiveCfg = Debug|Any CPU
		{E4F62D4C-077A-4460-8EE7-A0A4D99FDF6A}.Debug|Any CPU.Build.0 = Debug|Any CPU
		{E4F62D4C-077A-4460-8EE7-A0A4D99FDF6A}.Release|Any CPU.ActiveCfg = Release|Any CPU
		{E4F62D4C-077A-4460-8EE7-A0A4D99FDF6A}.Release|Any CPU.Build.0 = Release|Any CPU
		{DFEBA651-79BB-4F91-85FF-4DE43C48A569}.Debug|Any CPU.ActiveCfg = Debug|Any CPU
		{DFEBA651-79BB-4F91-85FF-4DE43C48A569}.Debug|Any CPU.Build.0 = Debug|Any CPU
		{DFEBA651-79BB-4F91-85FF-4DE43C48A569}.Release|Any CPU.ActiveCfg = Release|Any CPU
		{DFEBA651-79BB-4F91-85FF-4DE43C48A569}.Release|Any CPU.Build.0 = Release|Any CPU
		{654E0E81-6BC6-42D2-B656-268FF5CFE4D0}.Debug|Any CPU.ActiveCfg = Debug|Any CPU
		{654E0E81-6BC6-42D2-B656-268FF5CFE4D0}.Debug|Any CPU.Build.0 = Debug|Any CPU
		{654E0E81-6BC6-42D2-B656-268FF5CFE4D0}.Release|Any CPU.ActiveCfg = Release|Any CPU
		{654E0E81-6BC6-42D2-B656-268FF5CFE4D0}.Release|Any CPU.Build.0 = Release|Any CPU
		{F253B233-C5AE-4449-B3E5-978E4ACB694F}.Debug|Any CPU.ActiveCfg = Debug|Any CPU
		{F253B233-C5AE-4449-B3E5-978E4ACB694F}.Debug|Any CPU.Build.0 = Debug|Any CPU
		{F253B233-C5AE-4449-B3E5-978E4ACB694F}.Release|Any CPU.ActiveCfg = Release|Any CPU
		{F253B233-C5AE-4449-B3E5-978E4ACB694F}.Release|Any CPU.Build.0 = Release|Any CPU
		{A141BDCB-A0A4-474B-BA20-A656D712B483}.Debug|Any CPU.ActiveCfg = Debug|Any CPU
		{A141BDCB-A0A4-474B-BA20-A656D712B483}.Debug|Any CPU.Build.0 = Debug|Any CPU
		{A141BDCB-A0A4-474B-BA20-A656D712B483}.Release|Any CPU.ActiveCfg = Release|Any CPU
		{A141BDCB-A0A4-474B-BA20-A656D712B483}.Release|Any CPU.Build.0 = Release|Any CPU
		{B381C520-A824-4F59-B474-52464FEB6554}.Debug|Any CPU.ActiveCfg = Debug|Any CPU
		{B381C520-A824-4F59-B474-52464FEB6554}.Debug|Any CPU.Build.0 = Debug|Any CPU
		{B381C520-A824-4F59-B474-52464FEB6554}.Release|Any CPU.ActiveCfg = Release|Any CPU
		{B381C520-A824-4F59-B474-52464FEB6554}.Release|Any CPU.Build.0 = Release|Any CPU
		{16741CCD-5D67-4D96-BE55-763F9DC118BD}.Debug|Any CPU.ActiveCfg = Debug|Any CPU
		{16741CCD-5D67-4D96-BE55-763F9DC118BD}.Debug|Any CPU.Build.0 = Debug|Any CPU
		{16741CCD-5D67-4D96-BE55-763F9DC118BD}.Release|Any CPU.ActiveCfg = Release|Any CPU
		{16741CCD-5D67-4D96-BE55-763F9DC118BD}.Release|Any CPU.Build.0 = Release|Any CPU
		{731B9D9E-6E5C-4339-9E40-0379D7694BE4}.Debug|Any CPU.ActiveCfg = Debug|Any CPU
		{731B9D9E-6E5C-4339-9E40-0379D7694BE4}.Debug|Any CPU.Build.0 = Debug|Any CPU
		{731B9D9E-6E5C-4339-9E40-0379D7694BE4}.Release|Any CPU.ActiveCfg = Release|Any CPU
		{731B9D9E-6E5C-4339-9E40-0379D7694BE4}.Release|Any CPU.Build.0 = Release|Any CPU
		{C36C74CD-0804-4EF0-A880-C342D6970935}.Debug|Any CPU.ActiveCfg = Debug|Any CPU
		{C36C74CD-0804-4EF0-A880-C342D6970935}.Debug|Any CPU.Build.0 = Debug|Any CPU
		{C36C74CD-0804-4EF0-A880-C342D6970935}.Release|Any CPU.ActiveCfg = Release|Any CPU
		{C36C74CD-0804-4EF0-A880-C342D6970935}.Release|Any CPU.Build.0 = Release|Any CPU
		{3693B269-A8BB-4F73-A06F-14BA0CC803BE}.Debug|Any CPU.ActiveCfg = Debug|Any CPU
		{3693B269-A8BB-4F73-A06F-14BA0CC803BE}.Debug|Any CPU.Build.0 = Debug|Any CPU
		{3693B269-A8BB-4F73-A06F-14BA0CC803BE}.Release|Any CPU.ActiveCfg = Release|Any CPU
		{3693B269-A8BB-4F73-A06F-14BA0CC803BE}.Release|Any CPU.Build.0 = Release|Any CPU
		{665F590A-9917-4F92-AF99-177AD9D302C4}.Debug|Any CPU.ActiveCfg = Debug|Any CPU
		{665F590A-9917-4F92-AF99-177AD9D302C4}.Debug|Any CPU.Build.0 = Debug|Any CPU
		{665F590A-9917-4F92-AF99-177AD9D302C4}.Release|Any CPU.ActiveCfg = Release|Any CPU
		{665F590A-9917-4F92-AF99-177AD9D302C4}.Release|Any CPU.Build.0 = Release|Any CPU
		{36C5E87A-D9A9-4667-B867-01702B27834B}.Debug|Any CPU.ActiveCfg = Debug|Any CPU
		{36C5E87A-D9A9-4667-B867-01702B27834B}.Debug|Any CPU.Build.0 = Debug|Any CPU
		{36C5E87A-D9A9-4667-B867-01702B27834B}.Release|Any CPU.ActiveCfg = Release|Any CPU
		{36C5E87A-D9A9-4667-B867-01702B27834B}.Release|Any CPU.Build.0 = Release|Any CPU
		{540DC8BF-40C9-4E16-9007-C253DAA80D7C}.Debug|Any CPU.ActiveCfg = Debug|Any CPU
		{540DC8BF-40C9-4E16-9007-C253DAA80D7C}.Debug|Any CPU.Build.0 = Debug|Any CPU
		{540DC8BF-40C9-4E16-9007-C253DAA80D7C}.Release|Any CPU.ActiveCfg = Release|Any CPU
		{540DC8BF-40C9-4E16-9007-C253DAA80D7C}.Release|Any CPU.Build.0 = Release|Any CPU
		{EFAD3869-8858-490D-B2FC-ABAD43A5DB9B}.Debug|Any CPU.ActiveCfg = Debug|Any CPU
		{EFAD3869-8858-490D-B2FC-ABAD43A5DB9B}.Debug|Any CPU.Build.0 = Debug|Any CPU
		{EFAD3869-8858-490D-B2FC-ABAD43A5DB9B}.Release|Any CPU.ActiveCfg = Release|Any CPU
		{EFAD3869-8858-490D-B2FC-ABAD43A5DB9B}.Release|Any CPU.Build.0 = Release|Any CPU
		{CB02A2E2-8205-45A4-A17A-CFED74C860BC}.Debug|Any CPU.ActiveCfg = Debug|Any CPU
		{CB02A2E2-8205-45A4-A17A-CFED74C860BC}.Debug|Any CPU.Build.0 = Debug|Any CPU
		{CB02A2E2-8205-45A4-A17A-CFED74C860BC}.Release|Any CPU.ActiveCfg = Release|Any CPU
		{CB02A2E2-8205-45A4-A17A-CFED74C860BC}.Release|Any CPU.Build.0 = Release|Any CPU
		{9AE49D70-51C9-41DB-91DE-D47E72FB65CE}.Debug|Any CPU.ActiveCfg = Debug|Any CPU
		{9AE49D70-51C9-41DB-91DE-D47E72FB65CE}.Debug|Any CPU.Build.0 = Debug|Any CPU
		{9AE49D70-51C9-41DB-91DE-D47E72FB65CE}.Release|Any CPU.ActiveCfg = Release|Any CPU
		{9AE49D70-51C9-41DB-91DE-D47E72FB65CE}.Release|Any CPU.Build.0 = Release|Any CPU
		{ACC934B0-920E-48FE-8908-9D8178EB1841}.Debug|Any CPU.ActiveCfg = Debug|Any CPU
		{ACC934B0-920E-48FE-8908-9D8178EB1841}.Debug|Any CPU.Build.0 = Debug|Any CPU
		{ACC934B0-920E-48FE-8908-9D8178EB1841}.Release|Any CPU.ActiveCfg = Release|Any CPU
		{ACC934B0-920E-48FE-8908-9D8178EB1841}.Release|Any CPU.Build.0 = Release|Any CPU
		{B7657741-283E-44B3-B225-E39CB1C7ABED}.Debug|Any CPU.ActiveCfg = Debug|Any CPU
		{B7657741-283E-44B3-B225-E39CB1C7ABED}.Debug|Any CPU.Build.0 = Debug|Any CPU
		{B7657741-283E-44B3-B225-E39CB1C7ABED}.Release|Any CPU.ActiveCfg = Release|Any CPU
		{B7657741-283E-44B3-B225-E39CB1C7ABED}.Release|Any CPU.Build.0 = Release|Any CPU
		{AB7015F9-4E1F-4C21-B679-0A39A8062FE4}.Debug|Any CPU.ActiveCfg = Debug|Any CPU
		{AB7015F9-4E1F-4C21-B679-0A39A8062FE4}.Debug|Any CPU.Build.0 = Debug|Any CPU
		{AB7015F9-4E1F-4C21-B679-0A39A8062FE4}.Release|Any CPU.ActiveCfg = Release|Any CPU
		{AB7015F9-4E1F-4C21-B679-0A39A8062FE4}.Release|Any CPU.Build.0 = Release|Any CPU
		{43356424-ED11-424A-8B33-9313B3C1783D}.Debug|Any CPU.ActiveCfg = Debug|Any CPU
		{43356424-ED11-424A-8B33-9313B3C1783D}.Debug|Any CPU.Build.0 = Debug|Any CPU
		{43356424-ED11-424A-8B33-9313B3C1783D}.Release|Any CPU.ActiveCfg = Release|Any CPU
		{43356424-ED11-424A-8B33-9313B3C1783D}.Release|Any CPU.Build.0 = Release|Any CPU
	EndGlobalSection
	GlobalSection(SolutionProperties) = preSolution
		HideSolutionNode = FALSE
	EndGlobalSection
	GlobalSection(NestedProjects) = preSolution
		{34D3E9F2-49FA-4A2B-81A2-DED5CEA19070} = {99FE20B0-8929-4ABF-80E9-AF6255B84031}
		{8BB42D7C-A52A-4B45-86E5-A8058CFE2615} = {99FE20B0-8929-4ABF-80E9-AF6255B84031}
		{CC0B733C-3D7C-4609-83A2-CDC77E8F6925} = {914B6B26-1EEB-42D5-A153-D15EEF228A01}
		{01C79E25-DCA1-4B60-83E9-DBC86F0C9CEF} = {914B6B26-1EEB-42D5-A153-D15EEF228A01}
		{17C90F59-3348-425E-913E-C1AC5BB7BD2E} = {914B6B26-1EEB-42D5-A153-D15EEF228A01}
		{B3FEA899-561D-4549-8A39-32B6D636D0EE} = {914B6B26-1EEB-42D5-A153-D15EEF228A01}
		{07ACF7E5-9598-4F9B-BCE6-CACE77C3F8EF} = {B1D6E7FB-2346-43D7-BDDF-3FAED5EB39BF}
		{B5606516-D71C-41B5-B324-ADFB51BDDB71} = {B1D6E7FB-2346-43D7-BDDF-3FAED5EB39BF}
		{8B83A979-FB67-451C-82FA-5CCF80E5E50D} = {B1D6E7FB-2346-43D7-BDDF-3FAED5EB39BF}
		{52F07736-BB70-4DB9-ADBD-BBB099CB69C1} = {B1D6E7FB-2346-43D7-BDDF-3FAED5EB39BF}
		{2EE2F33F-694E-4ED8-A064-F5A3F7D922BF} = {FBA0BA9C-5EBC-4362-A8DE-F24DB33D290E}
		{2043D952-B8B5-49D0-9F45-91EAD64F4CBF} = {FBA0BA9C-5EBC-4362-A8DE-F24DB33D290E}
		{F8FE5E3B-BF7F-4B57-B543-315BADECACBD} = {FBA0BA9C-5EBC-4362-A8DE-F24DB33D290E}
		{6C189C2E-A184-48D5-883A-810C38333675} = {FBA0BA9C-5EBC-4362-A8DE-F24DB33D290E}
		{378D2CD9-FC35-4620-A834-E202D379C8B7} = {FBA0BA9C-5EBC-4362-A8DE-F24DB33D290E}
		{DBEAAC71-B0A5-4C78-8605-A697B6B340BB} = {FBA0BA9C-5EBC-4362-A8DE-F24DB33D290E}
		{955599E7-8BE0-43C1-A6EA-EFFEE5E9A0D3} = {FBA0BA9C-5EBC-4362-A8DE-F24DB33D290E}
		{D66B2230-8E8F-4849-A43E-BF07C3872A1B} = {FBA0BA9C-5EBC-4362-A8DE-F24DB33D290E}
		{7DD0B611-4FD6-43C9-A192-FB7B57740F04} = {81252CAF-99FE-42AA-95CB-FF84E02EE56F}
		{170A6332-5B14-4339-9DEE-575837D537F1} = {81252CAF-99FE-42AA-95CB-FF84E02EE56F}
		{A30001EA-A552-47B8-9C55-A84EF58A0B35} = {81252CAF-99FE-42AA-95CB-FF84E02EE56F}
		{A5391E0A-E596-4FA1-8F19-27B4DDD2325F} = {81252CAF-99FE-42AA-95CB-FF84E02EE56F}
		{E1102B9E-55BB-4AD9-BD22-B0F418E6CC9D} = {81252CAF-99FE-42AA-95CB-FF84E02EE56F}
		{4CD2D55F-C56E-4A32-B584-FB591C6A8A1C} = {81252CAF-99FE-42AA-95CB-FF84E02EE56F}
		{750C20E4-622E-4165-BECE-9FB1417FB854} = {81252CAF-99FE-42AA-95CB-FF84E02EE56F}
		{E546C1B2-3AAB-45F0-8A9D-6B05108C3D3F} = {3923ED47-1A43-46A8-BF24-2D1C66910E89}
		{CB6BE2FE-20EF-4428-AA88-FA55031A1635} = {3923ED47-1A43-46A8-BF24-2D1C66910E89}
		{6C5EA1BE-E73B-4146-B949-AA8124D80DD1} = {3923ED47-1A43-46A8-BF24-2D1C66910E89}
		{66BE892A-1C14-4DA9-A2A1-12AECCB32398} = {3923ED47-1A43-46A8-BF24-2D1C66910E89}
		{1F98E10D-2810-4E40-A21D-D7ACF08A67EB} = {3923ED47-1A43-46A8-BF24-2D1C66910E89}
		{7046ACE6-4F6D-4F7C-AC6D-18347FDE3CC3} = {3923ED47-1A43-46A8-BF24-2D1C66910E89}
		{CF8D8C49-02FC-4125-8350-A9CCDDAD8753} = {3923ED47-1A43-46A8-BF24-2D1C66910E89}
		{E94D89A1-9275-449D-A4CB-3852F1ED615D} = {204F9BAD-1E23-42AA-A0AC-BC09AFCD5DBE}
		{9E862110-5249-4074-8EA1-406395028A8F} = {62BB61A1-66A3-403C-B90E-12A2F084BF29}
		{BDF9DEA1-78C8-4245-80AE-41B47B2EC076} = {62BB61A1-66A3-403C-B90E-12A2F084BF29}
		{A3AF85A0-10CF-4D94-972C-6CA12CBE98E2} = {204F9BAD-1E23-42AA-A0AC-BC09AFCD5DBE}
		{AF236C9F-C592-4DF7-BF91-4ABD5156343E} = {204F9BAD-1E23-42AA-A0AC-BC09AFCD5DBE}
		{0C045C8B-659F-48A1-A0BF-638DFAE19285} = {62BB61A1-66A3-403C-B90E-12A2F084BF29}
		{DDE6BF1B-6CE2-474C-AF9A-F7EEEE147B43} = {62BB61A1-66A3-403C-B90E-12A2F084BF29}
		{8394D060-1FF6-4293-8953-7A9644D3E5C9} = {62BB61A1-66A3-403C-B90E-12A2F084BF29}
		{F5008064-4350-43E1-A38F-66C9CD55152B} = {62BB61A1-66A3-403C-B90E-12A2F084BF29}
		{ABF1D20F-3A62-4652-9968-BA78EF8C8B5F} = {A5813642-A0BA-4EA8-82DF-56CFD0D3FD85}
		{18F36049-D4B2-4B18-8C01-05F75226BC70} = {A5813642-A0BA-4EA8-82DF-56CFD0D3FD85}
		{74F75AB2-AF28-449B-B2E5-DF5A1E75BB9A} = {A5813642-A0BA-4EA8-82DF-56CFD0D3FD85}
		{A2FE9EB8-543F-448C-93F2-A6906A8E83D2} = {F61818B2-FEF8-4178-84BB-88464F30F1B6}
		{4399310D-00F1-43E4-832F-DC492919FDBF} = {F61818B2-FEF8-4178-84BB-88464F30F1B6}
		{2097CCCB-77FB-4825-A88D-BB609CC39995} = {F61818B2-FEF8-4178-84BB-88464F30F1B6}
		{25932933-B208-4817-94EE-2E85D0CBF15B} = {F61818B2-FEF8-4178-84BB-88464F30F1B6}
		{61D36AA2-BB9D-4C2B-8830-D4C0529958D0} = {F61818B2-FEF8-4178-84BB-88464F30F1B6}
		{6F0408BF-8996-49DD-B804-53F0145C1902} = {6BB5701B-9036-4529-BED9-BBA781390CFC}
		{99FE20B0-8929-4ABF-80E9-AF6255B84031} = {375474D4-9E9C-43F3-8723-9294DD705DEE}
		{FBA0BA9C-5EBC-4362-A8DE-F24DB33D290E} = {375474D4-9E9C-43F3-8723-9294DD705DEE}
		{914B6B26-1EEB-42D5-A153-D15EEF228A01} = {131E20B0-2993-4041-B58B-5D92BAD55824}
		{81252CAF-99FE-42AA-95CB-FF84E02EE56F} = {131E20B0-2993-4041-B58B-5D92BAD55824}
		{B1D6E7FB-2346-43D7-BDDF-3FAED5EB39BF} = {DB1D3852-448F-4F80-9B25-300E19AD04E0}
		{3923ED47-1A43-46A8-BF24-2D1C66910E89} = {DB1D3852-448F-4F80-9B25-300E19AD04E0}
		{204F9BAD-1E23-42AA-A0AC-BC09AFCD5DBE} = {77F98156-87D5-41D9-9FB7-0480287B9E96}
		{62BB61A1-66A3-403C-B90E-12A2F084BF29} = {77F98156-87D5-41D9-9FB7-0480287B9E96}
		{A5813642-A0BA-4EA8-82DF-56CFD0D3FD85} = {BFCCC12F-B812-4B40-A63A-966C51986629}
		{F61818B2-FEF8-4178-84BB-88464F30F1B6} = {BFCCC12F-B812-4B40-A63A-966C51986629}
		{6BB5701B-9036-4529-BED9-BBA781390CFC} = {FB99DC2B-4B4B-4FBA-A8E4-380CBF57521B}
		{A625D03F-1397-4C58-A540-84C45DC4B43A} = {A5813642-A0BA-4EA8-82DF-56CFD0D3FD85}
		{B79EBE19-FEFE-4B7D-8B82-65210B0BC32A} = {A5813642-A0BA-4EA8-82DF-56CFD0D3FD85}
		{5153C135-D831-475C-8BC2-96A9B1F888CA} = {A5813642-A0BA-4EA8-82DF-56CFD0D3FD85}
		{65EC3B03-7419-4541-9505-EE4FB5A0F87D} = {A5813642-A0BA-4EA8-82DF-56CFD0D3FD85}
		{98188ADD-945A-470A-AB25-C20B5AF5838B} = {42F52F89-39B5-435F-B54E-8A6965B38F8E}
		{A89FDE62-14F0-49E0-917C-D4A343B58D61} = {42F52F89-39B5-435F-B54E-8A6965B38F8E}
		{E4F62D4C-077A-4460-8EE7-A0A4D99FDF6A} = {98188ADD-945A-470A-AB25-C20B5AF5838B}
		{DFEBA651-79BB-4F91-85FF-4DE43C48A569} = {98188ADD-945A-470A-AB25-C20B5AF5838B}
		{654E0E81-6BC6-42D2-B656-268FF5CFE4D0} = {98188ADD-945A-470A-AB25-C20B5AF5838B}
		{F253B233-C5AE-4449-B3E5-978E4ACB694F} = {A89FDE62-14F0-49E0-917C-D4A343B58D61}
		{A141BDCB-A0A4-474B-BA20-A656D712B483} = {A89FDE62-14F0-49E0-917C-D4A343B58D61}
		{B381C520-A824-4F59-B474-52464FEB6554} = {A89FDE62-14F0-49E0-917C-D4A343B58D61}
		{16741CCD-5D67-4D96-BE55-763F9DC118BD} = {A89FDE62-14F0-49E0-917C-D4A343B58D61}
		{731B9D9E-6E5C-4339-9E40-0379D7694BE4} = {A89FDE62-14F0-49E0-917C-D4A343B58D61}
		{060E2487-535B-4F2E-B750-D2C285BC73A7} = {FB99DC2B-4B4B-4FBA-A8E4-380CBF57521B}
		{C36C74CD-0804-4EF0-A880-C342D6970935} = {060E2487-535B-4F2E-B750-D2C285BC73A7}
		{3693B269-A8BB-4F73-A06F-14BA0CC803BE} = {060E2487-535B-4F2E-B750-D2C285BC73A7}
		{665F590A-9917-4F92-AF99-177AD9D302C4} = {060E2487-535B-4F2E-B750-D2C285BC73A7}
		{B0878885-9D8C-440F-9A27-BA2D736E3655} = {2D1223E2-4E6E-427D-A6C7-D71D853BEDEC}
		{2BD6FF7A-5174-4E65-AA29-9CE804B1C735} = {2D1223E2-4E6E-427D-A6C7-D71D853BEDEC}
		{36C5E87A-D9A9-4667-B867-01702B27834B} = {B0878885-9D8C-440F-9A27-BA2D736E3655}
		{540DC8BF-40C9-4E16-9007-C253DAA80D7C} = {B0878885-9D8C-440F-9A27-BA2D736E3655}
		{EFAD3869-8858-490D-B2FC-ABAD43A5DB9B} = {B0878885-9D8C-440F-9A27-BA2D736E3655}
		{CB02A2E2-8205-45A4-A17A-CFED74C860BC} = {2BD6FF7A-5174-4E65-AA29-9CE804B1C735}
		{9AE49D70-51C9-41DB-91DE-D47E72FB65CE} = {2BD6FF7A-5174-4E65-AA29-9CE804B1C735}
		{ACC934B0-920E-48FE-8908-9D8178EB1841} = {B0878885-9D8C-440F-9A27-BA2D736E3655}
		{B7657741-283E-44B3-B225-E39CB1C7ABED} = {B0878885-9D8C-440F-9A27-BA2D736E3655}
		{AB7015F9-4E1F-4C21-B679-0A39A8062FE4} = {2BD6FF7A-5174-4E65-AA29-9CE804B1C735}
		{43356424-ED11-424A-8B33-9313B3C1783D} = {2BD6FF7A-5174-4E65-AA29-9CE804B1C735}
	EndGlobalSection
	GlobalSection(ExtensibilityGlobals) = postSolution
		SolutionGuid = {133104AF-B833-43AA-99F8-3EEAEBA7C912}
	EndGlobalSection
EndGlobal
