
Microsoft Visual Studio Solution File, Format Version 12.00
# Visual Studio Version 16
VisualStudioVersion = 16.0.31205.134
MinimumVisualStudioVersion = 10.0.40219.1
Project("{2150E333-8FDC-42A3-9474-1A3956D46DE8}") = "01.WorkingWithAbstraction", "01.WorkingWithAbstraction", "{FFEA5EF4-E30C-4953-90DD-70394454472C}"
EndProject
Project("{2150E333-8FDC-42A3-9474-1A3956D46DE8}") = "Demos", "Demos", "{CE8EBC7E-85E3-47D5-8E66-425B42626258}"
EndProject
Project("{2150E333-8FDC-42A3-9474-1A3956D46DE8}") = "Problems", "Problems", "{8D8C3BB9-A772-4C13-9B26-7774FD08F763}"
EndProject
Project("{9A19103F-16F7-4668-BE54-9A1E7A4F7556}") = "Enums", "Enums\Enums.csproj", "{CD6A8359-DA49-4DAA-84A7-FA341BC00978}"
EndProject
Project("{9A19103F-16F7-4668-BE54-9A1E7A4F7556}") = "StaticClasses", "StaticClasses\StaticClasses.csproj", "{89CFB66A-9410-4057-8ABA-54980D066262}"
EndProject
Project("{9A19103F-16F7-4668-BE54-9A1E7A4F7556}") = "01.RhombusOfStars", "01.RhombusOfStars\01.RhombusOfStars.csproj", "{244EE348-CAC5-477A-B611-5BD81419D7CE}"
EndProject
Project("{9A19103F-16F7-4668-BE54-9A1E7A4F7556}") = "02.PointInRectangle", "02.PointInRectangle\02.PointInRectangle.csproj", "{71C3DE4E-663A-4CA8-98B8-A4FA3CE2E8A3}"
EndProject
Project("{9A19103F-16F7-4668-BE54-9A1E7A4F7556}") = "03.StudentSystem", "03.StudentSystem\03.StudentSystem.csproj", "{C52728AF-C005-40F7-A98E-8AFE77885E37}"
EndProject
Project("{9A19103F-16F7-4668-BE54-9A1E7A4F7556}") = "04.HotelReservation", "04.HotelReservation\04.HotelReservation.csproj", "{71C1AA79-7028-499A-A893-A49B95EA9C03}"
EndProject
Project("{2150E333-8FDC-42A3-9474-1A3956D46DE8}") = "02.Inheritance", "02.Inheritance", "{E1A54EA4-6D07-47F0-A31E-1C8E36660D45}"
EndProject
Project("{2150E333-8FDC-42A3-9474-1A3956D46DE8}") = "03.Encapsulation", "03.Encapsulation", "{A403852A-A76E-4508-B784-FF3CB291FE35}"
EndProject
Project("{2150E333-8FDC-42A3-9474-1A3956D46DE8}") = "04.InterfacesAndAbstraction", "04.InterfacesAndAbstraction", "{41D39FA5-1734-4FDD-AA04-49486922DEFA}"
EndProject
Project("{2150E333-8FDC-42A3-9474-1A3956D46DE8}") = "05.Polymorphism", "05.Polymorphism", "{0EF1EE60-B8BD-4D60-8340-82A9C2C532F8}"
EndProject
Project("{2150E333-8FDC-42A3-9474-1A3956D46DE8}") = "06.SOLID", "06.SOLID", "{556D2313-7DC9-48B1-BA8C-FAEE037B3D32}"
EndProject
Project("{2150E333-8FDC-42A3-9474-1A3956D46DE8}") = "07.ReflectionAndAttributes", "07.ReflectionAndAttributes", "{4DC22B19-E3AE-40BA-955E-BEBE1C7378AC}"
EndProject
Project("{2150E333-8FDC-42A3-9474-1A3956D46DE8}") = "08.ExceptionsAndErrorHandling", "08.ExceptionsAndErrorHandling", "{D3C9B089-918B-408F-867A-1B983DD321A1}"
EndProject
Project("{2150E333-8FDC-42A3-9474-1A3956D46DE8}") = "09.DebuggingTechniques", "09.DebuggingTechniques", "{E7D9687B-4EA1-42E8-9B66-D649D4A58598}"
EndProject
Project("{2150E333-8FDC-42A3-9474-1A3956D46DE8}") = "10.UnitTesting", "10.UnitTesting", "{D7E4EF6B-2BAC-4F7E-BDCF-3F2032AFC3F2}"
EndProject
Project("{2150E333-8FDC-42A3-9474-1A3956D46DE8}") = "11.TestDrivenDevelopment", "11.TestDrivenDevelopment", "{F4EC985C-7D6A-4302-8E28-8614DA6C65BC}"
EndProject
Project("{2150E333-8FDC-42A3-9474-1A3956D46DE8}") = "12.DesignPatterns", "12.DesignPatterns", "{8C25AD0F-2FCB-4D59-81AD-9ACE5C06E031}"
EndProject
Project("{2150E333-8FDC-42A3-9474-1A3956D46DE8}") = "Problems", "Problems", "{42103FE6-81FF-4DC8-830D-6886AD91F262}"
EndProject
Project("{9A19103F-16F7-4668-BE54-9A1E7A4F7556}") = "01.SingleInheritance", "01.SingleInheritance\01.SingleInheritance.csproj", "{E34AD9BD-DE04-40E1-B1AC-009D498B51E0}"
EndProject
Project("{9A19103F-16F7-4668-BE54-9A1E7A4F7556}") = "02.MultipleInheritance", "02.MultipleInheritance\02.MultipleInheritance.csproj", "{82DBF575-4F3B-4F93-9BBB-CF6ADF06D356}"
EndProject
Project("{9A19103F-16F7-4668-BE54-9A1E7A4F7556}") = "03.HierarchicalInheritance", "03.HierarchicalInheritance\03.HierarchicalInheritance.csproj", "{235B5D1F-8FB3-4CCE-B201-554DD6DDD8B4}"
EndProject
Project("{9A19103F-16F7-4668-BE54-9A1E7A4F7556}") = "04.RandomList", "04.RandomList\04.RandomList.csproj", "{BFCCCA7E-2640-4376-BAF3-55D5EAEB0C6B}"
EndProject
Project("{9A19103F-16F7-4668-BE54-9A1E7A4F7556}") = "05.StackOfStrings", "05.StackOfStrings\05.StackOfStrings.csproj", "{954D9D8B-78A8-410C-954D-33AAF40C3FC8}"
EndProject
Project("{2150E333-8FDC-42A3-9474-1A3956D46DE8}") = "Demos", "Demos", "{31C85E73-F03D-43BC-A7B5-57EBCF8FE826}"
EndProject
Project("{9A19103F-16F7-4668-BE54-9A1E7A4F7556}") = "Inheritance", "Inheritance\Inheritance.csproj", "{ECD9F6AF-1164-4364-B1AC-5C4BA659CEEB}"
EndProject
Project("{2150E333-8FDC-42A3-9474-1A3956D46DE8}") = "Demos", "Demos", "{78263500-452C-49F4-8BA3-58E3684FF154}"
EndProject
Project("{2150E333-8FDC-42A3-9474-1A3956D46DE8}") = "Problems", "Problems", "{7CF5658E-BF90-42FB-9DFC-70794F00C103}"
EndProject
Project("{2150E333-8FDC-42A3-9474-1A3956D46DE8}") = "Demos", "Demos", "{1BD5B680-053C-4319-B81B-56831DD01D7F}"
EndProject
Project("{2150E333-8FDC-42A3-9474-1A3956D46DE8}") = "Problems", "Problems", "{222336EA-1B30-4AF0-9277-46747C53D29F}"
EndProject
Project("{2150E333-8FDC-42A3-9474-1A3956D46DE8}") = "Demos", "Demos", "{DDE5DC6B-D61B-4F2F-A575-E82E2ACA36B3}"
EndProject
Project("{2150E333-8FDC-42A3-9474-1A3956D46DE8}") = "Problems", "Problems", "{007BA84C-98F5-4B8C-9798-8CEFFA870582}"
EndProject
Project("{2150E333-8FDC-42A3-9474-1A3956D46DE8}") = "Demos", "Demos", "{A60B1273-90F5-4FD1-9BFF-DF2C8A556FFC}"
EndProject
Project("{2150E333-8FDC-42A3-9474-1A3956D46DE8}") = "Problems", "Problems", "{169A6B96-5CE2-45C6-8FA3-D940E9B92616}"
EndProject
Project("{2150E333-8FDC-42A3-9474-1A3956D46DE8}") = "Demos", "Demos", "{D5E8F1D4-0652-4B24-BF83-E07C6AA951D2}"
EndProject
Project("{2150E333-8FDC-42A3-9474-1A3956D46DE8}") = "Demos", "Demos", "{9981960D-4D16-44DE-BDAA-4536285E704D}"
EndProject
Project("{2150E333-8FDC-42A3-9474-1A3956D46DE8}") = "Demos", "Demos", "{C83A7A07-A222-4BBD-BDF3-D8B64D91FA6D}"
EndProject
Project("{2150E333-8FDC-42A3-9474-1A3956D46DE8}") = "Problems", "Problems", "{BE0B4738-8651-4C97-9409-6D627F4949B6}"
EndProject
Project("{2150E333-8FDC-42A3-9474-1A3956D46DE8}") = "Demos", "Demos", "{96A6B34F-433E-44CC-87B0-B200B5C40730}"
	ProjectSection(SolutionItems) = preProject
		TDD.txt = TDD.txt
	EndProjectSection
EndProject
Project("{2150E333-8FDC-42A3-9474-1A3956D46DE8}") = "Demos", "Demos", "{C3FCE04B-1B7C-47A1-9081-A8356111FF08}"
	ProjectSection(SolutionItems) = preProject
		DesignPatterns.txt = DesignPatterns.txt
	EndProjectSection
EndProject
Project("{9A19103F-16F7-4668-BE54-9A1E7A4F7556}") = "01.SortPersonsByNameAndAge", "01.SortPersonsByNameAndAge\01.SortPersonsByNameAndAge.csproj", "{53461034-7C87-4652-B526-B83FFC240568}"
EndProject
Project("{9A19103F-16F7-4668-BE54-9A1E7A4F7556}") = "Encapsulation", "Encapsulation\Encapsulation.csproj", "{A3AF71B0-577E-4E91-B4DE-24105F5A6132}"
EndProject
Project("{9A19103F-16F7-4668-BE54-9A1E7A4F7556}") = "Debugging", "Debugging\Debugging.csproj", "{BBDD663C-6256-4048-8E14-E1AF1D73C83A}"
EndProject
Project("{9A19103F-16F7-4668-BE54-9A1E7A4F7556}") = "Exceptions", "Exceptions\Exceptions.csproj", "{3D22C1F7-44AA-40D7-8193-B7643DCD1AE1}"
EndProject
Project("{9A19103F-16F7-4668-BE54-9A1E7A4F7556}") = "TryCatch", "TryCatch\TryCatch.csproj", "{1E7FD961-2103-40A1-BCBA-1A7278AEF1E5}"
EndProject
Project("{9A19103F-16F7-4668-BE54-9A1E7A4F7556}") = "TryCatchFinally", "TryCatchFinally\TryCatchFinally.csproj", "{6A1FD965-6745-4C88-93B3-883F5DA7D1B8}"
EndProject
Project("{9A19103F-16F7-4668-BE54-9A1E7A4F7556}") = "02.SalaryIncrease", "02.SalaryIncrease\02.SalaryIncrease.csproj", "{7BECD752-D276-46FD-8B44-D127C3DBEE40}"
EndProject
Project("{9A19103F-16F7-4668-BE54-9A1E7A4F7556}") = "03.ValidationOfData", "03.ValidationOfData\03.ValidationOfData.csproj", "{5631AFB6-D37C-4404-B6AC-72C44430D0A6}"
EndProject
Project("{9A19103F-16F7-4668-BE54-9A1E7A4F7556}") = "04.FirstAndReserveTeam", "04.FirstAndReserveTeam\04.FirstAndReserveTeam.csproj", "{D5F0FB22-0518-4687-8C62-ED33AF2A5FA1}"
EndProject
Project("{9A19103F-16F7-4668-BE54-9A1E7A4F7556}") = "Interfaces", "Interfaces\Interfaces.csproj", "{09D87B26-A7D9-4CE9-923E-54D6AA880F55}"
EndProject
Project("{9A19103F-16F7-4668-BE54-9A1E7A4F7556}") = "AbstractClasses", "AbstractClasses\AbstractClasses.csproj", "{E1D22267-8F27-457D-A75F-32078423D9AA}"
EndProject
Project("{9A19103F-16F7-4668-BE54-9A1E7A4F7556}") = "01.Shapes", "01.Shapes\01.Shapes.csproj", "{2DA50085-1219-4C4B-A4C8-653334BB032C}"
EndProject
Project("{9A19103F-16F7-4668-BE54-9A1E7A4F7556}") = "02.Cars", "02.Cars\02.Cars.csproj", "{F596BEAB-7213-4ADB-A630-E360156E45F3}"
EndProject
Project("{9A19103F-16F7-4668-BE54-9A1E7A4F7556}") = "Keywords", "Keywords\Keywords.csproj", "{A3233335-021B-49FD-85D5-A91572BB2F55}"
EndProject
Project("{9A19103F-16F7-4668-BE54-9A1E7A4F7556}") = "Polymorphism", "Polymorphism\Polymorphism.csproj", "{162B7785-E3DF-4C77-B867-6299EA15E739}"
EndProject
Project("{9A19103F-16F7-4668-BE54-9A1E7A4F7556}") = "01.MathOperation", "01.MathOperation\01.MathOperation.csproj", "{DA850AFE-72D2-4244-85BB-0C972FD579CD}"
EndProject
Project("{9A19103F-16F7-4668-BE54-9A1E7A4F7556}") = "02.Animals", "02.Animals\02.Animals.csproj", "{87C2B1F3-F585-4016-8AE1-5DECBB2DA8C9}"
EndProject
Project("{9A19103F-16F7-4668-BE54-9A1E7A4F7556}") = "03.Shapes", "03.Shapes\03.Shapes.csproj", "{7F3E5D39-7683-4355-BD96-DAE83622296D}"
EndProject
Project("{9A19103F-16F7-4668-BE54-9A1E7A4F7556}") = "Type", "Type\Type.csproj", "{15E757D2-BCD7-4C8F-B006-8F473D1747EC}"
EndProject
Project("{9A19103F-16F7-4668-BE54-9A1E7A4F7556}") = "Reflection", "Reflection\Reflection.csproj", "{D2C8EFC2-3403-486A-B0DD-CA618F5228C5}"
EndProject
Project("{9A19103F-16F7-4668-BE54-9A1E7A4F7556}") = "Attributes", "Attributes\Attributes.csproj", "{E6659C1E-1812-4D12-B237-C3E65A016F7F}"
EndProject
Project("{9A19103F-16F7-4668-BE54-9A1E7A4F7556}") = "01.Stealer", "01.Stealer\01.Stealer.csproj", "{3E094367-0898-47D2-8A9B-ECD2EE3825C5}"
EndProject
Project("{9A19103F-16F7-4668-BE54-9A1E7A4F7556}") = "02.HighQualityMistakes", "02.HighQualityMistakes\02.HighQualityMistakes.csproj", "{065CFE74-99CE-44DA-BB57-42264ED6CE7C}"
EndProject
Project("{9A19103F-16F7-4668-BE54-9A1E7A4F7556}") = "03.MissionPrivateImpossible", "03.MissionPrivateImpossible\03.MissionPrivateImpossible.csproj", "{95DC28FA-4D28-4ABE-8ED2-090BDE5B5B35}"
EndProject
Project("{9A19103F-16F7-4668-BE54-9A1E7A4F7556}") = "04.Selector", "04.Selector\04.Selector.csproj", "{AAF15610-88C6-4F88-ACD2-CC8E3F56E500}"
EndProject
Project("{9A19103F-16F7-4668-BE54-9A1E7A4F7556}") = "05.CreateAttribute", "05.CreateAttribute\05.CreateAttribute.csproj", "{ADF87042-CB6C-4632-B17F-3EA65A7EF0F9}"
EndProject
Project("{9A19103F-16F7-4668-BE54-9A1E7A4F7556}") = "06.CodingTracker", "06.CodingTracker\06.CodingTracker.csproj", "{40F47548-C648-455E-A6A7-40761AF4C1D2}"
EndProject
Project("{9A19103F-16F7-4668-BE54-9A1E7A4F7556}") = "Shop", "Shop\Shop.csproj", "{07D7DEEC-8D93-4D2D-BA1A-2B3BADEDE5CB}"
EndProject
Project("{9A19103F-16F7-4668-BE54-9A1E7A4F7556}") = "Shop.Tests", "Shop.Tests\Shop.Tests.csproj", "{A331ECC4-75C4-4E18-AD2F-767053BD2729}"
EndProject
Project("{2150E333-8FDC-42A3-9474-1A3956D46DE8}") = "SRP", "SRP", "{C4C86B0C-070D-4C1C-AC56-2C2C73824C2B}"
EndProject
Project("{9A19103F-16F7-4668-BE54-9A1E7A4F7556}") = "P01. DrawingShape-After", "01. SRP\P01. DrawingShape-After\P01. DrawingShape-After.csproj", "{480E4F30-E37F-4B70-AE2B-61262C425A6D}"
EndProject
Project("{9A19103F-16F7-4668-BE54-9A1E7A4F7556}") = "P01. DrawingShape-Before", "01. SRP\P01. DrawingShape-Before\P01. DrawingShape-Before.csproj", "{5F7A507F-905B-4906-BE92-1A760B8F2916}"
EndProject
Project("{9A19103F-16F7-4668-BE54-9A1E7A4F7556}") = "P02. Books-After", "01. SRP\P02. Books-After\P02. Books-After.csproj", "{A944E3B5-3889-4443-99AA-D761ADF65CE6}"
EndProject
Project("{9A19103F-16F7-4668-BE54-9A1E7A4F7556}") = "P02. Books-Before", "01. SRP\P02. Books-Before\P02. Books-Before.csproj", "{AF378F66-B304-4FFA-8818-10E10CCB89D2}"
EndProject
Project("{2150E333-8FDC-42A3-9474-1A3956D46DE8}") = "OCP", "OCP", "{16983582-B666-4AF3-B255-9914BBE4482F}"
EndProject
Project("{9A19103F-16F7-4668-BE54-9A1E7A4F7556}") = "P01. FileStream-After", "02. OCP\P01. FileStream-After\P01. FileStream-After.csproj", "{5DC6E3D4-314E-43CF-88B4-6A73FB82BF18}"
EndProject
Project("{9A19103F-16F7-4668-BE54-9A1E7A4F7556}") = "P01. FileStream-Before", "02. OCP\P01. FileStream-Before\P01. FileStream-Before.csproj", "{B7AF3CF9-3054-49CD-B4B7-DBCE026DB486}"
EndProject
Project("{9A19103F-16F7-4668-BE54-9A1E7A4F7556}") = "P02. DrawingShape-After", "02. OCP\P02. DrawingShape-After\P02. DrawingShape-After.csproj", "{74CC4990-35E2-4556-B246-CF271DDCC9E0}"
EndProject
Project("{9A19103F-16F7-4668-BE54-9A1E7A4F7556}") = "P02. DrawingShape-Before", "02. OCP\P02. DrawingShape-Before\P02. DrawingShape-Before.csproj", "{98FB901A-4F0E-4B0E-A39A-43A7C999E612}"
EndProject
Project("{9A19103F-16F7-4668-BE54-9A1E7A4F7556}") = "P03. ShoppingCart-After", "02. OCP\P03. ShoppingCart-After\P03. ShoppingCart-After.csproj", "{77D9D944-E9A8-4854-A341-22A3801F73A8}"
EndProject
Project("{9A19103F-16F7-4668-BE54-9A1E7A4F7556}") = "P03. ShoppingCart-Before", "02. OCP\P03. ShoppingCart-Before\P03. ShoppingCart-Before.csproj", "{B232AC9A-6BAA-4912-B757-49F3BFD111A2}"
EndProject
Project("{2150E333-8FDC-42A3-9474-1A3956D46DE8}") = "LSP", "LSP", "{4840F6A2-A1FC-45A7-8128-5139F2E6B675}"
EndProject
Project("{9A19103F-16F7-4668-BE54-9A1E7A4F7556}") = "P01. Square-After", "03. Liskov Substitution\P01. Square-After\P01. Square-After.csproj", "{2F80E126-2656-4AC4-85F5-B99EDB85A331}"
EndProject
Project("{9A19103F-16F7-4668-BE54-9A1E7A4F7556}") = "P01. Square-Before", "03. Liskov Substitution\P01. Square-Before\P01. Square-Before.csproj", "{ACF56300-0852-419D-B709-CFAD7F348139}"
EndProject
Project("{2150E333-8FDC-42A3-9474-1A3956D46DE8}") = "ISP", "ISP", "{A6DB3A50-D3C5-448F-82CD-004FCDB853E4}"
EndProject
Project("{9A19103F-16F7-4668-BE54-9A1E7A4F7556}") = "P01. Worker-After", "04. ISP\P01. Worker-After\P01. Worker-After.csproj", "{FB2C0E4D-DD24-4CB6-9E34-E95B57A60470}"
EndProject
Project("{9A19103F-16F7-4668-BE54-9A1E7A4F7556}") = "P01. Worker-Before", "04. ISP\P01. Worker-Before\P01. Worker-Before.csproj", "{832E7833-7ECB-4F1D-BA46-347E1B6FF9C7}"
EndProject
Project("{9A19103F-16F7-4668-BE54-9A1E7A4F7556}") = "P02. Identity-After", "04. ISP\P02. Identity-After\P02. Identity-After.csproj", "{75F91B90-89AF-4760-B7B9-A1AF0537A900}"
EndProject
Project("{9A19103F-16F7-4668-BE54-9A1E7A4F7556}") = "P02. Identity-Before", "04. ISP\P02. Identity-Before\P02. Identity-Before.csproj", "{03284724-B792-49DE-AC24-BEFC330610F1}"
EndProject
Project("{2150E333-8FDC-42A3-9474-1A3956D46DE8}") = "DIP", "DIP", "{F2D6DC7C-3859-4B0C-ABCB-4202B7192803}"
EndProject
Project("{9A19103F-16F7-4668-BE54-9A1E7A4F7556}") = "P01. HelloWorld-After", "05. DIP\P01. HelloWorld-After\P01. HelloWorld-After.csproj", "{1797EDF3-15B7-4813-930D-5D0643307199}"
EndProject
Project("{9A19103F-16F7-4668-BE54-9A1E7A4F7556}") = "P01. HelloWorld-Before", "05. DIP\P01. HelloWorld-Before\P01. HelloWorld-Before.csproj", "{799A518B-621A-49FE-8BAB-45998E2DF6A7}"
EndProject
Project("{9A19103F-16F7-4668-BE54-9A1E7A4F7556}") = "P02. Worker-After", "05. DIP\P02. Worker-After\P02. Worker-After.csproj", "{78DE1FD9-56AF-4AEF-8AA8-0D7DA621A140}"
EndProject
Project("{9A19103F-16F7-4668-BE54-9A1E7A4F7556}") = "P02. Worker-Before", "05. DIP\P02. Worker-Before\P02. Worker-Before.csproj", "{B3F638FE-36DE-42A9-B470-79EEC2E90705}"
EndProject
Project("{9A19103F-16F7-4668-BE54-9A1E7A4F7556}") = "P03. Database-After", "05. DIP\P03. Database-After\P03. Database-After.csproj", "{8FE7C24A-D865-4E25-BFB6-10F860BE3400}"
EndProject
Project("{9A19103F-16F7-4668-BE54-9A1E7A4F7556}") = "P03. Database-Before", "05. DIP\P03. Database-Before\P03. Database-Before.csproj", "{E2429708-A4A6-499C-9505-6FD9C7DE80DF}"
EndProject
Project("{2150E333-8FDC-42A3-9474-1A3956D46DE8}") = "Demos", "Demos", "{9EF3C723-BE20-4FB5-AB7D-CB11632CB232}"
EndProject
Project("{9A19103F-16F7-4668-BE54-9A1E7A4F7556}") = "Skeleton", "Skeleton\Skeleton.csproj", "{8E84A9EE-6C74-4E16-9F0E-77457CBC52BB}"
EndProject
Project("{9A19103F-16F7-4668-BE54-9A1E7A4F7556}") = "Skeleton.Tests", "Skeleton.Tests\Skeleton.Tests.csproj", "{2D603A6B-8788-48F4-9D08-47F774B5FF80}"
EndProject
Global
	GlobalSection(SolutionConfigurationPlatforms) = preSolution
		Debug|Any CPU = Debug|Any CPU
		Release|Any CPU = Release|Any CPU
	EndGlobalSection
	GlobalSection(ProjectConfigurationPlatforms) = postSolution
		{CD6A8359-DA49-4DAA-84A7-FA341BC00978}.Debug|Any CPU.ActiveCfg = Debug|Any CPU
		{CD6A8359-DA49-4DAA-84A7-FA341BC00978}.Debug|Any CPU.Build.0 = Debug|Any CPU
		{CD6A8359-DA49-4DAA-84A7-FA341BC00978}.Release|Any CPU.ActiveCfg = Release|Any CPU
		{CD6A8359-DA49-4DAA-84A7-FA341BC00978}.Release|Any CPU.Build.0 = Release|Any CPU
		{89CFB66A-9410-4057-8ABA-54980D066262}.Debug|Any CPU.ActiveCfg = Debug|Any CPU
		{89CFB66A-9410-4057-8ABA-54980D066262}.Debug|Any CPU.Build.0 = Debug|Any CPU
		{89CFB66A-9410-4057-8ABA-54980D066262}.Release|Any CPU.ActiveCfg = Release|Any CPU
		{89CFB66A-9410-4057-8ABA-54980D066262}.Release|Any CPU.Build.0 = Release|Any CPU
		{244EE348-CAC5-477A-B611-5BD81419D7CE}.Debug|Any CPU.ActiveCfg = Debug|Any CPU
		{244EE348-CAC5-477A-B611-5BD81419D7CE}.Debug|Any CPU.Build.0 = Debug|Any CPU
		{244EE348-CAC5-477A-B611-5BD81419D7CE}.Release|Any CPU.ActiveCfg = Release|Any CPU
		{244EE348-CAC5-477A-B611-5BD81419D7CE}.Release|Any CPU.Build.0 = Release|Any CPU
		{71C3DE4E-663A-4CA8-98B8-A4FA3CE2E8A3}.Debug|Any CPU.ActiveCfg = Debug|Any CPU
		{71C3DE4E-663A-4CA8-98B8-A4FA3CE2E8A3}.Debug|Any CPU.Build.0 = Debug|Any CPU
		{71C3DE4E-663A-4CA8-98B8-A4FA3CE2E8A3}.Release|Any CPU.ActiveCfg = Release|Any CPU
		{71C3DE4E-663A-4CA8-98B8-A4FA3CE2E8A3}.Release|Any CPU.Build.0 = Release|Any CPU
		{C52728AF-C005-40F7-A98E-8AFE77885E37}.Debug|Any CPU.ActiveCfg = Debug|Any CPU
		{C52728AF-C005-40F7-A98E-8AFE77885E37}.Debug|Any CPU.Build.0 = Debug|Any CPU
		{C52728AF-C005-40F7-A98E-8AFE77885E37}.Release|Any CPU.ActiveCfg = Release|Any CPU
		{C52728AF-C005-40F7-A98E-8AFE77885E37}.Release|Any CPU.Build.0 = Release|Any CPU
		{71C1AA79-7028-499A-A893-A49B95EA9C03}.Debug|Any CPU.ActiveCfg = Debug|Any CPU
		{71C1AA79-7028-499A-A893-A49B95EA9C03}.Debug|Any CPU.Build.0 = Debug|Any CPU
		{71C1AA79-7028-499A-A893-A49B95EA9C03}.Release|Any CPU.ActiveCfg = Release|Any CPU
		{71C1AA79-7028-499A-A893-A49B95EA9C03}.Release|Any CPU.Build.0 = Release|Any CPU
		{E34AD9BD-DE04-40E1-B1AC-009D498B51E0}.Debug|Any CPU.ActiveCfg = Debug|Any CPU
		{E34AD9BD-DE04-40E1-B1AC-009D498B51E0}.Debug|Any CPU.Build.0 = Debug|Any CPU
		{E34AD9BD-DE04-40E1-B1AC-009D498B51E0}.Release|Any CPU.ActiveCfg = Release|Any CPU
		{E34AD9BD-DE04-40E1-B1AC-009D498B51E0}.Release|Any CPU.Build.0 = Release|Any CPU
		{82DBF575-4F3B-4F93-9BBB-CF6ADF06D356}.Debug|Any CPU.ActiveCfg = Debug|Any CPU
		{82DBF575-4F3B-4F93-9BBB-CF6ADF06D356}.Debug|Any CPU.Build.0 = Debug|Any CPU
		{82DBF575-4F3B-4F93-9BBB-CF6ADF06D356}.Release|Any CPU.ActiveCfg = Release|Any CPU
		{82DBF575-4F3B-4F93-9BBB-CF6ADF06D356}.Release|Any CPU.Build.0 = Release|Any CPU
		{235B5D1F-8FB3-4CCE-B201-554DD6DDD8B4}.Debug|Any CPU.ActiveCfg = Debug|Any CPU
		{235B5D1F-8FB3-4CCE-B201-554DD6DDD8B4}.Debug|Any CPU.Build.0 = Debug|Any CPU
		{235B5D1F-8FB3-4CCE-B201-554DD6DDD8B4}.Release|Any CPU.ActiveCfg = Release|Any CPU
		{235B5D1F-8FB3-4CCE-B201-554DD6DDD8B4}.Release|Any CPU.Build.0 = Release|Any CPU
		{BFCCCA7E-2640-4376-BAF3-55D5EAEB0C6B}.Debug|Any CPU.ActiveCfg = Debug|Any CPU
		{BFCCCA7E-2640-4376-BAF3-55D5EAEB0C6B}.Debug|Any CPU.Build.0 = Debug|Any CPU
		{BFCCCA7E-2640-4376-BAF3-55D5EAEB0C6B}.Release|Any CPU.ActiveCfg = Release|Any CPU
		{BFCCCA7E-2640-4376-BAF3-55D5EAEB0C6B}.Release|Any CPU.Build.0 = Release|Any CPU
		{954D9D8B-78A8-410C-954D-33AAF40C3FC8}.Debug|Any CPU.ActiveCfg = Debug|Any CPU
		{954D9D8B-78A8-410C-954D-33AAF40C3FC8}.Debug|Any CPU.Build.0 = Debug|Any CPU
		{954D9D8B-78A8-410C-954D-33AAF40C3FC8}.Release|Any CPU.ActiveCfg = Release|Any CPU
		{954D9D8B-78A8-410C-954D-33AAF40C3FC8}.Release|Any CPU.Build.0 = Release|Any CPU
		{ECD9F6AF-1164-4364-B1AC-5C4BA659CEEB}.Debug|Any CPU.ActiveCfg = Debug|Any CPU
		{ECD9F6AF-1164-4364-B1AC-5C4BA659CEEB}.Debug|Any CPU.Build.0 = Debug|Any CPU
		{ECD9F6AF-1164-4364-B1AC-5C4BA659CEEB}.Release|Any CPU.ActiveCfg = Release|Any CPU
		{ECD9F6AF-1164-4364-B1AC-5C4BA659CEEB}.Release|Any CPU.Build.0 = Release|Any CPU
		{53461034-7C87-4652-B526-B83FFC240568}.Debug|Any CPU.ActiveCfg = Debug|Any CPU
		{53461034-7C87-4652-B526-B83FFC240568}.Debug|Any CPU.Build.0 = Debug|Any CPU
		{53461034-7C87-4652-B526-B83FFC240568}.Release|Any CPU.ActiveCfg = Release|Any CPU
		{53461034-7C87-4652-B526-B83FFC240568}.Release|Any CPU.Build.0 = Release|Any CPU
		{A3AF71B0-577E-4E91-B4DE-24105F5A6132}.Debug|Any CPU.ActiveCfg = Debug|Any CPU
		{A3AF71B0-577E-4E91-B4DE-24105F5A6132}.Debug|Any CPU.Build.0 = Debug|Any CPU
		{A3AF71B0-577E-4E91-B4DE-24105F5A6132}.Release|Any CPU.ActiveCfg = Release|Any CPU
		{A3AF71B0-577E-4E91-B4DE-24105F5A6132}.Release|Any CPU.Build.0 = Release|Any CPU
		{BBDD663C-6256-4048-8E14-E1AF1D73C83A}.Debug|Any CPU.ActiveCfg = Debug|Any CPU
		{BBDD663C-6256-4048-8E14-E1AF1D73C83A}.Debug|Any CPU.Build.0 = Debug|Any CPU
		{BBDD663C-6256-4048-8E14-E1AF1D73C83A}.Release|Any CPU.ActiveCfg = Release|Any CPU
		{BBDD663C-6256-4048-8E14-E1AF1D73C83A}.Release|Any CPU.Build.0 = Release|Any CPU
		{3D22C1F7-44AA-40D7-8193-B7643DCD1AE1}.Debug|Any CPU.ActiveCfg = Debug|Any CPU
		{3D22C1F7-44AA-40D7-8193-B7643DCD1AE1}.Debug|Any CPU.Build.0 = Debug|Any CPU
		{3D22C1F7-44AA-40D7-8193-B7643DCD1AE1}.Release|Any CPU.ActiveCfg = Release|Any CPU
		{3D22C1F7-44AA-40D7-8193-B7643DCD1AE1}.Release|Any CPU.Build.0 = Release|Any CPU
		{1E7FD961-2103-40A1-BCBA-1A7278AEF1E5}.Debug|Any CPU.ActiveCfg = Debug|Any CPU
		{1E7FD961-2103-40A1-BCBA-1A7278AEF1E5}.Debug|Any CPU.Build.0 = Debug|Any CPU
		{1E7FD961-2103-40A1-BCBA-1A7278AEF1E5}.Release|Any CPU.ActiveCfg = Release|Any CPU
		{1E7FD961-2103-40A1-BCBA-1A7278AEF1E5}.Release|Any CPU.Build.0 = Release|Any CPU
		{6A1FD965-6745-4C88-93B3-883F5DA7D1B8}.Debug|Any CPU.ActiveCfg = Debug|Any CPU
		{6A1FD965-6745-4C88-93B3-883F5DA7D1B8}.Debug|Any CPU.Build.0 = Debug|Any CPU
		{6A1FD965-6745-4C88-93B3-883F5DA7D1B8}.Release|Any CPU.ActiveCfg = Release|Any CPU
		{6A1FD965-6745-4C88-93B3-883F5DA7D1B8}.Release|Any CPU.Build.0 = Release|Any CPU
		{7BECD752-D276-46FD-8B44-D127C3DBEE40}.Debug|Any CPU.ActiveCfg = Debug|Any CPU
		{7BECD752-D276-46FD-8B44-D127C3DBEE40}.Debug|Any CPU.Build.0 = Debug|Any CPU
		{7BECD752-D276-46FD-8B44-D127C3DBEE40}.Release|Any CPU.ActiveCfg = Release|Any CPU
		{7BECD752-D276-46FD-8B44-D127C3DBEE40}.Release|Any CPU.Build.0 = Release|Any CPU
		{5631AFB6-D37C-4404-B6AC-72C44430D0A6}.Debug|Any CPU.ActiveCfg = Debug|Any CPU
		{5631AFB6-D37C-4404-B6AC-72C44430D0A6}.Debug|Any CPU.Build.0 = Debug|Any CPU
		{5631AFB6-D37C-4404-B6AC-72C44430D0A6}.Release|Any CPU.ActiveCfg = Release|Any CPU
		{5631AFB6-D37C-4404-B6AC-72C44430D0A6}.Release|Any CPU.Build.0 = Release|Any CPU
		{D5F0FB22-0518-4687-8C62-ED33AF2A5FA1}.Debug|Any CPU.ActiveCfg = Debug|Any CPU
		{D5F0FB22-0518-4687-8C62-ED33AF2A5FA1}.Debug|Any CPU.Build.0 = Debug|Any CPU
		{D5F0FB22-0518-4687-8C62-ED33AF2A5FA1}.Release|Any CPU.ActiveCfg = Release|Any CPU
		{D5F0FB22-0518-4687-8C62-ED33AF2A5FA1}.Release|Any CPU.Build.0 = Release|Any CPU
		{09D87B26-A7D9-4CE9-923E-54D6AA880F55}.Debug|Any CPU.ActiveCfg = Debug|Any CPU
		{09D87B26-A7D9-4CE9-923E-54D6AA880F55}.Debug|Any CPU.Build.0 = Debug|Any CPU
		{09D87B26-A7D9-4CE9-923E-54D6AA880F55}.Release|Any CPU.ActiveCfg = Release|Any CPU
		{09D87B26-A7D9-4CE9-923E-54D6AA880F55}.Release|Any CPU.Build.0 = Release|Any CPU
		{E1D22267-8F27-457D-A75F-32078423D9AA}.Debug|Any CPU.ActiveCfg = Debug|Any CPU
		{E1D22267-8F27-457D-A75F-32078423D9AA}.Debug|Any CPU.Build.0 = Debug|Any CPU
		{E1D22267-8F27-457D-A75F-32078423D9AA}.Release|Any CPU.ActiveCfg = Release|Any CPU
		{E1D22267-8F27-457D-A75F-32078423D9AA}.Release|Any CPU.Build.0 = Release|Any CPU
		{2DA50085-1219-4C4B-A4C8-653334BB032C}.Debug|Any CPU.ActiveCfg = Debug|Any CPU
		{2DA50085-1219-4C4B-A4C8-653334BB032C}.Debug|Any CPU.Build.0 = Debug|Any CPU
		{2DA50085-1219-4C4B-A4C8-653334BB032C}.Release|Any CPU.ActiveCfg = Release|Any CPU
		{2DA50085-1219-4C4B-A4C8-653334BB032C}.Release|Any CPU.Build.0 = Release|Any CPU
		{F596BEAB-7213-4ADB-A630-E360156E45F3}.Debug|Any CPU.ActiveCfg = Debug|Any CPU
		{F596BEAB-7213-4ADB-A630-E360156E45F3}.Debug|Any CPU.Build.0 = Debug|Any CPU
		{F596BEAB-7213-4ADB-A630-E360156E45F3}.Release|Any CPU.ActiveCfg = Release|Any CPU
		{F596BEAB-7213-4ADB-A630-E360156E45F3}.Release|Any CPU.Build.0 = Release|Any CPU
		{A3233335-021B-49FD-85D5-A91572BB2F55}.Debug|Any CPU.ActiveCfg = Debug|Any CPU
		{A3233335-021B-49FD-85D5-A91572BB2F55}.Debug|Any CPU.Build.0 = Debug|Any CPU
		{A3233335-021B-49FD-85D5-A91572BB2F55}.Release|Any CPU.ActiveCfg = Release|Any CPU
		{A3233335-021B-49FD-85D5-A91572BB2F55}.Release|Any CPU.Build.0 = Release|Any CPU
		{162B7785-E3DF-4C77-B867-6299EA15E739}.Debug|Any CPU.ActiveCfg = Debug|Any CPU
		{162B7785-E3DF-4C77-B867-6299EA15E739}.Debug|Any CPU.Build.0 = Debug|Any CPU
		{162B7785-E3DF-4C77-B867-6299EA15E739}.Release|Any CPU.ActiveCfg = Release|Any CPU
		{162B7785-E3DF-4C77-B867-6299EA15E739}.Release|Any CPU.Build.0 = Release|Any CPU
		{DA850AFE-72D2-4244-85BB-0C972FD579CD}.Debug|Any CPU.ActiveCfg = Debug|Any CPU
		{DA850AFE-72D2-4244-85BB-0C972FD579CD}.Debug|Any CPU.Build.0 = Debug|Any CPU
		{DA850AFE-72D2-4244-85BB-0C972FD579CD}.Release|Any CPU.ActiveCfg = Release|Any CPU
		{DA850AFE-72D2-4244-85BB-0C972FD579CD}.Release|Any CPU.Build.0 = Release|Any CPU
		{87C2B1F3-F585-4016-8AE1-5DECBB2DA8C9}.Debug|Any CPU.ActiveCfg = Debug|Any CPU
		{87C2B1F3-F585-4016-8AE1-5DECBB2DA8C9}.Debug|Any CPU.Build.0 = Debug|Any CPU
		{87C2B1F3-F585-4016-8AE1-5DECBB2DA8C9}.Release|Any CPU.ActiveCfg = Release|Any CPU
		{87C2B1F3-F585-4016-8AE1-5DECBB2DA8C9}.Release|Any CPU.Build.0 = Release|Any CPU
		{7F3E5D39-7683-4355-BD96-DAE83622296D}.Debug|Any CPU.ActiveCfg = Debug|Any CPU
		{7F3E5D39-7683-4355-BD96-DAE83622296D}.Debug|Any CPU.Build.0 = Debug|Any CPU
		{7F3E5D39-7683-4355-BD96-DAE83622296D}.Release|Any CPU.ActiveCfg = Release|Any CPU
		{7F3E5D39-7683-4355-BD96-DAE83622296D}.Release|Any CPU.Build.0 = Release|Any CPU
		{15E757D2-BCD7-4C8F-B006-8F473D1747EC}.Debug|Any CPU.ActiveCfg = Debug|Any CPU
		{15E757D2-BCD7-4C8F-B006-8F473D1747EC}.Debug|Any CPU.Build.0 = Debug|Any CPU
		{15E757D2-BCD7-4C8F-B006-8F473D1747EC}.Release|Any CPU.ActiveCfg = Release|Any CPU
		{15E757D2-BCD7-4C8F-B006-8F473D1747EC}.Release|Any CPU.Build.0 = Release|Any CPU
		{D2C8EFC2-3403-486A-B0DD-CA618F5228C5}.Debug|Any CPU.ActiveCfg = Debug|Any CPU
		{D2C8EFC2-3403-486A-B0DD-CA618F5228C5}.Debug|Any CPU.Build.0 = Debug|Any CPU
		{D2C8EFC2-3403-486A-B0DD-CA618F5228C5}.Release|Any CPU.ActiveCfg = Release|Any CPU
		{D2C8EFC2-3403-486A-B0DD-CA618F5228C5}.Release|Any CPU.Build.0 = Release|Any CPU
		{E6659C1E-1812-4D12-B237-C3E65A016F7F}.Debug|Any CPU.ActiveCfg = Debug|Any CPU
		{E6659C1E-1812-4D12-B237-C3E65A016F7F}.Debug|Any CPU.Build.0 = Debug|Any CPU
		{E6659C1E-1812-4D12-B237-C3E65A016F7F}.Release|Any CPU.ActiveCfg = Release|Any CPU
		{E6659C1E-1812-4D12-B237-C3E65A016F7F}.Release|Any CPU.Build.0 = Release|Any CPU
		{3E094367-0898-47D2-8A9B-ECD2EE3825C5}.Debug|Any CPU.ActiveCfg = Debug|Any CPU
		{3E094367-0898-47D2-8A9B-ECD2EE3825C5}.Debug|Any CPU.Build.0 = Debug|Any CPU
		{3E094367-0898-47D2-8A9B-ECD2EE3825C5}.Release|Any CPU.ActiveCfg = Release|Any CPU
		{3E094367-0898-47D2-8A9B-ECD2EE3825C5}.Release|Any CPU.Build.0 = Release|Any CPU
		{065CFE74-99CE-44DA-BB57-42264ED6CE7C}.Debug|Any CPU.ActiveCfg = Debug|Any CPU
		{065CFE74-99CE-44DA-BB57-42264ED6CE7C}.Debug|Any CPU.Build.0 = Debug|Any CPU
		{065CFE74-99CE-44DA-BB57-42264ED6CE7C}.Release|Any CPU.ActiveCfg = Release|Any CPU
		{065CFE74-99CE-44DA-BB57-42264ED6CE7C}.Release|Any CPU.Build.0 = Release|Any CPU
		{95DC28FA-4D28-4ABE-8ED2-090BDE5B5B35}.Debug|Any CPU.ActiveCfg = Debug|Any CPU
		{95DC28FA-4D28-4ABE-8ED2-090BDE5B5B35}.Debug|Any CPU.Build.0 = Debug|Any CPU
		{95DC28FA-4D28-4ABE-8ED2-090BDE5B5B35}.Release|Any CPU.ActiveCfg = Release|Any CPU
		{95DC28FA-4D28-4ABE-8ED2-090BDE5B5B35}.Release|Any CPU.Build.0 = Release|Any CPU
		{AAF15610-88C6-4F88-ACD2-CC8E3F56E500}.Debug|Any CPU.ActiveCfg = Debug|Any CPU
		{AAF15610-88C6-4F88-ACD2-CC8E3F56E500}.Debug|Any CPU.Build.0 = Debug|Any CPU
		{AAF15610-88C6-4F88-ACD2-CC8E3F56E500}.Release|Any CPU.ActiveCfg = Release|Any CPU
		{AAF15610-88C6-4F88-ACD2-CC8E3F56E500}.Release|Any CPU.Build.0 = Release|Any CPU
		{ADF87042-CB6C-4632-B17F-3EA65A7EF0F9}.Debug|Any CPU.ActiveCfg = Debug|Any CPU
		{ADF87042-CB6C-4632-B17F-3EA65A7EF0F9}.Debug|Any CPU.Build.0 = Debug|Any CPU
		{ADF87042-CB6C-4632-B17F-3EA65A7EF0F9}.Release|Any CPU.ActiveCfg = Release|Any CPU
		{ADF87042-CB6C-4632-B17F-3EA65A7EF0F9}.Release|Any CPU.Build.0 = Release|Any CPU
		{40F47548-C648-455E-A6A7-40761AF4C1D2}.Debug|Any CPU.ActiveCfg = Debug|Any CPU
		{40F47548-C648-455E-A6A7-40761AF4C1D2}.Debug|Any CPU.Build.0 = Debug|Any CPU
		{40F47548-C648-455E-A6A7-40761AF4C1D2}.Release|Any CPU.ActiveCfg = Release|Any CPU
		{40F47548-C648-455E-A6A7-40761AF4C1D2}.Release|Any CPU.Build.0 = Release|Any CPU
		{07D7DEEC-8D93-4D2D-BA1A-2B3BADEDE5CB}.Debug|Any CPU.ActiveCfg = Debug|Any CPU
		{07D7DEEC-8D93-4D2D-BA1A-2B3BADEDE5CB}.Debug|Any CPU.Build.0 = Debug|Any CPU
		{07D7DEEC-8D93-4D2D-BA1A-2B3BADEDE5CB}.Release|Any CPU.ActiveCfg = Release|Any CPU
		{07D7DEEC-8D93-4D2D-BA1A-2B3BADEDE5CB}.Release|Any CPU.Build.0 = Release|Any CPU
		{A331ECC4-75C4-4E18-AD2F-767053BD2729}.Debug|Any CPU.ActiveCfg = Debug|Any CPU
		{A331ECC4-75C4-4E18-AD2F-767053BD2729}.Debug|Any CPU.Build.0 = Debug|Any CPU
		{A331ECC4-75C4-4E18-AD2F-767053BD2729}.Release|Any CPU.ActiveCfg = Release|Any CPU
		{A331ECC4-75C4-4E18-AD2F-767053BD2729}.Release|Any CPU.Build.0 = Release|Any CPU
		{480E4F30-E37F-4B70-AE2B-61262C425A6D}.Debug|Any CPU.ActiveCfg = Debug|Any CPU
		{480E4F30-E37F-4B70-AE2B-61262C425A6D}.Debug|Any CPU.Build.0 = Debug|Any CPU
		{480E4F30-E37F-4B70-AE2B-61262C425A6D}.Release|Any CPU.ActiveCfg = Release|Any CPU
		{480E4F30-E37F-4B70-AE2B-61262C425A6D}.Release|Any CPU.Build.0 = Release|Any CPU
		{5F7A507F-905B-4906-BE92-1A760B8F2916}.Debug|Any CPU.ActiveCfg = Debug|Any CPU
		{5F7A507F-905B-4906-BE92-1A760B8F2916}.Debug|Any CPU.Build.0 = Debug|Any CPU
		{5F7A507F-905B-4906-BE92-1A760B8F2916}.Release|Any CPU.ActiveCfg = Release|Any CPU
		{5F7A507F-905B-4906-BE92-1A760B8F2916}.Release|Any CPU.Build.0 = Release|Any CPU
		{A944E3B5-3889-4443-99AA-D761ADF65CE6}.Debug|Any CPU.ActiveCfg = Debug|Any CPU
		{A944E3B5-3889-4443-99AA-D761ADF65CE6}.Debug|Any CPU.Build.0 = Debug|Any CPU
		{A944E3B5-3889-4443-99AA-D761ADF65CE6}.Release|Any CPU.ActiveCfg = Release|Any CPU
		{A944E3B5-3889-4443-99AA-D761ADF65CE6}.Release|Any CPU.Build.0 = Release|Any CPU
		{AF378F66-B304-4FFA-8818-10E10CCB89D2}.Debug|Any CPU.ActiveCfg = Debug|Any CPU
		{AF378F66-B304-4FFA-8818-10E10CCB89D2}.Debug|Any CPU.Build.0 = Debug|Any CPU
		{AF378F66-B304-4FFA-8818-10E10CCB89D2}.Release|Any CPU.ActiveCfg = Release|Any CPU
		{AF378F66-B304-4FFA-8818-10E10CCB89D2}.Release|Any CPU.Build.0 = Release|Any CPU
		{5DC6E3D4-314E-43CF-88B4-6A73FB82BF18}.Debug|Any CPU.ActiveCfg = Debug|Any CPU
		{5DC6E3D4-314E-43CF-88B4-6A73FB82BF18}.Debug|Any CPU.Build.0 = Debug|Any CPU
		{5DC6E3D4-314E-43CF-88B4-6A73FB82BF18}.Release|Any CPU.ActiveCfg = Release|Any CPU
		{5DC6E3D4-314E-43CF-88B4-6A73FB82BF18}.Release|Any CPU.Build.0 = Release|Any CPU
		{B7AF3CF9-3054-49CD-B4B7-DBCE026DB486}.Debug|Any CPU.ActiveCfg = Debug|Any CPU
		{B7AF3CF9-3054-49CD-B4B7-DBCE026DB486}.Debug|Any CPU.Build.0 = Debug|Any CPU
		{B7AF3CF9-3054-49CD-B4B7-DBCE026DB486}.Release|Any CPU.ActiveCfg = Release|Any CPU
		{B7AF3CF9-3054-49CD-B4B7-DBCE026DB486}.Release|Any CPU.Build.0 = Release|Any CPU
		{74CC4990-35E2-4556-B246-CF271DDCC9E0}.Debug|Any CPU.ActiveCfg = Debug|Any CPU
		{74CC4990-35E2-4556-B246-CF271DDCC9E0}.Debug|Any CPU.Build.0 = Debug|Any CPU
		{74CC4990-35E2-4556-B246-CF271DDCC9E0}.Release|Any CPU.ActiveCfg = Release|Any CPU
		{74CC4990-35E2-4556-B246-CF271DDCC9E0}.Release|Any CPU.Build.0 = Release|Any CPU
		{98FB901A-4F0E-4B0E-A39A-43A7C999E612}.Debug|Any CPU.ActiveCfg = Debug|Any CPU
		{98FB901A-4F0E-4B0E-A39A-43A7C999E612}.Debug|Any CPU.Build.0 = Debug|Any CPU
		{98FB901A-4F0E-4B0E-A39A-43A7C999E612}.Release|Any CPU.ActiveCfg = Release|Any CPU
		{98FB901A-4F0E-4B0E-A39A-43A7C999E612}.Release|Any CPU.Build.0 = Release|Any CPU
		{77D9D944-E9A8-4854-A341-22A3801F73A8}.Debug|Any CPU.ActiveCfg = Debug|Any CPU
		{77D9D944-E9A8-4854-A341-22A3801F73A8}.Debug|Any CPU.Build.0 = Debug|Any CPU
		{77D9D944-E9A8-4854-A341-22A3801F73A8}.Release|Any CPU.ActiveCfg = Release|Any CPU
		{77D9D944-E9A8-4854-A341-22A3801F73A8}.Release|Any CPU.Build.0 = Release|Any CPU
		{B232AC9A-6BAA-4912-B757-49F3BFD111A2}.Debug|Any CPU.ActiveCfg = Debug|Any CPU
		{B232AC9A-6BAA-4912-B757-49F3BFD111A2}.Debug|Any CPU.Build.0 = Debug|Any CPU
		{B232AC9A-6BAA-4912-B757-49F3BFD111A2}.Release|Any CPU.ActiveCfg = Release|Any CPU
		{B232AC9A-6BAA-4912-B757-49F3BFD111A2}.Release|Any CPU.Build.0 = Release|Any CPU
		{2F80E126-2656-4AC4-85F5-B99EDB85A331}.Debug|Any CPU.ActiveCfg = Debug|Any CPU
		{2F80E126-2656-4AC4-85F5-B99EDB85A331}.Debug|Any CPU.Build.0 = Debug|Any CPU
		{2F80E126-2656-4AC4-85F5-B99EDB85A331}.Release|Any CPU.ActiveCfg = Release|Any CPU
		{2F80E126-2656-4AC4-85F5-B99EDB85A331}.Release|Any CPU.Build.0 = Release|Any CPU
		{ACF56300-0852-419D-B709-CFAD7F348139}.Debug|Any CPU.ActiveCfg = Debug|Any CPU
		{ACF56300-0852-419D-B709-CFAD7F348139}.Debug|Any CPU.Build.0 = Debug|Any CPU
		{ACF56300-0852-419D-B709-CFAD7F348139}.Release|Any CPU.ActiveCfg = Release|Any CPU
		{ACF56300-0852-419D-B709-CFAD7F348139}.Release|Any CPU.Build.0 = Release|Any CPU
		{FB2C0E4D-DD24-4CB6-9E34-E95B57A60470}.Debug|Any CPU.ActiveCfg = Debug|Any CPU
		{FB2C0E4D-DD24-4CB6-9E34-E95B57A60470}.Debug|Any CPU.Build.0 = Debug|Any CPU
		{FB2C0E4D-DD24-4CB6-9E34-E95B57A60470}.Release|Any CPU.ActiveCfg = Release|Any CPU
		{FB2C0E4D-DD24-4CB6-9E34-E95B57A60470}.Release|Any CPU.Build.0 = Release|Any CPU
		{832E7833-7ECB-4F1D-BA46-347E1B6FF9C7}.Debug|Any CPU.ActiveCfg = Debug|Any CPU
		{832E7833-7ECB-4F1D-BA46-347E1B6FF9C7}.Debug|Any CPU.Build.0 = Debug|Any CPU
		{832E7833-7ECB-4F1D-BA46-347E1B6FF9C7}.Release|Any CPU.ActiveCfg = Release|Any CPU
		{832E7833-7ECB-4F1D-BA46-347E1B6FF9C7}.Release|Any CPU.Build.0 = Release|Any CPU
		{75F91B90-89AF-4760-B7B9-A1AF0537A900}.Debug|Any CPU.ActiveCfg = Debug|Any CPU
		{75F91B90-89AF-4760-B7B9-A1AF0537A900}.Debug|Any CPU.Build.0 = Debug|Any CPU
		{75F91B90-89AF-4760-B7B9-A1AF0537A900}.Release|Any CPU.ActiveCfg = Release|Any CPU
		{75F91B90-89AF-4760-B7B9-A1AF0537A900}.Release|Any CPU.Build.0 = Release|Any CPU
		{03284724-B792-49DE-AC24-BEFC330610F1}.Debug|Any CPU.ActiveCfg = Debug|Any CPU
		{03284724-B792-49DE-AC24-BEFC330610F1}.Debug|Any CPU.Build.0 = Debug|Any CPU
		{03284724-B792-49DE-AC24-BEFC330610F1}.Release|Any CPU.ActiveCfg = Release|Any CPU
		{03284724-B792-49DE-AC24-BEFC330610F1}.Release|Any CPU.Build.0 = Release|Any CPU
		{1797EDF3-15B7-4813-930D-5D0643307199}.Debug|Any CPU.ActiveCfg = Debug|Any CPU
		{1797EDF3-15B7-4813-930D-5D0643307199}.Debug|Any CPU.Build.0 = Debug|Any CPU
		{1797EDF3-15B7-4813-930D-5D0643307199}.Release|Any CPU.ActiveCfg = Release|Any CPU
		{1797EDF3-15B7-4813-930D-5D0643307199}.Release|Any CPU.Build.0 = Release|Any CPU
		{799A518B-621A-49FE-8BAB-45998E2DF6A7}.Debug|Any CPU.ActiveCfg = Debug|Any CPU
		{799A518B-621A-49FE-8BAB-45998E2DF6A7}.Debug|Any CPU.Build.0 = Debug|Any CPU
		{799A518B-621A-49FE-8BAB-45998E2DF6A7}.Release|Any CPU.ActiveCfg = Release|Any CPU
		{799A518B-621A-49FE-8BAB-45998E2DF6A7}.Release|Any CPU.Build.0 = Release|Any CPU
		{78DE1FD9-56AF-4AEF-8AA8-0D7DA621A140}.Debug|Any CPU.ActiveCfg = Debug|Any CPU
		{78DE1FD9-56AF-4AEF-8AA8-0D7DA621A140}.Debug|Any CPU.Build.0 = Debug|Any CPU
		{78DE1FD9-56AF-4AEF-8AA8-0D7DA621A140}.Release|Any CPU.ActiveCfg = Release|Any CPU
		{78DE1FD9-56AF-4AEF-8AA8-0D7DA621A140}.Release|Any CPU.Build.0 = Release|Any CPU
		{B3F638FE-36DE-42A9-B470-79EEC2E90705}.Debug|Any CPU.ActiveCfg = Debug|Any CPU
		{B3F638FE-36DE-42A9-B470-79EEC2E90705}.Debug|Any CPU.Build.0 = Debug|Any CPU
		{B3F638FE-36DE-42A9-B470-79EEC2E90705}.Release|Any CPU.ActiveCfg = Release|Any CPU
		{B3F638FE-36DE-42A9-B470-79EEC2E90705}.Release|Any CPU.Build.0 = Release|Any CPU
		{8FE7C24A-D865-4E25-BFB6-10F860BE3400}.Debug|Any CPU.ActiveCfg = Debug|Any CPU
		{8FE7C24A-D865-4E25-BFB6-10F860BE3400}.Debug|Any CPU.Build.0 = Debug|Any CPU
		{8FE7C24A-D865-4E25-BFB6-10F860BE3400}.Release|Any CPU.ActiveCfg = Release|Any CPU
		{8FE7C24A-D865-4E25-BFB6-10F860BE3400}.Release|Any CPU.Build.0 = Release|Any CPU
		{E2429708-A4A6-499C-9505-6FD9C7DE80DF}.Debug|Any CPU.ActiveCfg = Debug|Any CPU
		{E2429708-A4A6-499C-9505-6FD9C7DE80DF}.Debug|Any CPU.Build.0 = Debug|Any CPU
		{E2429708-A4A6-499C-9505-6FD9C7DE80DF}.Release|Any CPU.ActiveCfg = Release|Any CPU
		{E2429708-A4A6-499C-9505-6FD9C7DE80DF}.Release|Any CPU.Build.0 = Release|Any CPU
		{8E84A9EE-6C74-4E16-9F0E-77457CBC52BB}.Debug|Any CPU.ActiveCfg = Debug|Any CPU
		{8E84A9EE-6C74-4E16-9F0E-77457CBC52BB}.Debug|Any CPU.Build.0 = Debug|Any CPU
		{8E84A9EE-6C74-4E16-9F0E-77457CBC52BB}.Release|Any CPU.ActiveCfg = Release|Any CPU
		{8E84A9EE-6C74-4E16-9F0E-77457CBC52BB}.Release|Any CPU.Build.0 = Release|Any CPU
		{2D603A6B-8788-48F4-9D08-47F774B5FF80}.Debug|Any CPU.ActiveCfg = Debug|Any CPU
		{2D603A6B-8788-48F4-9D08-47F774B5FF80}.Debug|Any CPU.Build.0 = Debug|Any CPU
		{2D603A6B-8788-48F4-9D08-47F774B5FF80}.Release|Any CPU.ActiveCfg = Release|Any CPU
		{2D603A6B-8788-48F4-9D08-47F774B5FF80}.Release|Any CPU.Build.0 = Release|Any CPU
	EndGlobalSection
	GlobalSection(SolutionProperties) = preSolution
		HideSolutionNode = FALSE
	EndGlobalSection
	GlobalSection(NestedProjects) = preSolution
		{CE8EBC7E-85E3-47D5-8E66-425B42626258} = {FFEA5EF4-E30C-4953-90DD-70394454472C}
		{8D8C3BB9-A772-4C13-9B26-7774FD08F763} = {FFEA5EF4-E30C-4953-90DD-70394454472C}
		{CD6A8359-DA49-4DAA-84A7-FA341BC00978} = {CE8EBC7E-85E3-47D5-8E66-425B42626258}
		{89CFB66A-9410-4057-8ABA-54980D066262} = {CE8EBC7E-85E3-47D5-8E66-425B42626258}
		{244EE348-CAC5-477A-B611-5BD81419D7CE} = {8D8C3BB9-A772-4C13-9B26-7774FD08F763}
		{71C3DE4E-663A-4CA8-98B8-A4FA3CE2E8A3} = {8D8C3BB9-A772-4C13-9B26-7774FD08F763}
		{C52728AF-C005-40F7-A98E-8AFE77885E37} = {8D8C3BB9-A772-4C13-9B26-7774FD08F763}
		{71C1AA79-7028-499A-A893-A49B95EA9C03} = {8D8C3BB9-A772-4C13-9B26-7774FD08F763}
		{42103FE6-81FF-4DC8-830D-6886AD91F262} = {E1A54EA4-6D07-47F0-A31E-1C8E36660D45}
		{E34AD9BD-DE04-40E1-B1AC-009D498B51E0} = {42103FE6-81FF-4DC8-830D-6886AD91F262}
		{82DBF575-4F3B-4F93-9BBB-CF6ADF06D356} = {42103FE6-81FF-4DC8-830D-6886AD91F262}
		{235B5D1F-8FB3-4CCE-B201-554DD6DDD8B4} = {42103FE6-81FF-4DC8-830D-6886AD91F262}
		{BFCCCA7E-2640-4376-BAF3-55D5EAEB0C6B} = {42103FE6-81FF-4DC8-830D-6886AD91F262}
		{954D9D8B-78A8-410C-954D-33AAF40C3FC8} = {42103FE6-81FF-4DC8-830D-6886AD91F262}
		{31C85E73-F03D-43BC-A7B5-57EBCF8FE826} = {E1A54EA4-6D07-47F0-A31E-1C8E36660D45}
		{ECD9F6AF-1164-4364-B1AC-5C4BA659CEEB} = {31C85E73-F03D-43BC-A7B5-57EBCF8FE826}
		{78263500-452C-49F4-8BA3-58E3684FF154} = {A403852A-A76E-4508-B784-FF3CB291FE35}
		{7CF5658E-BF90-42FB-9DFC-70794F00C103} = {A403852A-A76E-4508-B784-FF3CB291FE35}
		{1BD5B680-053C-4319-B81B-56831DD01D7F} = {41D39FA5-1734-4FDD-AA04-49486922DEFA}
		{222336EA-1B30-4AF0-9277-46747C53D29F} = {41D39FA5-1734-4FDD-AA04-49486922DEFA}
		{DDE5DC6B-D61B-4F2F-A575-E82E2ACA36B3} = {0EF1EE60-B8BD-4D60-8340-82A9C2C532F8}
		{007BA84C-98F5-4B8C-9798-8CEFFA870582} = {0EF1EE60-B8BD-4D60-8340-82A9C2C532F8}
		{A60B1273-90F5-4FD1-9BFF-DF2C8A556FFC} = {4DC22B19-E3AE-40BA-955E-BEBE1C7378AC}
		{169A6B96-5CE2-45C6-8FA3-D940E9B92616} = {4DC22B19-E3AE-40BA-955E-BEBE1C7378AC}
		{D5E8F1D4-0652-4B24-BF83-E07C6AA951D2} = {D3C9B089-918B-408F-867A-1B983DD321A1}
		{9981960D-4D16-44DE-BDAA-4536285E704D} = {E7D9687B-4EA1-42E8-9B66-D649D4A58598}
		{C83A7A07-A222-4BBD-BDF3-D8B64D91FA6D} = {D7E4EF6B-2BAC-4F7E-BDCF-3F2032AFC3F2}
		{BE0B4738-8651-4C97-9409-6D627F4949B6} = {D7E4EF6B-2BAC-4F7E-BDCF-3F2032AFC3F2}
		{96A6B34F-433E-44CC-87B0-B200B5C40730} = {F4EC985C-7D6A-4302-8E28-8614DA6C65BC}
		{C3FCE04B-1B7C-47A1-9081-A8356111FF08} = {8C25AD0F-2FCB-4D59-81AD-9ACE5C06E031}
		{53461034-7C87-4652-B526-B83FFC240568} = {7CF5658E-BF90-42FB-9DFC-70794F00C103}
		{A3AF71B0-577E-4E91-B4DE-24105F5A6132} = {78263500-452C-49F4-8BA3-58E3684FF154}
		{BBDD663C-6256-4048-8E14-E1AF1D73C83A} = {9981960D-4D16-44DE-BDAA-4536285E704D}
		{3D22C1F7-44AA-40D7-8193-B7643DCD1AE1} = {D5E8F1D4-0652-4B24-BF83-E07C6AA951D2}
		{1E7FD961-2103-40A1-BCBA-1A7278AEF1E5} = {D5E8F1D4-0652-4B24-BF83-E07C6AA951D2}
		{6A1FD965-6745-4C88-93B3-883F5DA7D1B8} = {D5E8F1D4-0652-4B24-BF83-E07C6AA951D2}
		{7BECD752-D276-46FD-8B44-D127C3DBEE40} = {7CF5658E-BF90-42FB-9DFC-70794F00C103}
		{5631AFB6-D37C-4404-B6AC-72C44430D0A6} = {7CF5658E-BF90-42FB-9DFC-70794F00C103}
		{D5F0FB22-0518-4687-8C62-ED33AF2A5FA1} = {7CF5658E-BF90-42FB-9DFC-70794F00C103}
		{09D87B26-A7D9-4CE9-923E-54D6AA880F55} = {1BD5B680-053C-4319-B81B-56831DD01D7F}
		{E1D22267-8F27-457D-A75F-32078423D9AA} = {1BD5B680-053C-4319-B81B-56831DD01D7F}
		{2DA50085-1219-4C4B-A4C8-653334BB032C} = {222336EA-1B30-4AF0-9277-46747C53D29F}
		{F596BEAB-7213-4ADB-A630-E360156E45F3} = {222336EA-1B30-4AF0-9277-46747C53D29F}
		{A3233335-021B-49FD-85D5-A91572BB2F55} = {DDE5DC6B-D61B-4F2F-A575-E82E2ACA36B3}
		{162B7785-E3DF-4C77-B867-6299EA15E739} = {DDE5DC6B-D61B-4F2F-A575-E82E2ACA36B3}
		{DA850AFE-72D2-4244-85BB-0C972FD579CD} = {007BA84C-98F5-4B8C-9798-8CEFFA870582}
		{87C2B1F3-F585-4016-8AE1-5DECBB2DA8C9} = {007BA84C-98F5-4B8C-9798-8CEFFA870582}
		{7F3E5D39-7683-4355-BD96-DAE83622296D} = {007BA84C-98F5-4B8C-9798-8CEFFA870582}
		{15E757D2-BCD7-4C8F-B006-8F473D1747EC} = {A60B1273-90F5-4FD1-9BFF-DF2C8A556FFC}
		{D2C8EFC2-3403-486A-B0DD-CA618F5228C5} = {A60B1273-90F5-4FD1-9BFF-DF2C8A556FFC}
		{E6659C1E-1812-4D12-B237-C3E65A016F7F} = {A60B1273-90F5-4FD1-9BFF-DF2C8A556FFC}
		{3E094367-0898-47D2-8A9B-ECD2EE3825C5} = {169A6B96-5CE2-45C6-8FA3-D940E9B92616}
		{065CFE74-99CE-44DA-BB57-42264ED6CE7C} = {169A6B96-5CE2-45C6-8FA3-D940E9B92616}
		{95DC28FA-4D28-4ABE-8ED2-090BDE5B5B35} = {169A6B96-5CE2-45C6-8FA3-D940E9B92616}
		{AAF15610-88C6-4F88-ACD2-CC8E3F56E500} = {169A6B96-5CE2-45C6-8FA3-D940E9B92616}
		{ADF87042-CB6C-4632-B17F-3EA65A7EF0F9} = {169A6B96-5CE2-45C6-8FA3-D940E9B92616}
		{40F47548-C648-455E-A6A7-40761AF4C1D2} = {169A6B96-5CE2-45C6-8FA3-D940E9B92616}
		{07D7DEEC-8D93-4D2D-BA1A-2B3BADEDE5CB} = {C83A7A07-A222-4BBD-BDF3-D8B64D91FA6D}
		{A331ECC4-75C4-4E18-AD2F-767053BD2729} = {C83A7A07-A222-4BBD-BDF3-D8B64D91FA6D}
		{C4C86B0C-070D-4C1C-AC56-2C2C73824C2B} = {9EF3C723-BE20-4FB5-AB7D-CB11632CB232}
		{480E4F30-E37F-4B70-AE2B-61262C425A6D} = {C4C86B0C-070D-4C1C-AC56-2C2C73824C2B}
		{5F7A507F-905B-4906-BE92-1A760B8F2916} = {C4C86B0C-070D-4C1C-AC56-2C2C73824C2B}
		{A944E3B5-3889-4443-99AA-D761ADF65CE6} = {C4C86B0C-070D-4C1C-AC56-2C2C73824C2B}
		{AF378F66-B304-4FFA-8818-10E10CCB89D2} = {C4C86B0C-070D-4C1C-AC56-2C2C73824C2B}
		{16983582-B666-4AF3-B255-9914BBE4482F} = {9EF3C723-BE20-4FB5-AB7D-CB11632CB232}
		{5DC6E3D4-314E-43CF-88B4-6A73FB82BF18} = {16983582-B666-4AF3-B255-9914BBE4482F}
		{B7AF3CF9-3054-49CD-B4B7-DBCE026DB486} = {16983582-B666-4AF3-B255-9914BBE4482F}
		{74CC4990-35E2-4556-B246-CF271DDCC9E0} = {16983582-B666-4AF3-B255-9914BBE4482F}
		{98FB901A-4F0E-4B0E-A39A-43A7C999E612} = {16983582-B666-4AF3-B255-9914BBE4482F}
		{77D9D944-E9A8-4854-A341-22A3801F73A8} = {16983582-B666-4AF3-B255-9914BBE4482F}
		{B232AC9A-6BAA-4912-B757-49F3BFD111A2} = {16983582-B666-4AF3-B255-9914BBE4482F}
		{4840F6A2-A1FC-45A7-8128-5139F2E6B675} = {9EF3C723-BE20-4FB5-AB7D-CB11632CB232}
		{2F80E126-2656-4AC4-85F5-B99EDB85A331} = {4840F6A2-A1FC-45A7-8128-5139F2E6B675}
		{ACF56300-0852-419D-B709-CFAD7F348139} = {4840F6A2-A1FC-45A7-8128-5139F2E6B675}
		{A6DB3A50-D3C5-448F-82CD-004FCDB853E4} = {9EF3C723-BE20-4FB5-AB7D-CB11632CB232}
		{FB2C0E4D-DD24-4CB6-9E34-E95B57A60470} = {A6DB3A50-D3C5-448F-82CD-004FCDB853E4}
		{832E7833-7ECB-4F1D-BA46-347E1B6FF9C7} = {A6DB3A50-D3C5-448F-82CD-004FCDB853E4}
		{75F91B90-89AF-4760-B7B9-A1AF0537A900} = {A6DB3A50-D3C5-448F-82CD-004FCDB853E4}
		{03284724-B792-49DE-AC24-BEFC330610F1} = {A6DB3A50-D3C5-448F-82CD-004FCDB853E4}
		{F2D6DC7C-3859-4B0C-ABCB-4202B7192803} = {9EF3C723-BE20-4FB5-AB7D-CB11632CB232}
		{1797EDF3-15B7-4813-930D-5D0643307199} = {F2D6DC7C-3859-4B0C-ABCB-4202B7192803}
		{799A518B-621A-49FE-8BAB-45998E2DF6A7} = {F2D6DC7C-3859-4B0C-ABCB-4202B7192803}
		{78DE1FD9-56AF-4AEF-8AA8-0D7DA621A140} = {F2D6DC7C-3859-4B0C-ABCB-4202B7192803}
		{B3F638FE-36DE-42A9-B470-79EEC2E90705} = {F2D6DC7C-3859-4B0C-ABCB-4202B7192803}
		{8FE7C24A-D865-4E25-BFB6-10F860BE3400} = {F2D6DC7C-3859-4B0C-ABCB-4202B7192803}
		{E2429708-A4A6-499C-9505-6FD9C7DE80DF} = {F2D6DC7C-3859-4B0C-ABCB-4202B7192803}
		{9EF3C723-BE20-4FB5-AB7D-CB11632CB232} = {556D2313-7DC9-48B1-BA8C-FAEE037B3D32}
		{8E84A9EE-6C74-4E16-9F0E-77457CBC52BB} = {BE0B4738-8651-4C97-9409-6D627F4949B6}
		{2D603A6B-8788-48F4-9D08-47F774B5FF80} = {BE0B4738-8651-4C97-9409-6D627F4949B6}
	EndGlobalSection
	GlobalSection(ExtensibilityGlobals) = postSolution
		SolutionGuid = {1DE37A49-B1B4-4B87-A4AF-4F6D18D9B7E1}
	EndGlobalSection
EndGlobal
