
Microsoft Visual Studio Solution File, Format Version 12.00
# Visual Studio Version 16
VisualStudioVersion = 16.0.31424.327
MinimumVisualStudioVersion = 10.0.40219.1
Project("{9A19103F-16F7-4668-BE54-9A1E7A4F7556}") = "HttpRequesterExercise", "HttpRequesterExercise\HttpRequesterExercise.csproj", "{53C0E10F-CF30-4AFD-B573-93FC8C8095D9}"
EndProject
Project("{FAE04EC0-301F-11D3-BF4B-00C04F79EFBC}") = "MakeHttpRequestPartOne", "MakeHttpRequestPartOne\MakeHttpRequestPartOne.csproj", "{3043FC10-1E5C-4373-AB33-537DC04F663A}"
EndProject
Project("{FAE04EC0-301F-11D3-BF4B-00C04F79EFBC}") = "MakeHttpRequestPartTwo", "MakeHttpRequestPartTwo\MakeHttpRequestPartTwo.csproj", "{59D83BA7-618B-4F36-91CC-AA8443072A04}"
EndProject
Global
	GlobalSection(SolutionConfigurationPlatforms) = preSolution
		Debug|Any CPU = Debug|Any CPU
		Release|Any CPU = Release|Any CPU
	EndGlobalSection
	GlobalSection(ProjectConfigurationPlatforms) = postSolution
		{53C0E10F-CF30-4AFD-B573-93FC8C8095D9}.Debug|Any CPU.ActiveCfg = Debug|Any CPU
		{53C0E10F-CF30-4AFD-B573-93FC8C8095D9}.Debug|Any CPU.Build.0 = Debug|Any CPU
		{53C0E10F-CF30-4AFD-B573-93FC8C8095D9}.Release|Any CPU.ActiveCfg = Release|Any CPU
		{53C0E10F-CF30-4AFD-B573-93FC8C8095D9}.Release|Any CPU.Build.0 = Release|Any CPU
		{3043FC10-1E5C-4373-AB33-537DC04F663A}.Debug|Any CPU.ActiveCfg = Debug|Any CPU
		{3043FC10-1E5C-4373-AB33-537DC04F663A}.Debug|Any CPU.Build.0 = Debug|Any CPU
		{3043FC10-1E5C-4373-AB33-537DC04F663A}.Release|Any CPU.ActiveCfg = Release|Any CPU
		{3043FC10-1E5C-4373-AB33-537DC04F663A}.Release|Any CPU.Build.0 = Release|Any CPU
		{59D83BA7-618B-4F36-91CC-AA8443072A04}.Debug|Any CPU.ActiveCfg = Debug|Any CPU
		{59D83BA7-618B-4F36-91CC-AA8443072A04}.Debug|Any CPU.Build.0 = Debug|Any CPU
		{59D83BA7-618B-4F36-91CC-AA8443072A04}.Release|Any CPU.ActiveCfg = Release|Any CPU
		{59D83BA7-618B-4F36-91CC-AA8443072A04}.Release|Any CPU.Build.0 = Release|Any CPU
	EndGlobalSection
	GlobalSection(SolutionProperties) = preSolution
		HideSolutionNode = FALSE
	EndGlobalSection
	GlobalSection(ExtensibilityGlobals) = postSolution
		SolutionGuid = {A732361E-DF68-46D8-83D5-A2249E0F378C}
	EndGlobalSection
EndGlobal
