
Microsoft Visual Studio Solution File, Format Version 12.00
# Visual Studio Version 16
VisualStudioVersion = 16.0.31424.327
MinimumVisualStudioVersion = 10.0.40219.1
Project("{FAE04EC0-301F-11D3-BF4B-00C04F79EFBC}") = "Test", "Test\Test.csproj", "{16F281C7-3F44-4C63-816F-719EC2C74838}"
EndProject
Global
	GlobalSection(SolutionConfigurationPlatforms) = preSolution
		Debug|Any CPU = Debug|Any CPU
		Release|Any CPU = Release|Any CPU
	EndGlobalSection
	GlobalSection(ProjectConfigurationPlatforms) = postSolution
		{16F281C7-3F44-4C63-816F-719EC2C74838}.Debug|Any CPU.ActiveCfg = Debug|Any CPU
		{16F281C7-3F44-4C63-816F-719EC2C74838}.Debug|Any CPU.Build.0 = Debug|Any CPU
		{16F281C7-3F44-4C63-816F-719EC2C74838}.Release|Any CPU.ActiveCfg = Release|Any CPU
		{16F281C7-3F44-4C63-816F-719EC2C74838}.Release|Any CPU.Build.0 = Release|Any CPU
	EndGlobalSection
	GlobalSection(SolutionProperties) = preSolution
		HideSolutionNode = FALSE
	EndGlobalSection
	GlobalSection(ExtensibilityGlobals) = postSolution
		SolutionGuid = {6AB806F6-6BDE-4EED-A133-3E5DF22A4411}
	EndGlobalSection
EndGlobal
