
Microsoft Visual Studio Solution File, Format Version 12.00
# Visual Studio Version 16
VisualStudioVersion = 16.0.31613.86
MinimumVisualStudioVersion = 10.0.40219.1
Project("{FAE04EC0-301F-11D3-BF4B-00C04F79EFBC}") = "WebApiDemo", "WebApiDemo\WebApiDemo.csproj", "{2690D4E0-772A-4E92-9BE8-D5C98EE73BC8}"
EndProject
Global
	GlobalSection(SolutionConfigurationPlatforms) = preSolution
		Debug|Any CPU = Debug|Any CPU
		Release|Any CPU = Release|Any CPU
	EndGlobalSection
	GlobalSection(ProjectConfigurationPlatforms) = postSolution
		{2690D4E0-772A-4E92-9BE8-D5C98EE73BC8}.Debug|Any CPU.ActiveCfg = Debug|Any CPU
		{2690D4E0-772A-4E92-9BE8-D5C98EE73BC8}.Debug|Any CPU.Build.0 = Debug|Any CPU
		{2690D4E0-772A-4E92-9BE8-D5C98EE73BC8}.Release|Any CPU.ActiveCfg = Release|Any CPU
		{2690D4E0-772A-4E92-9BE8-D5C98EE73BC8}.Release|Any CPU.Build.0 = Release|Any CPU
	EndGlobalSection
	GlobalSection(SolutionProperties) = preSolution
		HideSolutionNode = FALSE
	EndGlobalSection
	GlobalSection(ExtensibilityGlobals) = postSolution
		SolutionGuid = {80422EF5-6168-4A6B-BEA2-6BBDCFE568C0}
	EndGlobalSection
EndGlobal
