
Microsoft Visual Studio Solution File, Format Version 12.00
# Visual Studio Version 16
VisualStudioVersion = 16.0.31112.23
MinimumVisualStudioVersion = 10.0.40219.1
Project("{2150E333-8FDC-42A3-9474-1A3956D46DE8}") = "01.FirstStepsInCoding", "01.FirstStepsInCoding", "{DA120073-C564-473C-B41E-C0722B77D7DF}"
EndProject
Project("{2150E333-8FDC-42A3-9474-1A3956D46DE8}") = "02.SimpleOperationsAndCalculations", "02.SimpleOperationsAndCalculations", "{E2B88D8D-FB17-451C-A091-67FE965A7ACA}"
EndProject
Project("{2150E333-8FDC-42A3-9474-1A3956D46DE8}") = "03.ConditionalStatements", "03.ConditionalStatements", "{426FB425-1F4D-45EF-B399-AC81A0416E92}"
EndProject
Project("{2150E333-8FDC-42A3-9474-1A3956D46DE8}") = "04.NestedConditionalStatements", "04.NestedConditionalStatements", "{4CEA1A02-3602-4C9A-897A-4AEFD006AF18}"
EndProject
Project("{2150E333-8FDC-42A3-9474-1A3956D46DE8}") = "05.ForLoop", "05.ForLoop", "{AFB47759-808A-4EBD-AC35-E5DD82971DEA}"
EndProject
Project("{2150E333-8FDC-42A3-9474-1A3956D46DE8}") = "06.WhileLoop", "06.WhileLoop", "{39C5A8C2-EB44-4D59-8B66-AFA66CCC12DD}"
EndProject
Project("{2150E333-8FDC-42A3-9474-1A3956D46DE8}") = "07.NestedLoops", "07.NestedLoops", "{03A0C7B7-62E7-4C65-AA19-B4CC1FF22212}"
EndProject
Project("{2150E333-8FDC-42A3-9474-1A3956D46DE8}") = "Demos", "Demos", "{E8DB4ADD-B779-4C85-A646-9E8B1B450DA4}"
EndProject
Project("{2150E333-8FDC-42A3-9474-1A3956D46DE8}") = "Problems", "Problems", "{A5AB7D8D-D075-433D-9D2A-C2A19EB968AA}"
EndProject
Project("{9A19103F-16F7-4668-BE54-9A1E7A4F7556}") = "01.HelloSoftUni", "01.HelloSoftUni\01.HelloSoftUni.csproj", "{8E2ED767-908E-47F8-9112-09DE5BF22618}"
EndProject
Project("{9A19103F-16F7-4668-BE54-9A1E7A4F7556}") = "02.Expresssion", "02.Expresssion\02.Expresssion.csproj", "{FE7E8B2F-774A-4A84-8F77-AB8211668E3F}"
EndProject
Project("{9A19103F-16F7-4668-BE54-9A1E7A4F7556}") = "03.Nums1To10", "03.Nums1To10\03.Nums1To10.csproj", "{1912F87F-F549-4123-965B-C177F2428558}"
EndProject
Project("{9A19103F-16F7-4668-BE54-9A1E7A4F7556}") = "04.RectangleArea", "04.RectangleArea\04.RectangleArea.csproj", "{27A8E773-4342-455C-8690-F7792D49E8A4}"
EndProject
Project("{2150E333-8FDC-42A3-9474-1A3956D46DE8}") = "Demos", "Demos", "{173A3824-3CC1-4C88-B11F-5DE0B9B0BBAB}"
EndProject
Project("{2150E333-8FDC-42A3-9474-1A3956D46DE8}") = "Problems", "Problems", "{551E3C8D-DD84-4BCB-9106-75E38D42552A}"
EndProject
Project("{2150E333-8FDC-42A3-9474-1A3956D46DE8}") = "Demos", "Demos", "{0A7D467A-E529-4FDA-997F-F37ABA82ED95}"
EndProject
Project("{2150E333-8FDC-42A3-9474-1A3956D46DE8}") = "Problems", "Problems", "{4C00E9A5-4684-4FAE-9086-CB4A9FAD9B01}"
EndProject
Project("{2150E333-8FDC-42A3-9474-1A3956D46DE8}") = "Demos", "Demos", "{8ECF9072-E3D9-4C62-A514-BC945F19756D}"
EndProject
Project("{2150E333-8FDC-42A3-9474-1A3956D46DE8}") = "Problems", "Problems", "{5336731D-BA13-44B4-AA51-8E93A2A80E87}"
EndProject
Project("{2150E333-8FDC-42A3-9474-1A3956D46DE8}") = "Demos", "Demos", "{347913C0-EE62-440B-BA0B-3F5EAE44AA5A}"
EndProject
Project("{2150E333-8FDC-42A3-9474-1A3956D46DE8}") = "Problems", "Problems", "{ECFD0155-2E43-4E16-8E38-1C45F6966E30}"
EndProject
Project("{2150E333-8FDC-42A3-9474-1A3956D46DE8}") = "Demos", "Demos", "{BA337737-6363-4F91-9990-B658DCC72B1F}"
EndProject
Project("{2150E333-8FDC-42A3-9474-1A3956D46DE8}") = "Problems", "Problems", "{E824218B-15A0-4524-B4E2-E7BB55087E12}"
EndProject
Project("{2150E333-8FDC-42A3-9474-1A3956D46DE8}") = "Demos", "Demos", "{7743CC4C-92CF-4F1C-A17C-8CE3538524E2}"
	ProjectSection(SolutionItems) = preProject
		NestedLoops.txt = NestedLoops.txt
	EndProjectSection
EndProject
Project("{2150E333-8FDC-42A3-9474-1A3956D46DE8}") = "Problems", "Problems", "{839DA10B-3EE4-4847-A714-46264CC0E04E}"
EndProject
Project("{9A19103F-16F7-4668-BE54-9A1E7A4F7556}") = "01.GreetingByName", "01.GreetingByName\01.GreetingByName.csproj", "{01CE2EAA-AF35-44EA-968B-D540325AF605}"
EndProject
Project("{9A19103F-16F7-4668-BE54-9A1E7A4F7556}") = "02.Concatenation", "02.Concatenation\02.Concatenation.csproj", "{DDC949C3-ED13-47EC-BAA1-419D9B6CFC49}"
EndProject
Project("{9A19103F-16F7-4668-BE54-9A1E7A4F7556}") = "03.SquareArea", "03.SquareArea\03.SquareArea.csproj", "{F81D8D5B-1AA2-478B-B5E6-8A23574DC0F0}"
EndProject
Project("{9A19103F-16F7-4668-BE54-9A1E7A4F7556}") = "04.InchesToCentimeters", "04.InchesToCentimeters\04.InchesToCentimeters.csproj", "{E05B6ABE-46FD-4AEC-91C8-0268266C11C6}"
EndProject
Project("{9A19103F-16F7-4668-BE54-9A1E7A4F7556}") = "05.Projects", "05.Projects\05.Projects.csproj", "{68549A10-8B36-48A6-A8C0-C1EC1A0B8408}"
EndProject
Project("{9A19103F-16F7-4668-BE54-9A1E7A4F7556}") = "06.AnimalShop", "06.AnimalShop\06.AnimalShop.csproj", "{42708998-E9BF-4E9F-9F26-32994736120E}"
EndProject
Project("{9A19103F-16F7-4668-BE54-9A1E7A4F7556}") = "07.YardGreening", "07.YardGreening\07.YardGreening.csproj", "{620BCE02-B414-4A93-BA73-D80F56EA717B}"
EndProject
Project("{9A19103F-16F7-4668-BE54-9A1E7A4F7556}") = "08.Aquarium", "08.Aquarium\08.Aquarium.csproj", "{F3333AC6-26C1-4031-8632-DC5DB7070D29}"
EndProject
Project("{9A19103F-16F7-4668-BE54-9A1E7A4F7556}") = "01.ExcellentGrade", "01.ExcellentGrade\01.ExcellentGrade.csproj", "{DD3D66B5-53C1-4462-99BC-E63DB5F121CD}"
EndProject
Project("{9A19103F-16F7-4668-BE54-9A1E7A4F7556}") = "02.FindBiggerNumber", "02.FindBiggerNumber\02.FindBiggerNumber.csproj", "{62448B0C-900E-42DD-A80F-34E2062FF8F6}"
EndProject
Project("{9A19103F-16F7-4668-BE54-9A1E7A4F7556}") = "03.EvenOrOdd", "03.EvenOrOdd\03.EvenOrOdd.csproj", "{0134AE74-7994-4F73-B590-E300DA144B19}"
EndProject
Project("{9A19103F-16F7-4668-BE54-9A1E7A4F7556}") = "04.Nums1To9", "04.Nums1To10\04.Nums1To9.csproj", "{F0E670AA-0563-4B11-87AE-126F1B11888B}"
EndProject
Project("{9A19103F-16F7-4668-BE54-9A1E7A4F7556}") = "05.Nums100To200", "05.Nums100To200\05.Nums100To200.csproj", "{F30AAD25-721C-45F9-AD91-2A95DAE0C3B1}"
EndProject
Project("{9A19103F-16F7-4668-BE54-9A1E7A4F7556}") = "06.PasswordGuess", "06.PasswordGuess\06.PasswordGuess.csproj", "{4FBA95AC-A334-4687-9867-3788FE442264}"
EndProject
Project("{9A19103F-16F7-4668-BE54-9A1E7A4F7556}") = "07.FiguresArea", "07.FiguresArea\07.FiguresArea.csproj", "{AAE36FCF-A6EC-4DB5-AF8C-F4287374640D}"
EndProject
Project("{9A19103F-16F7-4668-BE54-9A1E7A4F7556}") = "08.ToyShop", "08.ToyShop\08.ToyShop.csproj", "{310420DB-BC14-4759-8323-4DF815EA3E1A}"
EndProject
Project("{9A19103F-16F7-4668-BE54-9A1E7A4F7556}") = "01.DayOfWeek", "01.DayOfWeek\01.DayOfWeek.csproj", "{06C9FB59-4D34-419A-BF99-337E8CF7B34B}"
EndProject
Project("{9A19103F-16F7-4668-BE54-9A1E7A4F7556}") = "02.AnimalType", "02.AnimalType\02.AnimalType.csproj", "{DD6346A3-823C-4F49-AAB6-9326338BA82E}"
EndProject
Project("{9A19103F-16F7-4668-BE54-9A1E7A4F7556}") = "03.PersonalTitles", "03.PersonalTitles\03.PersonalTitles.csproj", "{49438214-1E4B-4EED-A830-B8ABB5593EAE}"
EndProject
Project("{9A19103F-16F7-4668-BE54-9A1E7A4F7556}") = "04.SmallShop", "04.SmallShop\04.SmallShop.csproj", "{C79CAE0A-6B38-45C7-AC4F-ADD84A639C48}"
EndProject
Project("{9A19103F-16F7-4668-BE54-9A1E7A4F7556}") = "05.NumberInRange", "05.NumberInRange\05.NumberInRange.csproj", "{2565F1B9-04C4-49E4-83AB-7E0BC3932C9E}"
EndProject
Project("{9A19103F-16F7-4668-BE54-9A1E7A4F7556}") = "06.FruitOrVegetable", "06.FruitOrVegetable\06.FruitOrVegetable.csproj", "{1C453447-9ACE-46AA-93AB-DE38317707EC}"
EndProject
Project("{9A19103F-16F7-4668-BE54-9A1E7A4F7556}") = "07.InvalidNumber", "07.InvalidNumber\07.InvalidNumber.csproj", "{D50388E3-3C0D-49D4-A3CC-D3DFF03370B3}"
EndProject
Project("{9A19103F-16F7-4668-BE54-9A1E7A4F7556}") = "08.FruitShop", "08.FruitShop\08.FruitShop.csproj", "{7736990F-FA87-4BB8-8C08-4B95C590AF8A}"
EndProject
Project("{9A19103F-16F7-4668-BE54-9A1E7A4F7556}") = "09.TradeCommissions", "09.TradeCommissions\09.TradeCommissions.csproj", "{5C303E2F-5C43-4727-A303-0D4E5851CA24}"
EndProject
Project("{9A19103F-16F7-4668-BE54-9A1E7A4F7556}") = "10.SkiTrip", "10.SkiTrip\10.SkiTrip.csproj", "{F8B25B2C-3E59-474A-ACB3-DC9A626BE494}"
EndProject
Project("{9A19103F-16F7-4668-BE54-9A1E7A4F7556}") = "01.Nums1To100", "Nums1To100\01.Nums1To100.csproj", "{C30DD17C-8421-433B-84D3-F9DF78A7741B}"
EndProject
Project("{9A19103F-16F7-4668-BE54-9A1E7A4F7556}") = "02.NumsNTo1", "NumsNTo1\02.NumsNTo1.csproj", "{124DB055-C054-4A5E-AB26-019F372A8C9B}"
EndProject
Project("{9A19103F-16F7-4668-BE54-9A1E7A4F7556}") = "03.Nums1ToNWithStep3", "03.Nums1ToNWithStep3\03.Nums1ToNWithStep3.csproj", "{BCFC6AF8-384F-428D-B692-5846866CAE23}"
EndProject
Project("{9A19103F-16F7-4668-BE54-9A1E7A4F7556}") = "04.EvenPowersOf2", "04.EvenPowersOf2\04.EvenPowersOf2.csproj", "{9481E03E-AE01-4619-ADDA-6EABC7EAB96F}"
EndProject
Project("{9A19103F-16F7-4668-BE54-9A1E7A4F7556}") = "05.CharacterSequence", "05.CharacterSequence\05.CharacterSequence.csproj", "{5F4ABDC6-7D84-46C9-9BDD-7894CE43DE45}"
EndProject
Project("{9A19103F-16F7-4668-BE54-9A1E7A4F7556}") = "06.SumOfVoyels", "06.SumOfVoyels\06.SumOfVoyels.csproj", "{1BCE24D0-EFCA-4989-BF78-26793D154CD5}"
EndProject
Project("{9A19103F-16F7-4668-BE54-9A1E7A4F7556}") = "07.SumOfNumbers", "07.SumOfNumbers\07.SumOfNumbers.csproj", "{55AAFF23-BFB9-4BF1-A0A4-6390EABC904C}"
EndProject
Project("{9A19103F-16F7-4668-BE54-9A1E7A4F7556}") = "09.LeftAndRightSum", "08.LeftAndRightSum\09.LeftAndRightSum.csproj", "{78C042C8-2965-4F26-9500-047FF664EE2D}"
EndProject
Project("{9A19103F-16F7-4668-BE54-9A1E7A4F7556}") = "10.EvenAndOddSum", "09.EvenAndOddSum\10.EvenAndOddSum.csproj", "{18D40DAD-8B5A-43A6-8F1B-18D9393F4688}"
EndProject
Project("{9A19103F-16F7-4668-BE54-9A1E7A4F7556}") = "08.MinAndMaxNumber", "08.MinAndMaxNumber\08.MinAndMaxNumber.csproj", "{C4F4E142-CD68-41E6-AE68-2F07D8F5F63E}"
EndProject
Project("{9A19103F-16F7-4668-BE54-9A1E7A4F7556}") = "11.CleverLily", "11.CleverLily\11.CleverLily.csproj", "{E3EABC03-DD7C-4A57-9020-AACB63D56B43}"
EndProject
Project("{9A19103F-16F7-4668-BE54-9A1E7A4F7556}") = "01.ReadText", "01.ReadText\01.ReadText.csproj", "{D0BE3167-08EB-48F0-8B2B-199408BD714A}"
EndProject
Project("{9A19103F-16F7-4668-BE54-9A1E7A4F7556}") = "02.Password", "02.Password\02.Password.csproj", "{BEDF69C1-8D79-4445-8850-7FD212E7E2A1}"
EndProject
Project("{9A19103F-16F7-4668-BE54-9A1E7A4F7556}") = "03.SumNumbers", "03.SumNumbers\03.SumNumbers.csproj", "{F622279C-F4AA-48A9-AC4A-D3B5D98E0AA3}"
EndProject
Project("{9A19103F-16F7-4668-BE54-9A1E7A4F7556}") = "04.Sequence2kPlus1", "04.Sequence2kPlus1\04.Sequence2kPlus1.csproj", "{F0E4591D-E352-452E-B41C-5C3242A8CBE8}"
EndProject
Project("{9A19103F-16F7-4668-BE54-9A1E7A4F7556}") = "05.AccountBalance", "05.AccountBalance\05.AccountBalance.csproj", "{342E9B2D-ED28-4FB9-BD90-A5C19CCC86FB}"
EndProject
Project("{9A19103F-16F7-4668-BE54-9A1E7A4F7556}") = "06.MaxNumber", "06.MaxNumber\06.MaxNumber.csproj", "{9085ACAF-0BD1-4030-ABA8-37B28D950FA8}"
EndProject
Project("{9A19103F-16F7-4668-BE54-9A1E7A4F7556}") = "07.MinNumber", "07.MinNumber\07.MinNumber.csproj", "{0F1C2E2F-FC8A-4E56-8DE0-CE944BEE7CE8}"
EndProject
Project("{9A19103F-16F7-4668-BE54-9A1E7A4F7556}") = "08.Graduation", "08.Graduation\08.Graduation.csproj", "{0315CD99-B119-49A9-ACD4-AFA46E32E495}"
EndProject
Project("{9A19103F-16F7-4668-BE54-9A1E7A4F7556}") = "09.GraduationPart2", "08.GraduationPart2\09.GraduationPart2.csproj", "{CE3478C1-8490-431A-AE6A-15432F5FD71A}"
EndProject
Project("{9A19103F-16F7-4668-BE54-9A1E7A4F7556}") = "10.Moving", "10.Moving\10.Moving.csproj", "{0A999717-C1CF-4D12-8DAC-6E4B103A982E}"
EndProject
Project("{FAE04EC0-301F-11D3-BF4B-00C04F79EFBC}") = "01.Clock", "01.Clock\01.Clock.csproj", "{526A7F3F-BD3C-443B-86ED-B79EA646075C}"
EndProject
Project("{FAE04EC0-301F-11D3-BF4B-00C04F79EFBC}") = "02.MultiplicationTable", "02.MultiplicationTable\02.MultiplicationTable.csproj", "{7373A32E-D488-491A-B39D-4F5BE3F77CCD}"
EndProject
Project("{FAE04EC0-301F-11D3-BF4B-00C04F79EFBC}") = "03.Combinations", "03.Combinations\03.Combinations.csproj", "{EC2611AE-0BF7-4147-8BD8-BC263EFB46E4}"
EndProject
Project("{FAE04EC0-301F-11D3-BF4B-00C04F79EFBC}") = "04.SumOfTwoNumbers", "04.SumOfTwoNumbers\04.SumOfTwoNumbers.csproj", "{D9C25394-9B00-474D-9F4D-5C4B5AD2B4CA}"
EndProject
Project("{FAE04EC0-301F-11D3-BF4B-00C04F79EFBC}") = "05.Travelling", "05.Travelling\05.Travelling.csproj", "{6261AD13-CB21-4C8E-8F5F-41B3E6461695}"
EndProject
Project("{FAE04EC0-301F-11D3-BF4B-00C04F79EFBC}") = "06.Building", "06.Building\06.Building.csproj", "{7BAAF4FD-8E99-4F36-B149-69C17351A1FF}"
EndProject
Project("{FAE04EC0-301F-11D3-BF4B-00C04F79EFBC}") = "07.CinemaTickets", "07.CinemaTickets\07.CinemaTickets.csproj", "{9169A704-05A0-40E0-938F-109BAF806C0B}"
EndProject
Project("{9A19103F-16F7-4668-BE54-9A1E7A4F7556}") = "CSharpBasics", "CSharpBasics\CSharpBasics.csproj", "{0BA82AC7-E5B4-433E-91FA-C22EF89B658B}"
EndProject
Project("{FAE04EC0-301F-11D3-BF4B-00C04F79EFBC}") = "Operations", "Operations\Operations.csproj", "{C532A1F6-20FE-4BA0-B702-C138F408CE92}"
EndProject
Project("{9A19103F-16F7-4668-BE54-9A1E7A4F7556}") = "ForLoop", "ForLoop\ForLoop.csproj", "{BF1884C7-3E84-4A60-8B75-BF3A446D3D99}"
EndProject
Project("{9A19103F-16F7-4668-BE54-9A1E7A4F7556}") = "WhileLoop", "WhileLoop\WhileLoop.csproj", "{11908CCC-46F7-4758-9016-856EE6001CF9}"
EndProject
Project("{FAE04EC0-301F-11D3-BF4B-00C04F79EFBC}") = "If-Else", "If-Else\If-Else.csproj", "{67501ABC-8A34-493E-AF30-B9D6B2BD05BA}"
EndProject
Project("{FAE04EC0-301F-11D3-BF4B-00C04F79EFBC}") = "Switch", "Switch\Switch.csproj", "{C90AF976-7C8B-4F22-A351-F99B4C61FA01}"
EndProject
Global
	GlobalSection(SolutionConfigurationPlatforms) = preSolution
		Debug|Any CPU = Debug|Any CPU
		Release|Any CPU = Release|Any CPU
	EndGlobalSection
	GlobalSection(ProjectConfigurationPlatforms) = postSolution
		{8E2ED767-908E-47F8-9112-09DE5BF22618}.Debug|Any CPU.ActiveCfg = Debug|Any CPU
		{8E2ED767-908E-47F8-9112-09DE5BF22618}.Debug|Any CPU.Build.0 = Debug|Any CPU
		{8E2ED767-908E-47F8-9112-09DE5BF22618}.Release|Any CPU.ActiveCfg = Release|Any CPU
		{8E2ED767-908E-47F8-9112-09DE5BF22618}.Release|Any CPU.Build.0 = Release|Any CPU
		{FE7E8B2F-774A-4A84-8F77-AB8211668E3F}.Debug|Any CPU.ActiveCfg = Debug|Any CPU
		{FE7E8B2F-774A-4A84-8F77-AB8211668E3F}.Debug|Any CPU.Build.0 = Debug|Any CPU
		{FE7E8B2F-774A-4A84-8F77-AB8211668E3F}.Release|Any CPU.ActiveCfg = Release|Any CPU
		{FE7E8B2F-774A-4A84-8F77-AB8211668E3F}.Release|Any CPU.Build.0 = Release|Any CPU
		{1912F87F-F549-4123-965B-C177F2428558}.Debug|Any CPU.ActiveCfg = Debug|Any CPU
		{1912F87F-F549-4123-965B-C177F2428558}.Debug|Any CPU.Build.0 = Debug|Any CPU
		{1912F87F-F549-4123-965B-C177F2428558}.Release|Any CPU.ActiveCfg = Release|Any CPU
		{1912F87F-F549-4123-965B-C177F2428558}.Release|Any CPU.Build.0 = Release|Any CPU
		{27A8E773-4342-455C-8690-F7792D49E8A4}.Debug|Any CPU.ActiveCfg = Debug|Any CPU
		{27A8E773-4342-455C-8690-F7792D49E8A4}.Debug|Any CPU.Build.0 = Debug|Any CPU
		{27A8E773-4342-455C-8690-F7792D49E8A4}.Release|Any CPU.ActiveCfg = Release|Any CPU
		{27A8E773-4342-455C-8690-F7792D49E8A4}.Release|Any CPU.Build.0 = Release|Any CPU
		{01CE2EAA-AF35-44EA-968B-D540325AF605}.Debug|Any CPU.ActiveCfg = Debug|Any CPU
		{01CE2EAA-AF35-44EA-968B-D540325AF605}.Debug|Any CPU.Build.0 = Debug|Any CPU
		{01CE2EAA-AF35-44EA-968B-D540325AF605}.Release|Any CPU.ActiveCfg = Release|Any CPU
		{01CE2EAA-AF35-44EA-968B-D540325AF605}.Release|Any CPU.Build.0 = Release|Any CPU
		{DDC949C3-ED13-47EC-BAA1-419D9B6CFC49}.Debug|Any CPU.ActiveCfg = Debug|Any CPU
		{DDC949C3-ED13-47EC-BAA1-419D9B6CFC49}.Debug|Any CPU.Build.0 = Debug|Any CPU
		{DDC949C3-ED13-47EC-BAA1-419D9B6CFC49}.Release|Any CPU.ActiveCfg = Release|Any CPU
		{DDC949C3-ED13-47EC-BAA1-419D9B6CFC49}.Release|Any CPU.Build.0 = Release|Any CPU
		{F81D8D5B-1AA2-478B-B5E6-8A23574DC0F0}.Debug|Any CPU.ActiveCfg = Debug|Any CPU
		{F81D8D5B-1AA2-478B-B5E6-8A23574DC0F0}.Debug|Any CPU.Build.0 = Debug|Any CPU
		{F81D8D5B-1AA2-478B-B5E6-8A23574DC0F0}.Release|Any CPU.ActiveCfg = Release|Any CPU
		{F81D8D5B-1AA2-478B-B5E6-8A23574DC0F0}.Release|Any CPU.Build.0 = Release|Any CPU
		{E05B6ABE-46FD-4AEC-91C8-0268266C11C6}.Debug|Any CPU.ActiveCfg = Debug|Any CPU
		{E05B6ABE-46FD-4AEC-91C8-0268266C11C6}.Debug|Any CPU.Build.0 = Debug|Any CPU
		{E05B6ABE-46FD-4AEC-91C8-0268266C11C6}.Release|Any CPU.ActiveCfg = Release|Any CPU
		{E05B6ABE-46FD-4AEC-91C8-0268266C11C6}.Release|Any CPU.Build.0 = Release|Any CPU
		{68549A10-8B36-48A6-A8C0-C1EC1A0B8408}.Debug|Any CPU.ActiveCfg = Debug|Any CPU
		{68549A10-8B36-48A6-A8C0-C1EC1A0B8408}.Debug|Any CPU.Build.0 = Debug|Any CPU
		{68549A10-8B36-48A6-A8C0-C1EC1A0B8408}.Release|Any CPU.ActiveCfg = Release|Any CPU
		{68549A10-8B36-48A6-A8C0-C1EC1A0B8408}.Release|Any CPU.Build.0 = Release|Any CPU
		{42708998-E9BF-4E9F-9F26-32994736120E}.Debug|Any CPU.ActiveCfg = Debug|Any CPU
		{42708998-E9BF-4E9F-9F26-32994736120E}.Debug|Any CPU.Build.0 = Debug|Any CPU
		{42708998-E9BF-4E9F-9F26-32994736120E}.Release|Any CPU.ActiveCfg = Release|Any CPU
		{42708998-E9BF-4E9F-9F26-32994736120E}.Release|Any CPU.Build.0 = Release|Any CPU
		{620BCE02-B414-4A93-BA73-D80F56EA717B}.Debug|Any CPU.ActiveCfg = Debug|Any CPU
		{620BCE02-B414-4A93-BA73-D80F56EA717B}.Debug|Any CPU.Build.0 = Debug|Any CPU
		{620BCE02-B414-4A93-BA73-D80F56EA717B}.Release|Any CPU.ActiveCfg = Release|Any CPU
		{620BCE02-B414-4A93-BA73-D80F56EA717B}.Release|Any CPU.Build.0 = Release|Any CPU
		{F3333AC6-26C1-4031-8632-DC5DB7070D29}.Debug|Any CPU.ActiveCfg = Debug|Any CPU
		{F3333AC6-26C1-4031-8632-DC5DB7070D29}.Debug|Any CPU.Build.0 = Debug|Any CPU
		{F3333AC6-26C1-4031-8632-DC5DB7070D29}.Release|Any CPU.ActiveCfg = Release|Any CPU
		{F3333AC6-26C1-4031-8632-DC5DB7070D29}.Release|Any CPU.Build.0 = Release|Any CPU
		{DD3D66B5-53C1-4462-99BC-E63DB5F121CD}.Debug|Any CPU.ActiveCfg = Debug|Any CPU
		{DD3D66B5-53C1-4462-99BC-E63DB5F121CD}.Debug|Any CPU.Build.0 = Debug|Any CPU
		{DD3D66B5-53C1-4462-99BC-E63DB5F121CD}.Release|Any CPU.ActiveCfg = Release|Any CPU
		{DD3D66B5-53C1-4462-99BC-E63DB5F121CD}.Release|Any CPU.Build.0 = Release|Any CPU
		{62448B0C-900E-42DD-A80F-34E2062FF8F6}.Debug|Any CPU.ActiveCfg = Debug|Any CPU
		{62448B0C-900E-42DD-A80F-34E2062FF8F6}.Debug|Any CPU.Build.0 = Debug|Any CPU
		{62448B0C-900E-42DD-A80F-34E2062FF8F6}.Release|Any CPU.ActiveCfg = Release|Any CPU
		{62448B0C-900E-42DD-A80F-34E2062FF8F6}.Release|Any CPU.Build.0 = Release|Any CPU
		{0134AE74-7994-4F73-B590-E300DA144B19}.Debug|Any CPU.ActiveCfg = Debug|Any CPU
		{0134AE74-7994-4F73-B590-E300DA144B19}.Debug|Any CPU.Build.0 = Debug|Any CPU
		{0134AE74-7994-4F73-B590-E300DA144B19}.Release|Any CPU.ActiveCfg = Release|Any CPU
		{0134AE74-7994-4F73-B590-E300DA144B19}.Release|Any CPU.Build.0 = Release|Any CPU
		{F0E670AA-0563-4B11-87AE-126F1B11888B}.Debug|Any CPU.ActiveCfg = Debug|Any CPU
		{F0E670AA-0563-4B11-87AE-126F1B11888B}.Debug|Any CPU.Build.0 = Debug|Any CPU
		{F0E670AA-0563-4B11-87AE-126F1B11888B}.Release|Any CPU.ActiveCfg = Release|Any CPU
		{F0E670AA-0563-4B11-87AE-126F1B11888B}.Release|Any CPU.Build.0 = Release|Any CPU
		{F30AAD25-721C-45F9-AD91-2A95DAE0C3B1}.Debug|Any CPU.ActiveCfg = Debug|Any CPU
		{F30AAD25-721C-45F9-AD91-2A95DAE0C3B1}.Debug|Any CPU.Build.0 = Debug|Any CPU
		{F30AAD25-721C-45F9-AD91-2A95DAE0C3B1}.Release|Any CPU.ActiveCfg = Release|Any CPU
		{F30AAD25-721C-45F9-AD91-2A95DAE0C3B1}.Release|Any CPU.Build.0 = Release|Any CPU
		{4FBA95AC-A334-4687-9867-3788FE442264}.Debug|Any CPU.ActiveCfg = Debug|Any CPU
		{4FBA95AC-A334-4687-9867-3788FE442264}.Debug|Any CPU.Build.0 = Debug|Any CPU
		{4FBA95AC-A334-4687-9867-3788FE442264}.Release|Any CPU.ActiveCfg = Release|Any CPU
		{4FBA95AC-A334-4687-9867-3788FE442264}.Release|Any CPU.Build.0 = Release|Any CPU
		{AAE36FCF-A6EC-4DB5-AF8C-F4287374640D}.Debug|Any CPU.ActiveCfg = Debug|Any CPU
		{AAE36FCF-A6EC-4DB5-AF8C-F4287374640D}.Debug|Any CPU.Build.0 = Debug|Any CPU
		{AAE36FCF-A6EC-4DB5-AF8C-F4287374640D}.Release|Any CPU.ActiveCfg = Release|Any CPU
		{AAE36FCF-A6EC-4DB5-AF8C-F4287374640D}.Release|Any CPU.Build.0 = Release|Any CPU
		{310420DB-BC14-4759-8323-4DF815EA3E1A}.Debug|Any CPU.ActiveCfg = Debug|Any CPU
		{310420DB-BC14-4759-8323-4DF815EA3E1A}.Debug|Any CPU.Build.0 = Debug|Any CPU
		{310420DB-BC14-4759-8323-4DF815EA3E1A}.Release|Any CPU.ActiveCfg = Release|Any CPU
		{310420DB-BC14-4759-8323-4DF815EA3E1A}.Release|Any CPU.Build.0 = Release|Any CPU
		{06C9FB59-4D34-419A-BF99-337E8CF7B34B}.Debug|Any CPU.ActiveCfg = Debug|Any CPU
		{06C9FB59-4D34-419A-BF99-337E8CF7B34B}.Debug|Any CPU.Build.0 = Debug|Any CPU
		{06C9FB59-4D34-419A-BF99-337E8CF7B34B}.Release|Any CPU.ActiveCfg = Release|Any CPU
		{06C9FB59-4D34-419A-BF99-337E8CF7B34B}.Release|Any CPU.Build.0 = Release|Any CPU
		{DD6346A3-823C-4F49-AAB6-9326338BA82E}.Debug|Any CPU.ActiveCfg = Debug|Any CPU
		{DD6346A3-823C-4F49-AAB6-9326338BA82E}.Debug|Any CPU.Build.0 = Debug|Any CPU
		{DD6346A3-823C-4F49-AAB6-9326338BA82E}.Release|Any CPU.ActiveCfg = Release|Any CPU
		{DD6346A3-823C-4F49-AAB6-9326338BA82E}.Release|Any CPU.Build.0 = Release|Any CPU
		{49438214-1E4B-4EED-A830-B8ABB5593EAE}.Debug|Any CPU.ActiveCfg = Debug|Any CPU
		{49438214-1E4B-4EED-A830-B8ABB5593EAE}.Debug|Any CPU.Build.0 = Debug|Any CPU
		{49438214-1E4B-4EED-A830-B8ABB5593EAE}.Release|Any CPU.ActiveCfg = Release|Any CPU
		{49438214-1E4B-4EED-A830-B8ABB5593EAE}.Release|Any CPU.Build.0 = Release|Any CPU
		{C79CAE0A-6B38-45C7-AC4F-ADD84A639C48}.Debug|Any CPU.ActiveCfg = Debug|Any CPU
		{C79CAE0A-6B38-45C7-AC4F-ADD84A639C48}.Debug|Any CPU.Build.0 = Debug|Any CPU
		{C79CAE0A-6B38-45C7-AC4F-ADD84A639C48}.Release|Any CPU.ActiveCfg = Release|Any CPU
		{C79CAE0A-6B38-45C7-AC4F-ADD84A639C48}.Release|Any CPU.Build.0 = Release|Any CPU
		{2565F1B9-04C4-49E4-83AB-7E0BC3932C9E}.Debug|Any CPU.ActiveCfg = Debug|Any CPU
		{2565F1B9-04C4-49E4-83AB-7E0BC3932C9E}.Debug|Any CPU.Build.0 = Debug|Any CPU
		{2565F1B9-04C4-49E4-83AB-7E0BC3932C9E}.Release|Any CPU.ActiveCfg = Release|Any CPU
		{2565F1B9-04C4-49E4-83AB-7E0BC3932C9E}.Release|Any CPU.Build.0 = Release|Any CPU
		{1C453447-9ACE-46AA-93AB-DE38317707EC}.Debug|Any CPU.ActiveCfg = Debug|Any CPU
		{1C453447-9ACE-46AA-93AB-DE38317707EC}.Debug|Any CPU.Build.0 = Debug|Any CPU
		{1C453447-9ACE-46AA-93AB-DE38317707EC}.Release|Any CPU.ActiveCfg = Release|Any CPU
		{1C453447-9ACE-46AA-93AB-DE38317707EC}.Release|Any CPU.Build.0 = Release|Any CPU
		{D50388E3-3C0D-49D4-A3CC-D3DFF03370B3}.Debug|Any CPU.ActiveCfg = Debug|Any CPU
		{D50388E3-3C0D-49D4-A3CC-D3DFF03370B3}.Debug|Any CPU.Build.0 = Debug|Any CPU
		{D50388E3-3C0D-49D4-A3CC-D3DFF03370B3}.Release|Any CPU.ActiveCfg = Release|Any CPU
		{D50388E3-3C0D-49D4-A3CC-D3DFF03370B3}.Release|Any CPU.Build.0 = Release|Any CPU
		{7736990F-FA87-4BB8-8C08-4B95C590AF8A}.Debug|Any CPU.ActiveCfg = Debug|Any CPU
		{7736990F-FA87-4BB8-8C08-4B95C590AF8A}.Debug|Any CPU.Build.0 = Debug|Any CPU
		{7736990F-FA87-4BB8-8C08-4B95C590AF8A}.Release|Any CPU.ActiveCfg = Release|Any CPU
		{7736990F-FA87-4BB8-8C08-4B95C590AF8A}.Release|Any CPU.Build.0 = Release|Any CPU
		{5C303E2F-5C43-4727-A303-0D4E5851CA24}.Debug|Any CPU.ActiveCfg = Debug|Any CPU
		{5C303E2F-5C43-4727-A303-0D4E5851CA24}.Debug|Any CPU.Build.0 = Debug|Any CPU
		{5C303E2F-5C43-4727-A303-0D4E5851CA24}.Release|Any CPU.ActiveCfg = Release|Any CPU
		{5C303E2F-5C43-4727-A303-0D4E5851CA24}.Release|Any CPU.Build.0 = Release|Any CPU
		{F8B25B2C-3E59-474A-ACB3-DC9A626BE494}.Debug|Any CPU.ActiveCfg = Debug|Any CPU
		{F8B25B2C-3E59-474A-ACB3-DC9A626BE494}.Debug|Any CPU.Build.0 = Debug|Any CPU
		{F8B25B2C-3E59-474A-ACB3-DC9A626BE494}.Release|Any CPU.ActiveCfg = Release|Any CPU
		{F8B25B2C-3E59-474A-ACB3-DC9A626BE494}.Release|Any CPU.Build.0 = Release|Any CPU
		{C30DD17C-8421-433B-84D3-F9DF78A7741B}.Debug|Any CPU.ActiveCfg = Debug|Any CPU
		{C30DD17C-8421-433B-84D3-F9DF78A7741B}.Debug|Any CPU.Build.0 = Debug|Any CPU
		{C30DD17C-8421-433B-84D3-F9DF78A7741B}.Release|Any CPU.ActiveCfg = Release|Any CPU
		{C30DD17C-8421-433B-84D3-F9DF78A7741B}.Release|Any CPU.Build.0 = Release|Any CPU
		{124DB055-C054-4A5E-AB26-019F372A8C9B}.Debug|Any CPU.ActiveCfg = Debug|Any CPU
		{124DB055-C054-4A5E-AB26-019F372A8C9B}.Debug|Any CPU.Build.0 = Debug|Any CPU
		{124DB055-C054-4A5E-AB26-019F372A8C9B}.Release|Any CPU.ActiveCfg = Release|Any CPU
		{124DB055-C054-4A5E-AB26-019F372A8C9B}.Release|Any CPU.Build.0 = Release|Any CPU
		{BCFC6AF8-384F-428D-B692-5846866CAE23}.Debug|Any CPU.ActiveCfg = Debug|Any CPU
		{BCFC6AF8-384F-428D-B692-5846866CAE23}.Debug|Any CPU.Build.0 = Debug|Any CPU
		{BCFC6AF8-384F-428D-B692-5846866CAE23}.Release|Any CPU.ActiveCfg = Release|Any CPU
		{BCFC6AF8-384F-428D-B692-5846866CAE23}.Release|Any CPU.Build.0 = Release|Any CPU
		{9481E03E-AE01-4619-ADDA-6EABC7EAB96F}.Debug|Any CPU.ActiveCfg = Debug|Any CPU
		{9481E03E-AE01-4619-ADDA-6EABC7EAB96F}.Debug|Any CPU.Build.0 = Debug|Any CPU
		{9481E03E-AE01-4619-ADDA-6EABC7EAB96F}.Release|Any CPU.ActiveCfg = Release|Any CPU
		{9481E03E-AE01-4619-ADDA-6EABC7EAB96F}.Release|Any CPU.Build.0 = Release|Any CPU
		{5F4ABDC6-7D84-46C9-9BDD-7894CE43DE45}.Debug|Any CPU.ActiveCfg = Debug|Any CPU
		{5F4ABDC6-7D84-46C9-9BDD-7894CE43DE45}.Debug|Any CPU.Build.0 = Debug|Any CPU
		{5F4ABDC6-7D84-46C9-9BDD-7894CE43DE45}.Release|Any CPU.ActiveCfg = Release|Any CPU
		{5F4ABDC6-7D84-46C9-9BDD-7894CE43DE45}.Release|Any CPU.Build.0 = Release|Any CPU
		{1BCE24D0-EFCA-4989-BF78-26793D154CD5}.Debug|Any CPU.ActiveCfg = Debug|Any CPU
		{1BCE24D0-EFCA-4989-BF78-26793D154CD5}.Debug|Any CPU.Build.0 = Debug|Any CPU
		{1BCE24D0-EFCA-4989-BF78-26793D154CD5}.Release|Any CPU.ActiveCfg = Release|Any CPU
		{1BCE24D0-EFCA-4989-BF78-26793D154CD5}.Release|Any CPU.Build.0 = Release|Any CPU
		{55AAFF23-BFB9-4BF1-A0A4-6390EABC904C}.Debug|Any CPU.ActiveCfg = Debug|Any CPU
		{55AAFF23-BFB9-4BF1-A0A4-6390EABC904C}.Debug|Any CPU.Build.0 = Debug|Any CPU
		{55AAFF23-BFB9-4BF1-A0A4-6390EABC904C}.Release|Any CPU.ActiveCfg = Release|Any CPU
		{55AAFF23-BFB9-4BF1-A0A4-6390EABC904C}.Release|Any CPU.Build.0 = Release|Any CPU
		{78C042C8-2965-4F26-9500-047FF664EE2D}.Debug|Any CPU.ActiveCfg = Debug|Any CPU
		{78C042C8-2965-4F26-9500-047FF664EE2D}.Debug|Any CPU.Build.0 = Debug|Any CPU
		{78C042C8-2965-4F26-9500-047FF664EE2D}.Release|Any CPU.ActiveCfg = Release|Any CPU
		{78C042C8-2965-4F26-9500-047FF664EE2D}.Release|Any CPU.Build.0 = Release|Any CPU
		{18D40DAD-8B5A-43A6-8F1B-18D9393F4688}.Debug|Any CPU.ActiveCfg = Debug|Any CPU
		{18D40DAD-8B5A-43A6-8F1B-18D9393F4688}.Debug|Any CPU.Build.0 = Debug|Any CPU
		{18D40DAD-8B5A-43A6-8F1B-18D9393F4688}.Release|Any CPU.ActiveCfg = Release|Any CPU
		{18D40DAD-8B5A-43A6-8F1B-18D9393F4688}.Release|Any CPU.Build.0 = Release|Any CPU
		{C4F4E142-CD68-41E6-AE68-2F07D8F5F63E}.Debug|Any CPU.ActiveCfg = Debug|Any CPU
		{C4F4E142-CD68-41E6-AE68-2F07D8F5F63E}.Debug|Any CPU.Build.0 = Debug|Any CPU
		{C4F4E142-CD68-41E6-AE68-2F07D8F5F63E}.Release|Any CPU.ActiveCfg = Release|Any CPU
		{C4F4E142-CD68-41E6-AE68-2F07D8F5F63E}.Release|Any CPU.Build.0 = Release|Any CPU
		{E3EABC03-DD7C-4A57-9020-AACB63D56B43}.Debug|Any CPU.ActiveCfg = Debug|Any CPU
		{E3EABC03-DD7C-4A57-9020-AACB63D56B43}.Debug|Any CPU.Build.0 = Debug|Any CPU
		{E3EABC03-DD7C-4A57-9020-AACB63D56B43}.Release|Any CPU.ActiveCfg = Release|Any CPU
		{E3EABC03-DD7C-4A57-9020-AACB63D56B43}.Release|Any CPU.Build.0 = Release|Any CPU
		{D0BE3167-08EB-48F0-8B2B-199408BD714A}.Debug|Any CPU.ActiveCfg = Debug|Any CPU
		{D0BE3167-08EB-48F0-8B2B-199408BD714A}.Debug|Any CPU.Build.0 = Debug|Any CPU
		{D0BE3167-08EB-48F0-8B2B-199408BD714A}.Release|Any CPU.ActiveCfg = Release|Any CPU
		{D0BE3167-08EB-48F0-8B2B-199408BD714A}.Release|Any CPU.Build.0 = Release|Any CPU
		{BEDF69C1-8D79-4445-8850-7FD212E7E2A1}.Debug|Any CPU.ActiveCfg = Debug|Any CPU
		{BEDF69C1-8D79-4445-8850-7FD212E7E2A1}.Debug|Any CPU.Build.0 = Debug|Any CPU
		{BEDF69C1-8D79-4445-8850-7FD212E7E2A1}.Release|Any CPU.ActiveCfg = Release|Any CPU
		{BEDF69C1-8D79-4445-8850-7FD212E7E2A1}.Release|Any CPU.Build.0 = Release|Any CPU
		{F622279C-F4AA-48A9-AC4A-D3B5D98E0AA3}.Debug|Any CPU.ActiveCfg = Debug|Any CPU
		{F622279C-F4AA-48A9-AC4A-D3B5D98E0AA3}.Debug|Any CPU.Build.0 = Debug|Any CPU
		{F622279C-F4AA-48A9-AC4A-D3B5D98E0AA3}.Release|Any CPU.ActiveCfg = Release|Any CPU
		{F622279C-F4AA-48A9-AC4A-D3B5D98E0AA3}.Release|Any CPU.Build.0 = Release|Any CPU
		{F0E4591D-E352-452E-B41C-5C3242A8CBE8}.Debug|Any CPU.ActiveCfg = Debug|Any CPU
		{F0E4591D-E352-452E-B41C-5C3242A8CBE8}.Debug|Any CPU.Build.0 = Debug|Any CPU
		{F0E4591D-E352-452E-B41C-5C3242A8CBE8}.Release|Any CPU.ActiveCfg = Release|Any CPU
		{F0E4591D-E352-452E-B41C-5C3242A8CBE8}.Release|Any CPU.Build.0 = Release|Any CPU
		{342E9B2D-ED28-4FB9-BD90-A5C19CCC86FB}.Debug|Any CPU.ActiveCfg = Debug|Any CPU
		{342E9B2D-ED28-4FB9-BD90-A5C19CCC86FB}.Debug|Any CPU.Build.0 = Debug|Any CPU
		{342E9B2D-ED28-4FB9-BD90-A5C19CCC86FB}.Release|Any CPU.ActiveCfg = Release|Any CPU
		{342E9B2D-ED28-4FB9-BD90-A5C19CCC86FB}.Release|Any CPU.Build.0 = Release|Any CPU
		{9085ACAF-0BD1-4030-ABA8-37B28D950FA8}.Debug|Any CPU.ActiveCfg = Debug|Any CPU
		{9085ACAF-0BD1-4030-ABA8-37B28D950FA8}.Debug|Any CPU.Build.0 = Debug|Any CPU
		{9085ACAF-0BD1-4030-ABA8-37B28D950FA8}.Release|Any CPU.ActiveCfg = Release|Any CPU
		{9085ACAF-0BD1-4030-ABA8-37B28D950FA8}.Release|Any CPU.Build.0 = Release|Any CPU
		{0F1C2E2F-FC8A-4E56-8DE0-CE944BEE7CE8}.Debug|Any CPU.ActiveCfg = Debug|Any CPU
		{0F1C2E2F-FC8A-4E56-8DE0-CE944BEE7CE8}.Debug|Any CPU.Build.0 = Debug|Any CPU
		{0F1C2E2F-FC8A-4E56-8DE0-CE944BEE7CE8}.Release|Any CPU.ActiveCfg = Release|Any CPU
		{0F1C2E2F-FC8A-4E56-8DE0-CE944BEE7CE8}.Release|Any CPU.Build.0 = Release|Any CPU
		{0315CD99-B119-49A9-ACD4-AFA46E32E495}.Debug|Any CPU.ActiveCfg = Debug|Any CPU
		{0315CD99-B119-49A9-ACD4-AFA46E32E495}.Debug|Any CPU.Build.0 = Debug|Any CPU
		{0315CD99-B119-49A9-ACD4-AFA46E32E495}.Release|Any CPU.ActiveCfg = Release|Any CPU
		{0315CD99-B119-49A9-ACD4-AFA46E32E495}.Release|Any CPU.Build.0 = Release|Any CPU
		{CE3478C1-8490-431A-AE6A-15432F5FD71A}.Debug|Any CPU.ActiveCfg = Debug|Any CPU
		{CE3478C1-8490-431A-AE6A-15432F5FD71A}.Debug|Any CPU.Build.0 = Debug|Any CPU
		{CE3478C1-8490-431A-AE6A-15432F5FD71A}.Release|Any CPU.ActiveCfg = Release|Any CPU
		{CE3478C1-8490-431A-AE6A-15432F5FD71A}.Release|Any CPU.Build.0 = Release|Any CPU
		{0A999717-C1CF-4D12-8DAC-6E4B103A982E}.Debug|Any CPU.ActiveCfg = Debug|Any CPU
		{0A999717-C1CF-4D12-8DAC-6E4B103A982E}.Debug|Any CPU.Build.0 = Debug|Any CPU
		{0A999717-C1CF-4D12-8DAC-6E4B103A982E}.Release|Any CPU.ActiveCfg = Release|Any CPU
		{0A999717-C1CF-4D12-8DAC-6E4B103A982E}.Release|Any CPU.Build.0 = Release|Any CPU
		{526A7F3F-BD3C-443B-86ED-B79EA646075C}.Debug|Any CPU.ActiveCfg = Debug|Any CPU
		{526A7F3F-BD3C-443B-86ED-B79EA646075C}.Debug|Any CPU.Build.0 = Debug|Any CPU
		{526A7F3F-BD3C-443B-86ED-B79EA646075C}.Release|Any CPU.ActiveCfg = Release|Any CPU
		{526A7F3F-BD3C-443B-86ED-B79EA646075C}.Release|Any CPU.Build.0 = Release|Any CPU
		{7373A32E-D488-491A-B39D-4F5BE3F77CCD}.Debug|Any CPU.ActiveCfg = Debug|Any CPU
		{7373A32E-D488-491A-B39D-4F5BE3F77CCD}.Debug|Any CPU.Build.0 = Debug|Any CPU
		{7373A32E-D488-491A-B39D-4F5BE3F77CCD}.Release|Any CPU.ActiveCfg = Release|Any CPU
		{7373A32E-D488-491A-B39D-4F5BE3F77CCD}.Release|Any CPU.Build.0 = Release|Any CPU
		{EC2611AE-0BF7-4147-8BD8-BC263EFB46E4}.Debug|Any CPU.ActiveCfg = Debug|Any CPU
		{EC2611AE-0BF7-4147-8BD8-BC263EFB46E4}.Debug|Any CPU.Build.0 = Debug|Any CPU
		{EC2611AE-0BF7-4147-8BD8-BC263EFB46E4}.Release|Any CPU.ActiveCfg = Release|Any CPU
		{EC2611AE-0BF7-4147-8BD8-BC263EFB46E4}.Release|Any CPU.Build.0 = Release|Any CPU
		{D9C25394-9B00-474D-9F4D-5C4B5AD2B4CA}.Debug|Any CPU.ActiveCfg = Debug|Any CPU
		{D9C25394-9B00-474D-9F4D-5C4B5AD2B4CA}.Debug|Any CPU.Build.0 = Debug|Any CPU
		{D9C25394-9B00-474D-9F4D-5C4B5AD2B4CA}.Release|Any CPU.ActiveCfg = Release|Any CPU
		{D9C25394-9B00-474D-9F4D-5C4B5AD2B4CA}.Release|Any CPU.Build.0 = Release|Any CPU
		{6261AD13-CB21-4C8E-8F5F-41B3E6461695}.Debug|Any CPU.ActiveCfg = Debug|Any CPU
		{6261AD13-CB21-4C8E-8F5F-41B3E6461695}.Debug|Any CPU.Build.0 = Debug|Any CPU
		{6261AD13-CB21-4C8E-8F5F-41B3E6461695}.Release|Any CPU.ActiveCfg = Release|Any CPU
		{6261AD13-CB21-4C8E-8F5F-41B3E6461695}.Release|Any CPU.Build.0 = Release|Any CPU
		{7BAAF4FD-8E99-4F36-B149-69C17351A1FF}.Debug|Any CPU.ActiveCfg = Debug|Any CPU
		{7BAAF4FD-8E99-4F36-B149-69C17351A1FF}.Debug|Any CPU.Build.0 = Debug|Any CPU
		{7BAAF4FD-8E99-4F36-B149-69C17351A1FF}.Release|Any CPU.ActiveCfg = Release|Any CPU
		{7BAAF4FD-8E99-4F36-B149-69C17351A1FF}.Release|Any CPU.Build.0 = Release|Any CPU
		{9169A704-05A0-40E0-938F-109BAF806C0B}.Debug|Any CPU.ActiveCfg = Debug|Any CPU
		{9169A704-05A0-40E0-938F-109BAF806C0B}.Debug|Any CPU.Build.0 = Debug|Any CPU
		{9169A704-05A0-40E0-938F-109BAF806C0B}.Release|Any CPU.ActiveCfg = Release|Any CPU
		{9169A704-05A0-40E0-938F-109BAF806C0B}.Release|Any CPU.Build.0 = Release|Any CPU
		{0BA82AC7-E5B4-433E-91FA-C22EF89B658B}.Debug|Any CPU.ActiveCfg = Debug|Any CPU
		{0BA82AC7-E5B4-433E-91FA-C22EF89B658B}.Debug|Any CPU.Build.0 = Debug|Any CPU
		{0BA82AC7-E5B4-433E-91FA-C22EF89B658B}.Release|Any CPU.ActiveCfg = Release|Any CPU
		{0BA82AC7-E5B4-433E-91FA-C22EF89B658B}.Release|Any CPU.Build.0 = Release|Any CPU
		{C532A1F6-20FE-4BA0-B702-C138F408CE92}.Debug|Any CPU.ActiveCfg = Debug|Any CPU
		{C532A1F6-20FE-4BA0-B702-C138F408CE92}.Debug|Any CPU.Build.0 = Debug|Any CPU
		{C532A1F6-20FE-4BA0-B702-C138F408CE92}.Release|Any CPU.ActiveCfg = Release|Any CPU
		{C532A1F6-20FE-4BA0-B702-C138F408CE92}.Release|Any CPU.Build.0 = Release|Any CPU
		{BF1884C7-3E84-4A60-8B75-BF3A446D3D99}.Debug|Any CPU.ActiveCfg = Debug|Any CPU
		{BF1884C7-3E84-4A60-8B75-BF3A446D3D99}.Debug|Any CPU.Build.0 = Debug|Any CPU
		{BF1884C7-3E84-4A60-8B75-BF3A446D3D99}.Release|Any CPU.ActiveCfg = Release|Any CPU
		{BF1884C7-3E84-4A60-8B75-BF3A446D3D99}.Release|Any CPU.Build.0 = Release|Any CPU
		{11908CCC-46F7-4758-9016-856EE6001CF9}.Debug|Any CPU.ActiveCfg = Debug|Any CPU
		{11908CCC-46F7-4758-9016-856EE6001CF9}.Debug|Any CPU.Build.0 = Debug|Any CPU
		{11908CCC-46F7-4758-9016-856EE6001CF9}.Release|Any CPU.ActiveCfg = Release|Any CPU
		{11908CCC-46F7-4758-9016-856EE6001CF9}.Release|Any CPU.Build.0 = Release|Any CPU
		{67501ABC-8A34-493E-AF30-B9D6B2BD05BA}.Debug|Any CPU.ActiveCfg = Debug|Any CPU
		{67501ABC-8A34-493E-AF30-B9D6B2BD05BA}.Debug|Any CPU.Build.0 = Debug|Any CPU
		{67501ABC-8A34-493E-AF30-B9D6B2BD05BA}.Release|Any CPU.ActiveCfg = Release|Any CPU
		{67501ABC-8A34-493E-AF30-B9D6B2BD05BA}.Release|Any CPU.Build.0 = Release|Any CPU
		{C90AF976-7C8B-4F22-A351-F99B4C61FA01}.Debug|Any CPU.ActiveCfg = Debug|Any CPU
		{C90AF976-7C8B-4F22-A351-F99B4C61FA01}.Debug|Any CPU.Build.0 = Debug|Any CPU
		{C90AF976-7C8B-4F22-A351-F99B4C61FA01}.Release|Any CPU.ActiveCfg = Release|Any CPU
		{C90AF976-7C8B-4F22-A351-F99B4C61FA01}.Release|Any CPU.Build.0 = Release|Any CPU
	EndGlobalSection
	GlobalSection(SolutionProperties) = preSolution
		HideSolutionNode = FALSE
	EndGlobalSection
	GlobalSection(NestedProjects) = preSolution
		{E8DB4ADD-B779-4C85-A646-9E8B1B450DA4} = {DA120073-C564-473C-B41E-C0722B77D7DF}
		{A5AB7D8D-D075-433D-9D2A-C2A19EB968AA} = {DA120073-C564-473C-B41E-C0722B77D7DF}
		{8E2ED767-908E-47F8-9112-09DE5BF22618} = {A5AB7D8D-D075-433D-9D2A-C2A19EB968AA}
		{FE7E8B2F-774A-4A84-8F77-AB8211668E3F} = {A5AB7D8D-D075-433D-9D2A-C2A19EB968AA}
		{1912F87F-F549-4123-965B-C177F2428558} = {A5AB7D8D-D075-433D-9D2A-C2A19EB968AA}
		{27A8E773-4342-455C-8690-F7792D49E8A4} = {A5AB7D8D-D075-433D-9D2A-C2A19EB968AA}
		{173A3824-3CC1-4C88-B11F-5DE0B9B0BBAB} = {E2B88D8D-FB17-451C-A091-67FE965A7ACA}
		{551E3C8D-DD84-4BCB-9106-75E38D42552A} = {E2B88D8D-FB17-451C-A091-67FE965A7ACA}
		{0A7D467A-E529-4FDA-997F-F37ABA82ED95} = {426FB425-1F4D-45EF-B399-AC81A0416E92}
		{4C00E9A5-4684-4FAE-9086-CB4A9FAD9B01} = {426FB425-1F4D-45EF-B399-AC81A0416E92}
		{8ECF9072-E3D9-4C62-A514-BC945F19756D} = {4CEA1A02-3602-4C9A-897A-4AEFD006AF18}
		{5336731D-BA13-44B4-AA51-8E93A2A80E87} = {4CEA1A02-3602-4C9A-897A-4AEFD006AF18}
		{347913C0-EE62-440B-BA0B-3F5EAE44AA5A} = {AFB47759-808A-4EBD-AC35-E5DD82971DEA}
		{ECFD0155-2E43-4E16-8E38-1C45F6966E30} = {AFB47759-808A-4EBD-AC35-E5DD82971DEA}
		{BA337737-6363-4F91-9990-B658DCC72B1F} = {39C5A8C2-EB44-4D59-8B66-AFA66CCC12DD}
		{E824218B-15A0-4524-B4E2-E7BB55087E12} = {39C5A8C2-EB44-4D59-8B66-AFA66CCC12DD}
		{7743CC4C-92CF-4F1C-A17C-8CE3538524E2} = {03A0C7B7-62E7-4C65-AA19-B4CC1FF22212}
		{839DA10B-3EE4-4847-A714-46264CC0E04E} = {03A0C7B7-62E7-4C65-AA19-B4CC1FF22212}
		{01CE2EAA-AF35-44EA-968B-D540325AF605} = {551E3C8D-DD84-4BCB-9106-75E38D42552A}
		{DDC949C3-ED13-47EC-BAA1-419D9B6CFC49} = {551E3C8D-DD84-4BCB-9106-75E38D42552A}
		{F81D8D5B-1AA2-478B-B5E6-8A23574DC0F0} = {551E3C8D-DD84-4BCB-9106-75E38D42552A}
		{E05B6ABE-46FD-4AEC-91C8-0268266C11C6} = {551E3C8D-DD84-4BCB-9106-75E38D42552A}
		{68549A10-8B36-48A6-A8C0-C1EC1A0B8408} = {551E3C8D-DD84-4BCB-9106-75E38D42552A}
		{42708998-E9BF-4E9F-9F26-32994736120E} = {551E3C8D-DD84-4BCB-9106-75E38D42552A}
		{620BCE02-B414-4A93-BA73-D80F56EA717B} = {551E3C8D-DD84-4BCB-9106-75E38D42552A}
		{F3333AC6-26C1-4031-8632-DC5DB7070D29} = {551E3C8D-DD84-4BCB-9106-75E38D42552A}
		{DD3D66B5-53C1-4462-99BC-E63DB5F121CD} = {4C00E9A5-4684-4FAE-9086-CB4A9FAD9B01}
		{62448B0C-900E-42DD-A80F-34E2062FF8F6} = {4C00E9A5-4684-4FAE-9086-CB4A9FAD9B01}
		{0134AE74-7994-4F73-B590-E300DA144B19} = {4C00E9A5-4684-4FAE-9086-CB4A9FAD9B01}
		{F0E670AA-0563-4B11-87AE-126F1B11888B} = {4C00E9A5-4684-4FAE-9086-CB4A9FAD9B01}
		{F30AAD25-721C-45F9-AD91-2A95DAE0C3B1} = {4C00E9A5-4684-4FAE-9086-CB4A9FAD9B01}
		{4FBA95AC-A334-4687-9867-3788FE442264} = {4C00E9A5-4684-4FAE-9086-CB4A9FAD9B01}
		{AAE36FCF-A6EC-4DB5-AF8C-F4287374640D} = {4C00E9A5-4684-4FAE-9086-CB4A9FAD9B01}
		{310420DB-BC14-4759-8323-4DF815EA3E1A} = {4C00E9A5-4684-4FAE-9086-CB4A9FAD9B01}
		{06C9FB59-4D34-419A-BF99-337E8CF7B34B} = {5336731D-BA13-44B4-AA51-8E93A2A80E87}
		{DD6346A3-823C-4F49-AAB6-9326338BA82E} = {5336731D-BA13-44B4-AA51-8E93A2A80E87}
		{49438214-1E4B-4EED-A830-B8ABB5593EAE} = {5336731D-BA13-44B4-AA51-8E93A2A80E87}
		{C79CAE0A-6B38-45C7-AC4F-ADD84A639C48} = {5336731D-BA13-44B4-AA51-8E93A2A80E87}
		{2565F1B9-04C4-49E4-83AB-7E0BC3932C9E} = {5336731D-BA13-44B4-AA51-8E93A2A80E87}
		{1C453447-9ACE-46AA-93AB-DE38317707EC} = {5336731D-BA13-44B4-AA51-8E93A2A80E87}
		{D50388E3-3C0D-49D4-A3CC-D3DFF03370B3} = {5336731D-BA13-44B4-AA51-8E93A2A80E87}
		{7736990F-FA87-4BB8-8C08-4B95C590AF8A} = {5336731D-BA13-44B4-AA51-8E93A2A80E87}
		{5C303E2F-5C43-4727-A303-0D4E5851CA24} = {5336731D-BA13-44B4-AA51-8E93A2A80E87}
		{F8B25B2C-3E59-474A-ACB3-DC9A626BE494} = {5336731D-BA13-44B4-AA51-8E93A2A80E87}
		{C30DD17C-8421-433B-84D3-F9DF78A7741B} = {ECFD0155-2E43-4E16-8E38-1C45F6966E30}
		{124DB055-C054-4A5E-AB26-019F372A8C9B} = {ECFD0155-2E43-4E16-8E38-1C45F6966E30}
		{BCFC6AF8-384F-428D-B692-5846866CAE23} = {ECFD0155-2E43-4E16-8E38-1C45F6966E30}
		{9481E03E-AE01-4619-ADDA-6EABC7EAB96F} = {ECFD0155-2E43-4E16-8E38-1C45F6966E30}
		{5F4ABDC6-7D84-46C9-9BDD-7894CE43DE45} = {ECFD0155-2E43-4E16-8E38-1C45F6966E30}
		{1BCE24D0-EFCA-4989-BF78-26793D154CD5} = {ECFD0155-2E43-4E16-8E38-1C45F6966E30}
		{55AAFF23-BFB9-4BF1-A0A4-6390EABC904C} = {ECFD0155-2E43-4E16-8E38-1C45F6966E30}
		{78C042C8-2965-4F26-9500-047FF664EE2D} = {ECFD0155-2E43-4E16-8E38-1C45F6966E30}
		{18D40DAD-8B5A-43A6-8F1B-18D9393F4688} = {ECFD0155-2E43-4E16-8E38-1C45F6966E30}
		{C4F4E142-CD68-41E6-AE68-2F07D8F5F63E} = {ECFD0155-2E43-4E16-8E38-1C45F6966E30}
		{E3EABC03-DD7C-4A57-9020-AACB63D56B43} = {ECFD0155-2E43-4E16-8E38-1C45F6966E30}
		{D0BE3167-08EB-48F0-8B2B-199408BD714A} = {E824218B-15A0-4524-B4E2-E7BB55087E12}
		{BEDF69C1-8D79-4445-8850-7FD212E7E2A1} = {E824218B-15A0-4524-B4E2-E7BB55087E12}
		{F622279C-F4AA-48A9-AC4A-D3B5D98E0AA3} = {E824218B-15A0-4524-B4E2-E7BB55087E12}
		{F0E4591D-E352-452E-B41C-5C3242A8CBE8} = {E824218B-15A0-4524-B4E2-E7BB55087E12}
		{342E9B2D-ED28-4FB9-BD90-A5C19CCC86FB} = {E824218B-15A0-4524-B4E2-E7BB55087E12}
		{9085ACAF-0BD1-4030-ABA8-37B28D950FA8} = {E824218B-15A0-4524-B4E2-E7BB55087E12}
		{0F1C2E2F-FC8A-4E56-8DE0-CE944BEE7CE8} = {E824218B-15A0-4524-B4E2-E7BB55087E12}
		{0315CD99-B119-49A9-ACD4-AFA46E32E495} = {E824218B-15A0-4524-B4E2-E7BB55087E12}
		{CE3478C1-8490-431A-AE6A-15432F5FD71A} = {E824218B-15A0-4524-B4E2-E7BB55087E12}
		{0A999717-C1CF-4D12-8DAC-6E4B103A982E} = {E824218B-15A0-4524-B4E2-E7BB55087E12}
		{526A7F3F-BD3C-443B-86ED-B79EA646075C} = {839DA10B-3EE4-4847-A714-46264CC0E04E}
		{7373A32E-D488-491A-B39D-4F5BE3F77CCD} = {839DA10B-3EE4-4847-A714-46264CC0E04E}
		{EC2611AE-0BF7-4147-8BD8-BC263EFB46E4} = {839DA10B-3EE4-4847-A714-46264CC0E04E}
		{D9C25394-9B00-474D-9F4D-5C4B5AD2B4CA} = {839DA10B-3EE4-4847-A714-46264CC0E04E}
		{6261AD13-CB21-4C8E-8F5F-41B3E6461695} = {839DA10B-3EE4-4847-A714-46264CC0E04E}
		{7BAAF4FD-8E99-4F36-B149-69C17351A1FF} = {839DA10B-3EE4-4847-A714-46264CC0E04E}
		{9169A704-05A0-40E0-938F-109BAF806C0B} = {839DA10B-3EE4-4847-A714-46264CC0E04E}
		{0BA82AC7-E5B4-433E-91FA-C22EF89B658B} = {E8DB4ADD-B779-4C85-A646-9E8B1B450DA4}
		{C532A1F6-20FE-4BA0-B702-C138F408CE92} = {173A3824-3CC1-4C88-B11F-5DE0B9B0BBAB}
		{BF1884C7-3E84-4A60-8B75-BF3A446D3D99} = {347913C0-EE62-440B-BA0B-3F5EAE44AA5A}
		{11908CCC-46F7-4758-9016-856EE6001CF9} = {BA337737-6363-4F91-9990-B658DCC72B1F}
		{67501ABC-8A34-493E-AF30-B9D6B2BD05BA} = {0A7D467A-E529-4FDA-997F-F37ABA82ED95}
		{C90AF976-7C8B-4F22-A351-F99B4C61FA01} = {8ECF9072-E3D9-4C62-A514-BC945F19756D}
	EndGlobalSection
	GlobalSection(ExtensibilityGlobals) = postSolution
		SolutionGuid = {53C01488-20B1-4A1B-8F42-043B2AFFE3BF}
	EndGlobalSection
EndGlobal
